cd tests && go test -run '' -count=1 -v -timeout 600m
=== RUN   TestRunDefaultExample
=== PAUSE TestRunDefaultExample
=== RUN   TestRunUpgradeExample
=== PAUSE TestRunUpgradeExample
=== RUN   TestPrivateInSchematics
=== PAUSE TestPrivateInSchematics
=== RUN   TestRunSolutionsFullyConfigurableSchematics
=== PAUSE TestRunSolutionsFullyConfigurableSchematics
=== RUN   TestRunSolutionsFullyConfigurableUpgradeSchematics
=== PAUSE TestRunSolutionsFullyConfigurableUpgradeSchematics
=== CONT  TestRunDefaultExample
=== CONT  TestRunSolutionsFullyConfigurableSchematics
=== CONT  TestRunSolutionsFullyConfigurableUpgradeSchematics
=== CONT  TestPrivateInSchematics
=== CONT  TestRunUpgradeExample
2025/06/11 15:25:53 Region br-sao VPC count: 3
2025/06/11 15:25:53 --- new best region is br-sao
2025/06/11 15:25:54 Region br-sao VPC count: 3
2025/06/11 15:25:54 --- new best region is br-sao
2025/06/11 15:25:54 Region br-sao VPC count: 3
2025/06/11 15:25:54 --- new best region is br-sao
2025/06/11 15:25:55 Region ca-tor VPC count: 4
2025/06/11 15:25:56 Region ca-tor VPC count: 4
2025/06/11 15:25:56 Region au-syd VPC count: 7
2025/06/11 15:25:56 --- new best region is au-syd
2025/06/11 15:25:57 Region au-syd VPC count: 7
2025/06/11 15:25:57 --- new best region is au-syd
2025/06/11 15:25:57 Region ca-tor VPC count: 4
2025/06/11 15:25:58 Region ca-tor VPC count: 4
2025/06/11 15:25:58 --- new best region is ca-tor
2025/06/11 15:25:59 Region ca-tor VPC count: 4
2025/06/11 15:25:59 --- new best region is ca-tor
2025/06/11 15:25:59 Region au-syd VPC count: 7
2025/06/11 15:26:00 Region au-syd VPC count: 7
2025/06/11 15:26:00 Region br-sao VPC count: 3
2025/06/11 15:26:00 --- new best region is br-sao
2025/06/11 15:26:00 Region au-syd VPC count: 7
2025/06/11 15:26:01 Region br-sao VPC count: 3
2025/06/11 15:26:01 --- new best region is br-sao
2025/06/11 15:26:01 Region eu-de VPC count: 7
2025/06/11 15:26:02 Region eu-de VPC count: 7
2025/06/11 15:26:03 Region eu-de VPC count: 7
2025/06/11 15:26:03 Region eu-de VPC count: 7
2025/06/11 15:26:03 Region eu-de VPC count: 7
2025/06/11 15:26:04 Region eu-gb VPC count: 5
2025/06/11 15:26:06 Region eu-gb VPC count: 5
2025/06/11 15:26:06 Region eu-es VPC count: 5
2025/06/11 15:26:06 Region eu-gb VPC count: 5
2025/06/11 15:26:06 Region eu-es VPC count: 5
2025/06/11 15:26:07 Region jp-osa VPC count: 3
2025/06/11 15:26:09 Region eu-gb VPC count: 5
2025/06/11 15:26:09 Region eu-gb VPC count: 5
2025/06/11 15:26:09 Region jp-osa VPC count: 3
2025/06/11 15:26:10 Region jp-osa VPC count: 3
2025/06/11 15:26:10 Region jp-tok VPC count: 4
2025/06/11 15:26:10 Best region was found!: br-sao
=== NAME  TestPrivateInSchematics
    tests.go:329: [SCHEMATICS] Random Workspace region chosen: eu
    schematics.go:136: [SCHEMATICS] Schematics API for region eu: https://eu.schematics.cloud.ibm.com
2025/06/11 15:26:11 Region us-east VPC count: 23
    tests.go:100: [SCHEMATICS] Creating Test Workspace
2025/06/11 15:26:12 Region jp-tok VPC count: 4
2025/06/11 15:26:12 Best region was found!: br-sao
TestRunUpgradeExample 2025-06-11T15:26:12+05:30 tests.go:341: PR Branch: issue-13958
2025/06/11 15:26:13 Region jp-tok VPC count: 4
2025/06/11 15:26:13 Best region was found!: br-sao
TestRunDefaultExample 2025-06-11T15:26:13+05:30 tests.go:75: TEMP CREATED:  /var/folders/_b/0hby4j6x32l97kzlgrdw27140000gn/T/terraform-sm-private-cert-xaa7kp1428381156
TestRunDefaultExample 2025-06-11T15:26:13+05:30 tests.go:582: START: Init / Apply / Consistency Check
TestRunDefaultExample 2025-06-11T15:26:13+05:30 tests.go:661: START: Init / Apply
TestRunDefaultExample 2025-06-11T15:26:13+05:30 retry.go:91: terraform [init -upgrade=true]
TestRunDefaultExample 2025-06-11T15:26:13+05:30 logger.go:67: Running command terraform with args [init -upgrade=true]
TestRunDefaultExample 2025-06-11T15:26:13+05:30 logger.go:67: [0m[1mInitializing the backend...[0m
TestRunDefaultExample 2025-06-11T15:26:13+05:30 logger.go:67: [0m[1mUpgrading modules...[0m
2025/06/11 15:26:13 Region us-east VPC count: 23
TestRunDefaultExample 2025-06-11T15:26:13+05:30 logger.go:67: Downloading registry.terraform.io/terraform-ibm-modules/secrets-manager-private-cert-engine/ibm 1.5.2 for private_secret_engine...
TestRunUpgradeExample 2025-06-11T15:26:13+05:30 tests.go:349: Base Repo: https://github.com/terraform-ibm-modules/terraform-ibm-secrets-manager-private-cert.git
TestRunUpgradeExample 2025-06-11T15:26:13+05:30 tests.go:350: Base Branch: main
TestRunUpgradeExample 2025-06-11T15:26:13+05:30 git.go:409: Remote name: upstream-llmpry
TestRunUpgradeExample 2025-06-11T15:26:14+05:30 git.go:424: Fetch output:
 []
Commit Messages (main): 
TestRunUpgradeExample 2025-06-11T15:26:14+05:30 tests.go:382: Temporarily disabling UseTerraformWorkspace in Upgrade Test as temporary directories are used instead of workspaces
TestRunUpgradeExample 2025-06-11T15:26:14+05:30 tests.go:403: TEMP PR DIR CREATED:  /var/folders/_b/0hby4j6x32l97kzlgrdw27140000gn/T/terraform-pr-sm-private-cert-upg-xaa7kp4213799810
TestRunUpgradeExample 2025-06-11T15:26:14+05:30 tests.go:415: TEMP UPGRADE BASE DIR CREATED:  /var/folders/_b/0hby4j6x32l97kzlgrdw27140000gn/T/terraform-base-sm-private-cert-upg-xaa7kp1049727754
TestRunUpgradeExample 2025-06-11T15:26:14+05:30 tests.go:438: Copied current code to PR branch dir: /var/folders/_b/0hby4j6x32l97kzlgrdw27140000gn/T/terraform-pr-sm-private-cert-upg-xaa7kp4213799810
2025/06/11 15:26:15 Region us-south VPC count: 27
    tests.go:106: [SCHEMATICS] Workspace Created: sm-prv-crt-private-xaa7kp (eu-de.workspace.sm-prv-crt-private-xaa7kp.75a259a8)
    schematics.go:233: [SCHEMATICS] Creating TAR file
    schematics.go:239: [SCHEMATICS] Uploading TAR file
2025/06/11 15:26:16 Region us-south VPC count: 27
TestRunUpgradeExample 2025-06-11T15:26:16+05:30 git.go:500: Cloned base repo and branch with authentication
TestRunUpgradeExample 2025-06-11T15:26:16+05:30 tests.go:473: Init / Apply on Base repo: https://github.com/terraform-ibm-modules/terraform-ibm-secrets-manager-private-cert.git
TestRunUpgradeExample 2025-06-11T15:26:16+05:30 tests.go:474: Init / Apply on Base branch: main
TestRunUpgradeExample 2025-06-11T15:26:16+05:30 tests.go:475: Init / Apply on Base branch dir: /var/folders/_b/0hby4j6x32l97kzlgrdw27140000gn/T/terraform-base-sm-private-cert-upg-xaa7kp1049727754/examples/default
TestRunUpgradeExample 2025-06-11T15:26:16+05:30 retry.go:91: terraform [init -upgrade=true]
TestRunUpgradeExample 2025-06-11T15:26:16+05:30 logger.go:67: Running command terraform with args [init -upgrade=true]
TestRunUpgradeExample 2025-06-11T15:26:16+05:30 logger.go:67: [0m[1mInitializing the backend...[0m
TestRunUpgradeExample 2025-06-11T15:26:16+05:30 logger.go:67: [0m[1mUpgrading modules...[0m
TestRunUpgradeExample 2025-06-11T15:26:16+05:30 logger.go:67: Downloading registry.terraform.io/terraform-ibm-modules/secrets-manager-private-cert-engine/ibm 1.5.2 for private_secret_engine...
TestRunDefaultExample 2025-06-11T15:26:17+05:30 logger.go:67: - private_secret_engine in .terraform/modules/private_secret_engine
TestRunDefaultExample 2025-06-11T15:26:17+05:30 logger.go:67: Downloading registry.terraform.io/terraform-ibm-modules/resource-group/ibm 1.2.0 for resource_group...
2025/06/11 15:26:18 Region jp-osa VPC count: 3
2025/06/11 15:26:19 Region jp-osa VPC count: 3
TestRunUpgradeExample 2025-06-11T15:26:20+05:30 logger.go:67: - private_secret_engine in .terraform/modules/private_secret_engine
TestRunUpgradeExample 2025-06-11T15:26:20+05:30 logger.go:67: Downloading registry.terraform.io/terraform-ibm-modules/resource-group/ibm 1.2.0 for resource_group...
2025/06/11 15:26:21 Region jp-tok VPC count: 4
2025/06/11 15:26:21 Best region was found!: br-sao
TestRunDefaultExample 2025-06-11T15:26:21+05:30 logger.go:67: - resource_group in .terraform/modules/resource_group
TestRunDefaultExample 2025-06-11T15:26:21+05:30 logger.go:67: Downloading registry.terraform.io/terraform-ibm-modules/secrets-manager/ibm 2.3.1 for secrets_manager...
=== NAME  TestRunSolutionsFullyConfigurableUpgradeSchematics
    tests.go:329: [SCHEMATICS] Random Workspace region chosen: us
    schematics.go:136: [SCHEMATICS] Schematics API for region us: https://us.schematics.cloud.ibm.com
2025/06/11 15:26:22 Region jp-tok VPC count: 4
2025/06/11 15:26:22 Best region was found!: br-sao
=== NAME  TestRunSolutionsFullyConfigurableSchematics
    tests.go:329: [SCHEMATICS] Random Workspace region chosen: eu
    schematics.go:136: [SCHEMATICS] Schematics API for region eu: https://eu.schematics.cloud.ibm.com
TestRunSolutionsFullyConfigurableUpgradeSchematics 2025-06-11T15:26:22+05:30 git.go:409: Remote name: upstream-lcpjd1
    tests.go:100: [SCHEMATICS] Creating Test Workspace
TestRunSolutionsFullyConfigurableUpgradeSchematics 2025-06-11T15:26:23+05:30 git.go:424: Fetch output:
 []
Commit Messages (main): 
=== NAME  TestRunSolutionsFullyConfigurableUpgradeSchematics
    tests.go:100: [SCHEMATICS] Creating Test Workspace
TestRunUpgradeExample 2025-06-11T15:26:24+05:30 logger.go:67: - resource_group in .terraform/modules/resource_group
TestRunUpgradeExample 2025-06-11T15:26:24+05:30 logger.go:67: Downloading registry.terraform.io/terraform-ibm-modules/secrets-manager/ibm 2.5.0 for secrets_manager...
TestRunDefaultExample 2025-06-11T15:26:25+05:30 logger.go:67: - secrets_manager in .terraform/modules/secrets_manager
TestRunDefaultExample 2025-06-11T15:26:25+05:30 logger.go:67: Downloading registry.terraform.io/terraform-ibm-modules/cbr/ibm 1.31.0 for secrets_manager.cbr_rule...
TestRunUpgradeExample 2025-06-11T15:26:28+05:30 logger.go:67: - secrets_manager in .terraform/modules/secrets_manager
TestRunUpgradeExample 2025-06-11T15:26:28+05:30 logger.go:67: Downloading registry.terraform.io/terraform-ibm-modules/cbr/ibm 1.31.0 for secrets_manager.cbr_rule...
=== NAME  TestRunSolutionsFullyConfigurableSchematics
    tests.go:106: [SCHEMATICS] Workspace Created: sm-pc-xaa7kp (eu-gb.workspace.sm-pc-xaa7kp.fb48b0e5)
    schematics.go:233: [SCHEMATICS] Creating TAR file
    schematics.go:239: [SCHEMATICS] Uploading TAR file
=== NAME  TestRunSolutionsFullyConfigurableUpgradeSchematics
    tests.go:106: [SCHEMATICS] Workspace Created: sm-pc-up-qlzjkn (us-east.workspace.sm-pc-up-qlzjkn.8ec9af05)
    tests.go:114: [SCHEMATICS] Switching to target (main) code for UPGRADE TEST
    tests.go:528: [SCHEMATICS] TEMP UPGRADE BASE DIR CREATED:  /var/folders/_b/0hby4j6x32l97kzlgrdw27140000gn/T/terraform-base-sm-pc-up-qlzjkn951154345
TestRunDefaultExample 2025-06-11T15:26:29+05:30 logger.go:67: - secrets_manager.cbr_rule in .terraform/modules/secrets_manager.cbr_rule/modules/cbr-rule-module
TestRunDefaultExample 2025-06-11T15:26:29+05:30 logger.go:67: Downloading registry.terraform.io/terraform-ibm-modules/common-utilities/ibm 1.1.0 for secrets_manager.kms_key_crn_parser...
TestRunSolutionsFullyConfigurableUpgradeSchematics 2025-06-11T15:26:30+05:30 git.go:500: Cloned base repo and branch with authentication
    schematics.go:233: [SCHEMATICS] Creating TAR file
    schematics.go:239: [SCHEMATICS] Uploading TAR file
TestRunUpgradeExample 2025-06-11T15:26:32+05:30 logger.go:67: - secrets_manager.cbr_rule in .terraform/modules/secrets_manager.cbr_rule/modules/cbr-rule-module
TestRunUpgradeExample 2025-06-11T15:26:32+05:30 logger.go:67: Downloading registry.terraform.io/terraform-ibm-modules/common-utilities/ibm 1.1.0 for secrets_manager.kms_key_crn_parser...
TestRunDefaultExample 2025-06-11T15:26:33+05:30 logger.go:67: - secrets_manager.kms_key_crn_parser in .terraform/modules/secrets_manager.kms_key_crn_parser/modules/crn-parser
TestRunDefaultExample 2025-06-11T15:26:33+05:30 logger.go:67: - secrets_manager.secrets in .terraform/modules/secrets_manager/modules/secrets
TestRunDefaultExample 2025-06-11T15:26:33+05:30 logger.go:67: Downloading registry.terraform.io/terraform-ibm-modules/secrets-manager-secret-group/ibm 1.3.6 for secrets_manager.secrets.secret_groups...
TestRunUpgradeExample 2025-06-11T15:26:36+05:30 logger.go:67: - secrets_manager.kms_key_crn_parser in .terraform/modules/secrets_manager.kms_key_crn_parser/modules/crn-parser
TestRunUpgradeExample 2025-06-11T15:26:36+05:30 logger.go:67: - secrets_manager.secrets in .terraform/modules/secrets_manager/modules/secrets
TestRunUpgradeExample 2025-06-11T15:26:36+05:30 logger.go:67: Downloading registry.terraform.io/terraform-ibm-modules/secrets-manager-secret-group/ibm 1.3.7 for secrets_manager.secrets.secret_groups...
TestRunDefaultExample 2025-06-11T15:26:37+05:30 logger.go:67: - secrets_manager.secrets.secret_groups in .terraform/modules/secrets_manager.secrets.secret_groups
TestRunDefaultExample 2025-06-11T15:26:37+05:30 logger.go:67: Downloading registry.terraform.io/terraform-ibm-modules/iam-access-group/ibm 1.5.4 for secrets_manager.secrets.secret_groups.iam_access_groups...
TestRunUpgradeExample 2025-06-11T15:26:40+05:30 logger.go:67: - secrets_manager.secrets.secret_groups in .terraform/modules/secrets_manager.secrets.secret_groups
TestRunUpgradeExample 2025-06-11T15:26:40+05:30 logger.go:67: Downloading registry.terraform.io/terraform-ibm-modules/iam-access-group/ibm 1.5.5 for secrets_manager.secrets.secret_groups.iam_access_groups...
TestRunDefaultExample 2025-06-11T15:26:41+05:30 logger.go:67: - secrets_manager.secrets.secret_groups.iam_access_groups in .terraform/modules/secrets_manager.secrets.secret_groups.iam_access_groups
TestRunDefaultExample 2025-06-11T15:26:41+05:30 logger.go:67: Downloading registry.terraform.io/terraform-ibm-modules/secrets-manager-secret/ibm 1.7.0 for secrets_manager.secrets.secrets...
TestRunUpgradeExample 2025-06-11T15:26:44+05:30 logger.go:67: - secrets_manager.secrets.secret_groups.iam_access_groups in .terraform/modules/secrets_manager.secrets.secret_groups.iam_access_groups
TestRunUpgradeExample 2025-06-11T15:26:44+05:30 logger.go:67: Downloading registry.terraform.io/terraform-ibm-modules/secrets-manager-secret/ibm 1.7.0 for secrets_manager.secrets.secrets...
TestRunDefaultExample 2025-06-11T15:26:45+05:30 logger.go:67: - secrets_manager.secrets.secrets in .terraform/modules/secrets_manager.secrets.secrets
TestRunDefaultExample 2025-06-11T15:26:45+05:30 logger.go:67: - secrets_manager_private_certificate in ../..
TestRunDefaultExample 2025-06-11T15:26:45+05:30 logger.go:67: [0m[1mInitializing provider plugins...[0m
TestRunDefaultExample 2025-06-11T15:26:45+05:30 logger.go:67: - Finding hashicorp/time versions matching ">= 0.9.1, < 1.0.0"...
TestRunDefaultExample 2025-06-11T15:26:45+05:30 logger.go:67: - Finding ibm-cloud/ibm versions matching ">= 1.49.0, >= 1.51.0, >= 1.62.0, >= 1.70.0, >= 1.76.0, 1.76.0, < 2.0.0"...
TestRunDefaultExample 2025-06-11T15:26:46+05:30 logger.go:67: - Installing hashicorp/time v0.13.1...
TestRunDefaultExample 2025-06-11T15:26:46+05:30 logger.go:67: - Installed hashicorp/time v0.13.1 (signed by HashiCorp)
TestRunUpgradeExample 2025-06-11T15:26:48+05:30 logger.go:67: - secrets_manager.secrets.secrets in .terraform/modules/secrets_manager.secrets.secrets
TestRunUpgradeExample 2025-06-11T15:26:48+05:30 logger.go:67: - secrets_manager_private_certificate in ../..
TestRunUpgradeExample 2025-06-11T15:26:48+05:30 logger.go:67: [0m[1mInitializing provider plugins...[0m
TestRunUpgradeExample 2025-06-11T15:26:48+05:30 logger.go:67: - Finding hashicorp/time versions matching ">= 0.9.1, < 1.0.0"...
TestRunUpgradeExample 2025-06-11T15:26:48+05:30 logger.go:67: - Finding ibm-cloud/ibm versions matching ">= 1.49.0, >= 1.51.0, >= 1.62.0, >= 1.70.0, >= 1.76.0, 1.76.0, < 2.0.0"...
TestRunUpgradeExample 2025-06-11T15:26:48+05:30 logger.go:67: - Installing hashicorp/time v0.13.1...
TestRunDefaultExample 2025-06-11T15:26:49+05:30 logger.go:67: - Installing ibm-cloud/ibm v1.76.0...
TestRunUpgradeExample 2025-06-11T15:26:49+05:30 logger.go:67: - Installed hashicorp/time v0.13.1 (signed by HashiCorp)
TestRunUpgradeExample 2025-06-11T15:26:51+05:30 logger.go:67: - Installing ibm-cloud/ibm v1.76.0...
TestRunDefaultExample 2025-06-11T15:26:53+05:30 logger.go:67: - Installed ibm-cloud/ibm v1.76.0 (self-signed, key ID [0m[1mAAD3B791C49CC253[0m[0m)
TestRunDefaultExample 2025-06-11T15:26:53+05:30 logger.go:67: Partner and community providers are signed by their developers.
TestRunDefaultExample 2025-06-11T15:26:53+05:30 logger.go:67: If you'd like to know more about provider signing, you can read about it here:
TestRunDefaultExample 2025-06-11T15:26:53+05:30 logger.go:67: https://developer.hashicorp.com/terraform/cli/plugins/signing
TestRunDefaultExample 2025-06-11T15:26:53+05:30 logger.go:67: Terraform has created a lock file [1m.terraform.lock.hcl[0m to record the provider
TestRunDefaultExample 2025-06-11T15:26:53+05:30 logger.go:67: selections it made above. Include this file in your version control repository
TestRunDefaultExample 2025-06-11T15:26:53+05:30 logger.go:67: so that Terraform can guarantee to make the same selections by default when
TestRunDefaultExample 2025-06-11T15:26:53+05:30 logger.go:67: you run "terraform init" in the future.[0m
TestRunDefaultExample 2025-06-11T15:26:53+05:30 logger.go:67: 
TestRunDefaultExample 2025-06-11T15:26:53+05:30 logger.go:67: [0m[1m[32mTerraform has been successfully initialized![0m[32m[0m
TestRunDefaultExample 2025-06-11T15:26:53+05:30 logger.go:67: [0m[32m
TestRunDefaultExample 2025-06-11T15:26:53+05:30 logger.go:67: You may now begin working with Terraform. Try running "terraform plan" to see
TestRunDefaultExample 2025-06-11T15:26:53+05:30 logger.go:67: any changes that are required for your infrastructure. All Terraform commands
TestRunDefaultExample 2025-06-11T15:26:53+05:30 logger.go:67: should now work.
TestRunDefaultExample 2025-06-11T15:26:53+05:30 logger.go:67: 
TestRunDefaultExample 2025-06-11T15:26:53+05:30 logger.go:67: If you ever set or change modules or backend configuration for Terraform,
TestRunDefaultExample 2025-06-11T15:26:53+05:30 logger.go:67: rerun this command to reinitialize your working directory. If you forget, other
TestRunDefaultExample 2025-06-11T15:26:53+05:30 logger.go:67: commands will detect it and remind you to do so if necessary.[0m
TestRunDefaultExample 2025-06-11T15:26:53+05:30 retry.go:91: terraform [apply -input=false -auto-approve -var existing_sm_instance_guid=79c6d411-c18f-4670-b009-b0044a238667 -var existing_sm_instance_region=us-south -var certificate_template_name=geretain-cert-template -var prefix=sm-private-cert-xaa7kp -var region=br-sao -var resource_group=geretain-test-resources -var resource_tags=[] -lock=false]
TestRunDefaultExample 2025-06-11T15:26:53+05:30 logger.go:67: Running command terraform with args [apply -input=false -auto-approve -var existing_sm_instance_guid=79c6d411-c18f-4670-b009-b0044a238667 -var existing_sm_instance_region=us-south -var certificate_template_name=geretain-cert-template -var prefix=sm-private-cert-xaa7kp -var region=br-sao -var resource_group=geretain-test-resources -var resource_tags=[] -lock=false]
TestRunUpgradeExample 2025-06-11T15:26:57+05:30 logger.go:67: - Installed ibm-cloud/ibm v1.76.0 (self-signed, key ID [0m[1mAAD3B791C49CC253[0m[0m)
TestRunUpgradeExample 2025-06-11T15:26:57+05:30 logger.go:67: Partner and community providers are signed by their developers.
TestRunUpgradeExample 2025-06-11T15:26:57+05:30 logger.go:67: If you'd like to know more about provider signing, you can read about it here:
TestRunUpgradeExample 2025-06-11T15:26:57+05:30 logger.go:67: https://developer.hashicorp.com/terraform/cli/plugins/signing
TestRunUpgradeExample 2025-06-11T15:26:57+05:30 logger.go:67: Terraform has created a lock file [1m.terraform.lock.hcl[0m to record the provider
TestRunUpgradeExample 2025-06-11T15:26:57+05:30 logger.go:67: selections it made above. Include this file in your version control repository
TestRunUpgradeExample 2025-06-11T15:26:57+05:30 logger.go:67: so that Terraform can guarantee to make the same selections by default when
TestRunUpgradeExample 2025-06-11T15:26:57+05:30 logger.go:67: you run "terraform init" in the future.[0m
TestRunUpgradeExample 2025-06-11T15:26:57+05:30 logger.go:67: 
TestRunUpgradeExample 2025-06-11T15:26:57+05:30 logger.go:67: [0m[1m[32mTerraform has been successfully initialized![0m[32m[0m
TestRunUpgradeExample 2025-06-11T15:26:57+05:30 logger.go:67: [0m[32m
TestRunUpgradeExample 2025-06-11T15:26:57+05:30 logger.go:67: You may now begin working with Terraform. Try running "terraform plan" to see
TestRunUpgradeExample 2025-06-11T15:26:57+05:30 logger.go:67: any changes that are required for your infrastructure. All Terraform commands
TestRunUpgradeExample 2025-06-11T15:26:57+05:30 logger.go:67: should now work.
TestRunUpgradeExample 2025-06-11T15:26:57+05:30 logger.go:67: 
TestRunUpgradeExample 2025-06-11T15:26:57+05:30 logger.go:67: If you ever set or change modules or backend configuration for Terraform,
TestRunUpgradeExample 2025-06-11T15:26:57+05:30 logger.go:67: rerun this command to reinitialize your working directory. If you forget, other
TestRunUpgradeExample 2025-06-11T15:26:57+05:30 logger.go:67: commands will detect it and remind you to do so if necessary.[0m
TestRunUpgradeExample 2025-06-11T15:26:57+05:30 retry.go:91: terraform [apply -input=false -auto-approve -var resource_group=geretain-test-resources -var resource_tags=[] -var certificate_template_name=geretain-cert-template -var existing_sm_instance_guid=79c6d411-c18f-4670-b009-b0044a238667 -var existing_sm_instance_region=us-south -var prefix=sm-private-cert-upg-xaa7kp -var region=br-sao -lock=false]
TestRunUpgradeExample 2025-06-11T15:26:57+05:30 logger.go:67: Running command terraform with args [apply -input=false -auto-approve -var resource_group=geretain-test-resources -var resource_tags=[] -var certificate_template_name=geretain-cert-template -var existing_sm_instance_guid=79c6d411-c18f-4670-b009-b0044a238667 -var existing_sm_instance_region=us-south -var prefix=sm-private-cert-upg-xaa7kp -var region=br-sao -lock=false]
TestRunDefaultExample 2025-06-11T15:26:58+05:30 logger.go:67: [0m[1mmodule.resource_group.data.ibm_resource_group.existing_resource_group[0]: Reading...[0m[0m
TestRunDefaultExample 2025-06-11T15:26:59+05:30 logger.go:67: [0m[1mmodule.resource_group.data.ibm_resource_group.existing_resource_group[0]: Read complete after 1s [id=292170bc79c94f5e9019e46fb48f245a][0m
TestRunDefaultExample 2025-06-11T15:26:59+05:30 logger.go:67: 
TestRunDefaultExample 2025-06-11T15:26:59+05:30 logger.go:67: Terraform used the selected providers to generate the following execution
TestRunDefaultExample 2025-06-11T15:26:59+05:30 logger.go:67: plan. Resource actions are indicated with the following symbols:
TestRunDefaultExample 2025-06-11T15:26:59+05:30 logger.go:67:   [32m+[0m create[0m
TestRunDefaultExample 2025-06-11T15:26:59+05:30 logger.go:67:  [36m<=[0m read (data resources)[0m
TestRunDefaultExample 2025-06-11T15:26:59+05:30 logger.go:67: 
TestRunDefaultExample 2025-06-11T15:26:59+05:30 logger.go:67: Terraform will perform the following actions:
TestRunDefaultExample 2025-06-11T15:26:59+05:30 logger.go:67: 
TestRunDefaultExample 2025-06-11T15:26:59+05:30 logger.go:67: [1m  # ibm_sm_secret_group.secret_group[0m will be created
TestRunDefaultExample 2025-06-11T15:26:59+05:30 logger.go:67: [0m  [32m+[0m[0m resource "ibm_sm_secret_group" "secret_group" {
TestRunDefaultExample 2025-06-11T15:26:59+05:30 logger.go:67:       [32m+[0m[0m created_at      = (known after apply)
TestRunDefaultExample 2025-06-11T15:26:59+05:30 logger.go:67:       [32m+[0m[0m description     = "secret group used for private certificates"
TestRunDefaultExample 2025-06-11T15:26:59+05:30 logger.go:67:       [32m+[0m[0m id              = (known after apply)
TestRunDefaultExample 2025-06-11T15:26:59+05:30 logger.go:67:       [32m+[0m[0m instance_id     = "79c6d411-c18f-4670-b009-b0044a238667"
TestRunDefaultExample 2025-06-11T15:26:59+05:30 logger.go:67:       [32m+[0m[0m name            = "sm-private-cert-xaa7kp-certificates-secret-group"
TestRunDefaultExample 2025-06-11T15:26:59+05:30 logger.go:67:       [32m+[0m[0m region          = "us-south"
TestRunDefaultExample 2025-06-11T15:26:59+05:30 logger.go:67:       [32m+[0m[0m secret_group_id = (known after apply)
TestRunDefaultExample 2025-06-11T15:26:59+05:30 logger.go:67:       [32m+[0m[0m updated_at      = (known after apply)
TestRunDefaultExample 2025-06-11T15:26:59+05:30 logger.go:67:     }
TestRunDefaultExample 2025-06-11T15:26:59+05:30 logger.go:67: 
TestRunDefaultExample 2025-06-11T15:26:59+05:30 logger.go:67: [1m  # module.secrets_manager.ibm_iam_authorization_policy.iam_groups_policy[0][0m will be created
TestRunDefaultExample 2025-06-11T15:26:59+05:30 logger.go:67: [0m  [32m+[0m[0m resource "ibm_iam_authorization_policy" "iam_groups_policy" {
TestRunDefaultExample 2025-06-11T15:26:59+05:30 logger.go:67:       [32m+[0m[0m description                 = (known after apply)
TestRunDefaultExample 2025-06-11T15:26:59+05:30 logger.go:67:       [32m+[0m[0m id                          = (known after apply)
TestRunDefaultExample 2025-06-11T15:26:59+05:30 logger.go:67:       [32m+[0m[0m roles                       = [
TestRunDefaultExample 2025-06-11T15:26:59+05:30 logger.go:67:           [32m+[0m[0m "Groups Service Member Manage",
TestRunDefaultExample 2025-06-11T15:26:59+05:30 logger.go:67:         ]
TestRunDefaultExample 2025-06-11T15:26:59+05:30 logger.go:67:       [32m+[0m[0m source_resource_group_id    = (known after apply)
TestRunDefaultExample 2025-06-11T15:26:59+05:30 logger.go:67:       [32m+[0m[0m source_resource_instance_id = (known after apply)
TestRunDefaultExample 2025-06-11T15:26:59+05:30 logger.go:67:       [32m+[0m[0m source_resource_type        = (known after apply)
TestRunDefaultExample 2025-06-11T15:26:59+05:30 logger.go:67:       [32m+[0m[0m source_service_account      = (known after apply)
TestRunDefaultExample 2025-06-11T15:26:59+05:30 logger.go:67:       [32m+[0m[0m source_service_name         = "secrets-manager"
TestRunDefaultExample 2025-06-11T15:26:59+05:30 logger.go:67:       [32m+[0m[0m target_resource_group_id    = (known after apply)
TestRunDefaultExample 2025-06-11T15:26:59+05:30 logger.go:67:       [32m+[0m[0m target_resource_instance_id = (known after apply)
TestRunDefaultExample 2025-06-11T15:26:59+05:30 logger.go:67:       [32m+[0m[0m target_resource_type        = (known after apply)
TestRunDefaultExample 2025-06-11T15:26:59+05:30 logger.go:67:       [32m+[0m[0m target_service_name         = "iam-groups"
TestRunDefaultExample 2025-06-11T15:26:59+05:30 logger.go:67:       [32m+[0m[0m transaction_id              = (known after apply)
TestRunDefaultExample 2025-06-11T15:26:59+05:30 logger.go:67:       [32m+[0m[0m version                     = (known after apply)
TestRunDefaultExample 2025-06-11T15:26:59+05:30 logger.go:67: 
TestRunDefaultExample 2025-06-11T15:26:59+05:30 logger.go:67:       [32m+[0m[0m resource_attributes (known after apply)
TestRunDefaultExample 2025-06-11T15:26:59+05:30 logger.go:67: 
TestRunDefaultExample 2025-06-11T15:26:59+05:30 logger.go:67:       [32m+[0m[0m subject_attributes (known after apply)
TestRunDefaultExample 2025-06-11T15:26:59+05:30 logger.go:67:     }
TestRunDefaultExample 2025-06-11T15:26:59+05:30 logger.go:67: 
TestRunDefaultExample 2025-06-11T15:26:59+05:30 logger.go:67: [1m  # module.secrets_manager.ibm_iam_authorization_policy.iam_identity_policy[0][0m will be created
TestRunDefaultExample 2025-06-11T15:26:59+05:30 logger.go:67: [0m  [32m+[0m[0m resource "ibm_iam_authorization_policy" "iam_identity_policy" {
TestRunDefaultExample 2025-06-11T15:26:59+05:30 logger.go:67:       [32m+[0m[0m description                 = (known after apply)
TestRunDefaultExample 2025-06-11T15:26:59+05:30 logger.go:67:       [32m+[0m[0m id                          = (known after apply)
TestRunDefaultExample 2025-06-11T15:26:59+05:30 logger.go:67:       [32m+[0m[0m roles                       = [
TestRunDefaultExample 2025-06-11T15:26:59+05:30 logger.go:67:           [32m+[0m[0m "Operator",
TestRunDefaultExample 2025-06-11T15:26:59+05:30 logger.go:67:         ]
TestRunDefaultExample 2025-06-11T15:26:59+05:30 logger.go:67:       [32m+[0m[0m source_resource_group_id    = (known after apply)
TestRunDefaultExample 2025-06-11T15:26:59+05:30 logger.go:67:       [32m+[0m[0m source_resource_instance_id = (known after apply)
TestRunDefaultExample 2025-06-11T15:26:59+05:30 logger.go:67:       [32m+[0m[0m source_resource_type        = (known after apply)
TestRunDefaultExample 2025-06-11T15:26:59+05:30 logger.go:67:       [32m+[0m[0m source_service_account      = (known after apply)
TestRunDefaultExample 2025-06-11T15:26:59+05:30 logger.go:67:       [32m+[0m[0m source_service_name         = "secrets-manager"
TestRunDefaultExample 2025-06-11T15:26:59+05:30 logger.go:67:       [32m+[0m[0m target_resource_group_id    = (known after apply)
TestRunDefaultExample 2025-06-11T15:26:59+05:30 logger.go:67:       [32m+[0m[0m target_resource_instance_id = (known after apply)
TestRunDefaultExample 2025-06-11T15:26:59+05:30 logger.go:67:       [32m+[0m[0m target_resource_type        = (known after apply)
TestRunDefaultExample 2025-06-11T15:26:59+05:30 logger.go:67:       [32m+[0m[0m target_service_name         = "iam-identity"
TestRunDefaultExample 2025-06-11T15:26:59+05:30 logger.go:67:       [32m+[0m[0m transaction_id              = (known after apply)
TestRunDefaultExample 2025-06-11T15:26:59+05:30 logger.go:67:       [32m+[0m[0m version                     = (known after apply)
TestRunDefaultExample 2025-06-11T15:26:59+05:30 logger.go:67: 
TestRunDefaultExample 2025-06-11T15:26:59+05:30 logger.go:67:       [32m+[0m[0m resource_attributes (known after apply)
TestRunDefaultExample 2025-06-11T15:26:59+05:30 logger.go:67: 
TestRunDefaultExample 2025-06-11T15:26:59+05:30 logger.go:67:       [32m+[0m[0m subject_attributes (known after apply)
TestRunDefaultExample 2025-06-11T15:26:59+05:30 logger.go:67:     }
TestRunDefaultExample 2025-06-11T15:26:59+05:30 logger.go:67: 
TestRunDefaultExample 2025-06-11T15:26:59+05:30 logger.go:67: [1m  # module.secrets_manager.ibm_resource_instance.secrets_manager_instance[0][0m will be created
TestRunDefaultExample 2025-06-11T15:26:59+05:30 logger.go:67: [0m  [32m+[0m[0m resource "ibm_resource_instance" "secrets_manager_instance" {
TestRunDefaultExample 2025-06-11T15:26:59+05:30 logger.go:67:       [32m+[0m[0m account_id              = (known after apply)
TestRunDefaultExample 2025-06-11T15:26:59+05:30 logger.go:67:       [32m+[0m[0m allow_cleanup           = (known after apply)
TestRunDefaultExample 2025-06-11T15:26:59+05:30 logger.go:67:       [32m+[0m[0m created_at              = (known after apply)
TestRunDefaultExample 2025-06-11T15:26:59+05:30 logger.go:67:       [32m+[0m[0m created_by              = (known after apply)
TestRunDefaultExample 2025-06-11T15:26:59+05:30 logger.go:67:       [32m+[0m[0m crn                     = (known after apply)
TestRunDefaultExample 2025-06-11T15:26:59+05:30 logger.go:67:       [32m+[0m[0m dashboard_url           = (known after apply)
TestRunDefaultExample 2025-06-11T15:26:59+05:30 logger.go:67:       [32m+[0m[0m deleted_at              = (known after apply)
TestRunDefaultExample 2025-06-11T15:26:59+05:30 logger.go:67:       [32m+[0m[0m deleted_by              = (known after apply)
TestRunDefaultExample 2025-06-11T15:26:59+05:30 logger.go:67:       [32m+[0m[0m extensions              = (known after apply)
TestRunDefaultExample 2025-06-11T15:26:59+05:30 logger.go:67:       [32m+[0m[0m guid                    = (known after apply)
TestRunDefaultExample 2025-06-11T15:26:59+05:30 logger.go:67:       [32m+[0m[0m id                      = (known after apply)
TestRunDefaultExample 2025-06-11T15:26:59+05:30 logger.go:67:       [32m+[0m[0m last_operation          = (known after apply)
TestRunDefaultExample 2025-06-11T15:26:59+05:30 logger.go:67:       [32m+[0m[0m location                = "br-sao"
TestRunDefaultExample 2025-06-11T15:26:59+05:30 logger.go:67:       [32m+[0m[0m locked                  = (known after apply)
TestRunDefaultExample 2025-06-11T15:26:59+05:30 logger.go:67:       [32m+[0m[0m name                    = "sm-private-cert-xaa7kp-secrets-manager"
TestRunDefaultExample 2025-06-11T15:26:59+05:30 logger.go:67:       [32m+[0m[0m onetime_credentials     = (known after apply)
TestRunDefaultExample 2025-06-11T15:26:59+05:30 logger.go:67:       [32m+[0m[0m parameters              = {
TestRunDefaultExample 2025-06-11T15:26:59+05:30 logger.go:67:           [32m+[0m[0m "allowed_network" = "public-and-private"
TestRunDefaultExample 2025-06-11T15:26:59+05:30 logger.go:67:         }
TestRunDefaultExample 2025-06-11T15:26:59+05:30 logger.go:67:       [32m+[0m[0m plan                    = "trial"
TestRunDefaultExample 2025-06-11T15:26:59+05:30 logger.go:67:       [32m+[0m[0m plan_history            = (known after apply)
TestRunDefaultExample 2025-06-11T15:26:59+05:30 logger.go:67:       [32m+[0m[0m resource_aliases_url    = (known after apply)
TestRunDefaultExample 2025-06-11T15:26:59+05:30 logger.go:67:       [32m+[0m[0m resource_bindings_url   = (known after apply)
TestRunDefaultExample 2025-06-11T15:26:59+05:30 logger.go:67:       [32m+[0m[0m resource_controller_url = (known after apply)
TestRunDefaultExample 2025-06-11T15:26:59+05:30 logger.go:67:       [32m+[0m[0m resource_crn            = (known after apply)
TestRunDefaultExample 2025-06-11T15:26:59+05:30 logger.go:67:       [32m+[0m[0m resource_group_crn      = (known after apply)
TestRunDefaultExample 2025-06-11T15:26:59+05:30 logger.go:67:       [32m+[0m[0m resource_group_id       = "292170bc79c94f5e9019e46fb48f245a"
TestRunDefaultExample 2025-06-11T15:26:59+05:30 logger.go:67:       [32m+[0m[0m resource_group_name     = (known after apply)
TestRunDefaultExample 2025-06-11T15:26:59+05:30 logger.go:67:       [32m+[0m[0m resource_id             = (known after apply)
TestRunDefaultExample 2025-06-11T15:26:59+05:30 logger.go:67:       [32m+[0m[0m resource_keys_url       = (known after apply)
TestRunDefaultExample 2025-06-11T15:26:59+05:30 logger.go:67:       [32m+[0m[0m resource_name           = (known after apply)
TestRunDefaultExample 2025-06-11T15:26:59+05:30 logger.go:67:       [32m+[0m[0m resource_plan_id        = (known after apply)
TestRunDefaultExample 2025-06-11T15:26:59+05:30 logger.go:67:       [32m+[0m[0m resource_status         = (known after apply)
TestRunDefaultExample 2025-06-11T15:26:59+05:30 logger.go:67:       [32m+[0m[0m restored_at             = (known after apply)
TestRunDefaultExample 2025-06-11T15:26:59+05:30 logger.go:67:       [32m+[0m[0m restored_by             = (known after apply)
TestRunDefaultExample 2025-06-11T15:26:59+05:30 logger.go:67:       [32m+[0m[0m scheduled_reclaim_at    = (known after apply)
TestRunDefaultExample 2025-06-11T15:26:59+05:30 logger.go:67:       [32m+[0m[0m scheduled_reclaim_by    = (known after apply)
TestRunDefaultExample 2025-06-11T15:26:59+05:30 logger.go:67:       [32m+[0m[0m service                 = "secrets-manager"
TestRunDefaultExample 2025-06-11T15:26:59+05:30 logger.go:67:       [32m+[0m[0m service_endpoints       = (known after apply)
TestRunDefaultExample 2025-06-11T15:26:59+05:30 logger.go:67:       [32m+[0m[0m state                   = (known after apply)
TestRunDefaultExample 2025-06-11T15:26:59+05:30 logger.go:67:       [32m+[0m[0m status                  = (known after apply)
TestRunDefaultExample 2025-06-11T15:26:59+05:30 logger.go:67:       [32m+[0m[0m sub_type                = (known after apply)
TestRunDefaultExample 2025-06-11T15:26:59+05:30 logger.go:67:       [32m+[0m[0m tags                    = (known after apply)
TestRunDefaultExample 2025-06-11T15:26:59+05:30 logger.go:67:       [32m+[0m[0m target_crn              = (known after apply)
TestRunDefaultExample 2025-06-11T15:26:59+05:30 logger.go:67:       [32m+[0m[0m type                    = (known after apply)
TestRunDefaultExample 2025-06-11T15:26:59+05:30 logger.go:67:       [32m+[0m[0m update_at               = (known after apply)
TestRunDefaultExample 2025-06-11T15:26:59+05:30 logger.go:67:       [32m+[0m[0m update_by               = (known after apply)
TestRunDefaultExample 2025-06-11T15:26:59+05:30 logger.go:67: 
TestRunDefaultExample 2025-06-11T15:26:59+05:30 logger.go:67:       [32m+[0m[0m timeouts {
TestRunDefaultExample 2025-06-11T15:26:59+05:30 logger.go:67:           [32m+[0m[0m create = "30m"
TestRunDefaultExample 2025-06-11T15:26:59+05:30 logger.go:67:         }
TestRunDefaultExample 2025-06-11T15:26:59+05:30 logger.go:67:     }
TestRunDefaultExample 2025-06-11T15:26:59+05:30 logger.go:67: 
TestRunDefaultExample 2025-06-11T15:26:59+05:30 logger.go:67: [1m  # module.secrets_manager.time_sleep.wait_for_authorization_policy[0][0m will be created
TestRunDefaultExample 2025-06-11T15:26:59+05:30 logger.go:67: [0m  [32m+[0m[0m resource "time_sleep" "wait_for_authorization_policy" {
TestRunDefaultExample 2025-06-11T15:26:59+05:30 logger.go:67:       [32m+[0m[0m create_duration = "30s"
TestRunDefaultExample 2025-06-11T15:26:59+05:30 logger.go:67:       [32m+[0m[0m id              = (known after apply)
TestRunDefaultExample 2025-06-11T15:26:59+05:30 logger.go:67:     }
TestRunDefaultExample 2025-06-11T15:26:59+05:30 logger.go:67: 
TestRunDefaultExample 2025-06-11T15:26:59+05:30 logger.go:67: [1m  # module.secrets_manager_private_certificate.ibm_sm_private_certificate.secrets_manager_private_certificate[0m will be created
TestRunDefaultExample 2025-06-11T15:26:59+05:30 logger.go:67: [0m  [32m+[0m[0m resource "ibm_sm_private_certificate" "secrets_manager_private_certificate" {
TestRunDefaultExample 2025-06-11T15:26:59+05:30 logger.go:67:       [32m+[0m[0m alt_names               = (known after apply)
TestRunDefaultExample 2025-06-11T15:26:59+05:30 logger.go:67:       [32m+[0m[0m ca_chain                = (sensitive value)
TestRunDefaultExample 2025-06-11T15:26:59+05:30 logger.go:67:       [32m+[0m[0m certificate             = (sensitive value)
TestRunDefaultExample 2025-06-11T15:26:59+05:30 logger.go:67:       [32m+[0m[0m certificate_authority   = (known after apply)
TestRunDefaultExample 2025-06-11T15:26:59+05:30 logger.go:67:       [32m+[0m[0m certificate_template    = "geretain-cert-template"
TestRunDefaultExample 2025-06-11T15:26:59+05:30 logger.go:67:       [32m+[0m[0m common_name             = "terraform-modules.ibm.com"
TestRunDefaultExample 2025-06-11T15:26:59+05:30 logger.go:67:       [32m+[0m[0m created_at              = (known after apply)
TestRunDefaultExample 2025-06-11T15:26:59+05:30 logger.go:67:       [32m+[0m[0m created_by              = (known after apply)
TestRunDefaultExample 2025-06-11T15:26:59+05:30 logger.go:67:       [32m+[0m[0m crn                     = (known after apply)
TestRunDefaultExample 2025-06-11T15:26:59+05:30 logger.go:67:       [32m+[0m[0m custom_metadata         = {
TestRunDefaultExample 2025-06-11T15:26:59+05:30 logger.go:67:           [32m+[0m[0m "collection_total" = "1"
TestRunDefaultExample 2025-06-11T15:26:59+05:30 logger.go:67:           [32m+[0m[0m "collection_type"  = "application/vnd.ibm.secrets-manager.secret+json"
TestRunDefaultExample 2025-06-11T15:26:59+05:30 logger.go:67:         }
TestRunDefaultExample 2025-06-11T15:26:59+05:30 logger.go:67:       [32m+[0m[0m description             = "an example private cert"
TestRunDefaultExample 2025-06-11T15:26:59+05:30 logger.go:67:       [32m+[0m[0m downloaded              = (known after apply)
TestRunDefaultExample 2025-06-11T15:26:59+05:30 logger.go:67:       [32m+[0m[0m endpoint_type           = "public"
TestRunDefaultExample 2025-06-11T15:26:59+05:30 logger.go:67:       [32m+[0m[0m exclude_cn_from_sans    = false
TestRunDefaultExample 2025-06-11T15:26:59+05:30 logger.go:67:       [32m+[0m[0m expiration_date         = (known after apply)
TestRunDefaultExample 2025-06-11T15:26:59+05:30 logger.go:67:       [32m+[0m[0m format                  = "pem"
TestRunDefaultExample 2025-06-11T15:26:59+05:30 logger.go:67:       [32m+[0m[0m id                      = (known after apply)
TestRunDefaultExample 2025-06-11T15:26:59+05:30 logger.go:67:       [32m+[0m[0m instance_id             = "79c6d411-c18f-4670-b009-b0044a238667"
TestRunDefaultExample 2025-06-11T15:26:59+05:30 logger.go:67:       [32m+[0m[0m issuer                  = (known after apply)
TestRunDefaultExample 2025-06-11T15:26:59+05:30 logger.go:67:       [32m+[0m[0m issuing_ca              = (sensitive value)
TestRunDefaultExample 2025-06-11T15:26:59+05:30 logger.go:67:       [32m+[0m[0m key_algorithm           = (known after apply)
TestRunDefaultExample 2025-06-11T15:26:59+05:30 logger.go:67:       [32m+[0m[0m labels                  = []
TestRunDefaultExample 2025-06-11T15:26:59+05:30 logger.go:67:       [32m+[0m[0m locks_total             = (known after apply)
TestRunDefaultExample 2025-06-11T15:26:59+05:30 logger.go:67:       [32m+[0m[0m name                    = "sm-private-cert-xaa7kp-example-private-cert"
TestRunDefaultExample 2025-06-11T15:26:59+05:30 logger.go:67:       [32m+[0m[0m next_rotation_date      = (known after apply)
TestRunDefaultExample 2025-06-11T15:26:59+05:30 logger.go:67:       [32m+[0m[0m other_sans              = []
TestRunDefaultExample 2025-06-11T15:26:59+05:30 logger.go:67:       [32m+[0m[0m private_key             = (sensitive value)
TestRunDefaultExample 2025-06-11T15:26:59+05:30 logger.go:67:       [32m+[0m[0m private_key_format      = "der"
TestRunDefaultExample 2025-06-11T15:26:59+05:30 logger.go:67:       [32m+[0m[0m region                  = "us-south"
TestRunDefaultExample 2025-06-11T15:26:59+05:30 logger.go:67:       [32m+[0m[0m revocation_time_rfc3339 = (known after apply)
TestRunDefaultExample 2025-06-11T15:26:59+05:30 logger.go:67:       [32m+[0m[0m revocation_time_seconds = (known after apply)
TestRunDefaultExample 2025-06-11T15:26:59+05:30 logger.go:67:       [32m+[0m[0m secret_group_id         = (known after apply)
TestRunDefaultExample 2025-06-11T15:26:59+05:30 logger.go:67:       [32m+[0m[0m secret_id               = (known after apply)
TestRunDefaultExample 2025-06-11T15:26:59+05:30 logger.go:67:       [32m+[0m[0m secret_type             = (known after apply)
TestRunDefaultExample 2025-06-11T15:26:59+05:30 logger.go:67:       [32m+[0m[0m serial_number           = (known after apply)
TestRunDefaultExample 2025-06-11T15:26:59+05:30 logger.go:67:       [32m+[0m[0m signing_algorithm       = (known after apply)
TestRunDefaultExample 2025-06-11T15:26:59+05:30 logger.go:67:       [32m+[0m[0m state                   = (known after apply)
TestRunDefaultExample 2025-06-11T15:26:59+05:30 logger.go:67:       [32m+[0m[0m state_description       = (known after apply)
TestRunDefaultExample 2025-06-11T15:26:59+05:30 logger.go:67:       [32m+[0m[0m ttl                     = "364d"
TestRunDefaultExample 2025-06-11T15:26:59+05:30 logger.go:67:       [32m+[0m[0m updated_at              = (known after apply)
TestRunDefaultExample 2025-06-11T15:26:59+05:30 logger.go:67:       [32m+[0m[0m validity                = (known after apply)
TestRunDefaultExample 2025-06-11T15:26:59+05:30 logger.go:67:       [32m+[0m[0m versions_total          = (known after apply)
TestRunDefaultExample 2025-06-11T15:26:59+05:30 logger.go:67: 
TestRunDefaultExample 2025-06-11T15:26:59+05:30 logger.go:67:       [32m+[0m[0m rotation {
TestRunDefaultExample 2025-06-11T15:26:59+05:30 logger.go:67:           [32m+[0m[0m auto_rotate = true
TestRunDefaultExample 2025-06-11T15:26:59+05:30 logger.go:67:           [32m+[0m[0m interval    = 12
TestRunDefaultExample 2025-06-11T15:26:59+05:30 logger.go:67:           [32m+[0m[0m unit        = "month"
TestRunDefaultExample 2025-06-11T15:26:59+05:30 logger.go:67:         }
TestRunDefaultExample 2025-06-11T15:26:59+05:30 logger.go:67:     }
TestRunDefaultExample 2025-06-11T15:26:59+05:30 logger.go:67: 
TestRunDefaultExample 2025-06-11T15:26:59+05:30 logger.go:67: [1m  # module.secrets_manager.module.secrets.data.ibm_sm_secret_groups.existing_secret_groups[0m will be read during apply
TestRunDefaultExample 2025-06-11T15:26:59+05:30 logger.go:67:   # (config refers to values not yet known)
TestRunDefaultExample 2025-06-11T15:26:59+05:30 logger.go:67: [0m [36m<=[0m[0m data "ibm_sm_secret_groups" "existing_secret_groups" {
TestRunDefaultExample 2025-06-11T15:26:59+05:30 logger.go:67:       [32m+[0m[0m endpoint_type = "public"
TestRunDefaultExample 2025-06-11T15:26:59+05:30 logger.go:67:       [32m+[0m[0m id            = (known after apply)
TestRunDefaultExample 2025-06-11T15:26:59+05:30 logger.go:67:       [32m+[0m[0m instance_id   = (known after apply)
TestRunDefaultExample 2025-06-11T15:26:59+05:30 logger.go:67:       [32m+[0m[0m region        = "br-sao"
TestRunDefaultExample 2025-06-11T15:26:59+05:30 logger.go:67:       [32m+[0m[0m secret_groups = (known after apply)
TestRunDefaultExample 2025-06-11T15:26:59+05:30 logger.go:67:       [32m+[0m[0m total_count   = (known after apply)
TestRunDefaultExample 2025-06-11T15:26:59+05:30 logger.go:67:     }
TestRunDefaultExample 2025-06-11T15:26:59+05:30 logger.go:67: 
TestRunDefaultExample 2025-06-11T15:26:59+05:30 logger.go:67: [1mPlan:[0m 6 to add, 0 to change, 0 to destroy.
TestRunDefaultExample 2025-06-11T15:26:59+05:30 logger.go:67: [0m
TestRunDefaultExample 2025-06-11T15:26:59+05:30 logger.go:67: Changes to Outputs:
TestRunDefaultExample 2025-06-11T15:26:59+05:30 logger.go:67:   [32m+[0m[0m secret_crn = (known after apply)
TestRunDefaultExample 2025-06-11T15:26:59+05:30 logger.go:67:   [32m+[0m[0m secret_id  = (known after apply)
TestRunUpgradeExample 2025-06-11T15:27:01+05:30 logger.go:67: [0m[1mmodule.resource_group.data.ibm_resource_group.existing_resource_group[0]: Reading...[0m[0m
TestRunDefaultExample 2025-06-11T15:27:01+05:30 logger.go:67: [0m[1mmodule.secrets_manager.time_sleep.wait_for_authorization_policy[0]: Creating...[0m[0m
TestRunUpgradeExample 2025-06-11T15:27:02+05:30 logger.go:67: [0m[1mmodule.resource_group.data.ibm_resource_group.existing_resource_group[0]: Read complete after 2s [id=292170bc79c94f5e9019e46fb48f245a][0m
TestRunUpgradeExample 2025-06-11T15:27:02+05:30 logger.go:67: 
TestRunUpgradeExample 2025-06-11T15:27:02+05:30 logger.go:67: Terraform used the selected providers to generate the following execution
TestRunUpgradeExample 2025-06-11T15:27:02+05:30 logger.go:67: plan. Resource actions are indicated with the following symbols:
TestRunUpgradeExample 2025-06-11T15:27:02+05:30 logger.go:67:   [32m+[0m create[0m
TestRunUpgradeExample 2025-06-11T15:27:02+05:30 logger.go:67:  [36m<=[0m read (data resources)[0m
TestRunUpgradeExample 2025-06-11T15:27:02+05:30 logger.go:67: 
TestRunUpgradeExample 2025-06-11T15:27:02+05:30 logger.go:67: Terraform will perform the following actions:
TestRunUpgradeExample 2025-06-11T15:27:02+05:30 logger.go:67: 
TestRunUpgradeExample 2025-06-11T15:27:02+05:30 logger.go:67: [1m  # ibm_sm_secret_group.secret_group[0m will be created
TestRunUpgradeExample 2025-06-11T15:27:02+05:30 logger.go:67: [0m  [32m+[0m[0m resource "ibm_sm_secret_group" "secret_group" {
TestRunUpgradeExample 2025-06-11T15:27:02+05:30 logger.go:67:       [32m+[0m[0m created_at      = (known after apply)
TestRunUpgradeExample 2025-06-11T15:27:02+05:30 logger.go:67:       [32m+[0m[0m description     = "secret group used for private certificates"
TestRunUpgradeExample 2025-06-11T15:27:02+05:30 logger.go:67:       [32m+[0m[0m id              = (known after apply)
TestRunUpgradeExample 2025-06-11T15:27:02+05:30 logger.go:67:       [32m+[0m[0m instance_id     = "79c6d411-c18f-4670-b009-b0044a238667"
TestRunUpgradeExample 2025-06-11T15:27:02+05:30 logger.go:67:       [32m+[0m[0m name            = "sm-private-cert-upg-xaa7kp-certificates-secret-group"
TestRunUpgradeExample 2025-06-11T15:27:02+05:30 logger.go:67:       [32m+[0m[0m region          = "us-south"
TestRunUpgradeExample 2025-06-11T15:27:02+05:30 logger.go:67:       [32m+[0m[0m secret_group_id = (known after apply)
TestRunUpgradeExample 2025-06-11T15:27:02+05:30 logger.go:67:       [32m+[0m[0m updated_at      = (known after apply)
TestRunUpgradeExample 2025-06-11T15:27:02+05:30 logger.go:67:     }
TestRunUpgradeExample 2025-06-11T15:27:02+05:30 logger.go:67: 
TestRunUpgradeExample 2025-06-11T15:27:02+05:30 logger.go:67: [1m  # module.secrets_manager.ibm_iam_authorization_policy.iam_groups_policy[0][0m will be created
TestRunUpgradeExample 2025-06-11T15:27:02+05:30 logger.go:67: [0m  [32m+[0m[0m resource "ibm_iam_authorization_policy" "iam_groups_policy" {
TestRunUpgradeExample 2025-06-11T15:27:02+05:30 logger.go:67:       [32m+[0m[0m description                 = (known after apply)
TestRunUpgradeExample 2025-06-11T15:27:02+05:30 logger.go:67:       [32m+[0m[0m id                          = (known after apply)
TestRunUpgradeExample 2025-06-11T15:27:02+05:30 logger.go:67:       [32m+[0m[0m roles                       = [
TestRunUpgradeExample 2025-06-11T15:27:02+05:30 logger.go:67:           [32m+[0m[0m "Groups Service Member Manage",
TestRunUpgradeExample 2025-06-11T15:27:02+05:30 logger.go:67:         ]
TestRunUpgradeExample 2025-06-11T15:27:02+05:30 logger.go:67:       [32m+[0m[0m source_resource_group_id    = (known after apply)
TestRunUpgradeExample 2025-06-11T15:27:02+05:30 logger.go:67:       [32m+[0m[0m source_resource_instance_id = (known after apply)
TestRunUpgradeExample 2025-06-11T15:27:02+05:30 logger.go:67:       [32m+[0m[0m source_resource_type        = (known after apply)
TestRunUpgradeExample 2025-06-11T15:27:02+05:30 logger.go:67:       [32m+[0m[0m source_service_account      = (known after apply)
TestRunUpgradeExample 2025-06-11T15:27:02+05:30 logger.go:67:       [32m+[0m[0m source_service_name         = "secrets-manager"
TestRunUpgradeExample 2025-06-11T15:27:02+05:30 logger.go:67:       [32m+[0m[0m target_resource_group_id    = (known after apply)
TestRunUpgradeExample 2025-06-11T15:27:02+05:30 logger.go:67:       [32m+[0m[0m target_resource_instance_id = (known after apply)
TestRunUpgradeExample 2025-06-11T15:27:02+05:30 logger.go:67:       [32m+[0m[0m target_resource_type        = (known after apply)
TestRunUpgradeExample 2025-06-11T15:27:02+05:30 logger.go:67:       [32m+[0m[0m target_service_name         = "iam-groups"
TestRunUpgradeExample 2025-06-11T15:27:02+05:30 logger.go:67:       [32m+[0m[0m transaction_id              = (known after apply)
TestRunUpgradeExample 2025-06-11T15:27:02+05:30 logger.go:67:       [32m+[0m[0m version                     = (known after apply)
TestRunUpgradeExample 2025-06-11T15:27:02+05:30 logger.go:67: 
TestRunUpgradeExample 2025-06-11T15:27:02+05:30 logger.go:67:       [32m+[0m[0m resource_attributes (known after apply)
TestRunUpgradeExample 2025-06-11T15:27:02+05:30 logger.go:67: 
TestRunUpgradeExample 2025-06-11T15:27:02+05:30 logger.go:67:       [32m+[0m[0m subject_attributes (known after apply)
TestRunUpgradeExample 2025-06-11T15:27:02+05:30 logger.go:67:     }
TestRunUpgradeExample 2025-06-11T15:27:02+05:30 logger.go:67: 
TestRunUpgradeExample 2025-06-11T15:27:02+05:30 logger.go:67: [1m  # module.secrets_manager.ibm_iam_authorization_policy.iam_identity_policy[0][0m will be created
TestRunUpgradeExample 2025-06-11T15:27:02+05:30 logger.go:67: [0m  [32m+[0m[0m resource "ibm_iam_authorization_policy" "iam_identity_policy" {
TestRunUpgradeExample 2025-06-11T15:27:02+05:30 logger.go:67:       [32m+[0m[0m description                 = (known after apply)
TestRunUpgradeExample 2025-06-11T15:27:02+05:30 logger.go:67:       [32m+[0m[0m id                          = (known after apply)
TestRunUpgradeExample 2025-06-11T15:27:02+05:30 logger.go:67:       [32m+[0m[0m roles                       = [
TestRunUpgradeExample 2025-06-11T15:27:02+05:30 logger.go:67:           [32m+[0m[0m "Operator",
TestRunUpgradeExample 2025-06-11T15:27:02+05:30 logger.go:67:         ]
TestRunUpgradeExample 2025-06-11T15:27:02+05:30 logger.go:67:       [32m+[0m[0m source_resource_group_id    = (known after apply)
TestRunUpgradeExample 2025-06-11T15:27:02+05:30 logger.go:67:       [32m+[0m[0m source_resource_instance_id = (known after apply)
TestRunUpgradeExample 2025-06-11T15:27:02+05:30 logger.go:67:       [32m+[0m[0m source_resource_type        = (known after apply)
TestRunUpgradeExample 2025-06-11T15:27:02+05:30 logger.go:67:       [32m+[0m[0m source_service_account      = (known after apply)
TestRunUpgradeExample 2025-06-11T15:27:02+05:30 logger.go:67:       [32m+[0m[0m source_service_name         = "secrets-manager"
TestRunUpgradeExample 2025-06-11T15:27:02+05:30 logger.go:67:       [32m+[0m[0m target_resource_group_id    = (known after apply)
TestRunUpgradeExample 2025-06-11T15:27:02+05:30 logger.go:67:       [32m+[0m[0m target_resource_instance_id = (known after apply)
TestRunUpgradeExample 2025-06-11T15:27:02+05:30 logger.go:67:       [32m+[0m[0m target_resource_type        = (known after apply)
TestRunUpgradeExample 2025-06-11T15:27:02+05:30 logger.go:67:       [32m+[0m[0m target_service_name         = "iam-identity"
TestRunUpgradeExample 2025-06-11T15:27:02+05:30 logger.go:67:       [32m+[0m[0m transaction_id              = (known after apply)
TestRunUpgradeExample 2025-06-11T15:27:02+05:30 logger.go:67:       [32m+[0m[0m version                     = (known after apply)
TestRunUpgradeExample 2025-06-11T15:27:02+05:30 logger.go:67: 
TestRunUpgradeExample 2025-06-11T15:27:02+05:30 logger.go:67:       [32m+[0m[0m resource_attributes (known after apply)
TestRunUpgradeExample 2025-06-11T15:27:02+05:30 logger.go:67: 
TestRunUpgradeExample 2025-06-11T15:27:02+05:30 logger.go:67:       [32m+[0m[0m subject_attributes (known after apply)
TestRunUpgradeExample 2025-06-11T15:27:02+05:30 logger.go:67:     }
TestRunUpgradeExample 2025-06-11T15:27:02+05:30 logger.go:67: 
TestRunUpgradeExample 2025-06-11T15:27:02+05:30 logger.go:67: [1m  # module.secrets_manager.ibm_resource_instance.secrets_manager_instance[0][0m will be created
TestRunUpgradeExample 2025-06-11T15:27:02+05:30 logger.go:67: [0m  [32m+[0m[0m resource "ibm_resource_instance" "secrets_manager_instance" {
TestRunUpgradeExample 2025-06-11T15:27:02+05:30 logger.go:67:       [32m+[0m[0m account_id              = (known after apply)
TestRunUpgradeExample 2025-06-11T15:27:02+05:30 logger.go:67:       [32m+[0m[0m allow_cleanup           = (known after apply)
TestRunUpgradeExample 2025-06-11T15:27:02+05:30 logger.go:67:       [32m+[0m[0m created_at              = (known after apply)
TestRunUpgradeExample 2025-06-11T15:27:02+05:30 logger.go:67:       [32m+[0m[0m created_by              = (known after apply)
TestRunUpgradeExample 2025-06-11T15:27:02+05:30 logger.go:67:       [32m+[0m[0m crn                     = (known after apply)
TestRunUpgradeExample 2025-06-11T15:27:02+05:30 logger.go:67:       [32m+[0m[0m dashboard_url           = (known after apply)
TestRunUpgradeExample 2025-06-11T15:27:02+05:30 logger.go:67:       [32m+[0m[0m deleted_at              = (known after apply)
TestRunUpgradeExample 2025-06-11T15:27:02+05:30 logger.go:67:       [32m+[0m[0m deleted_by              = (known after apply)
TestRunUpgradeExample 2025-06-11T15:27:02+05:30 logger.go:67:       [32m+[0m[0m extensions              = (known after apply)
TestRunUpgradeExample 2025-06-11T15:27:02+05:30 logger.go:67:       [32m+[0m[0m guid                    = (known after apply)
TestRunUpgradeExample 2025-06-11T15:27:02+05:30 logger.go:67:       [32m+[0m[0m id                      = (known after apply)
TestRunUpgradeExample 2025-06-11T15:27:02+05:30 logger.go:67:       [32m+[0m[0m last_operation          = (known after apply)
TestRunUpgradeExample 2025-06-11T15:27:02+05:30 logger.go:67:       [32m+[0m[0m location                = "br-sao"
TestRunUpgradeExample 2025-06-11T15:27:02+05:30 logger.go:67:       [32m+[0m[0m locked                  = (known after apply)
TestRunUpgradeExample 2025-06-11T15:27:02+05:30 logger.go:67:       [32m+[0m[0m name                    = "sm-private-cert-upg-xaa7kp-secrets-manager"
TestRunUpgradeExample 2025-06-11T15:27:02+05:30 logger.go:67:       [32m+[0m[0m onetime_credentials     = (known after apply)
TestRunUpgradeExample 2025-06-11T15:27:02+05:30 logger.go:67:       [32m+[0m[0m parameters              = {
TestRunUpgradeExample 2025-06-11T15:27:02+05:30 logger.go:67:           [32m+[0m[0m "allowed_network" = "public-and-private"
TestRunUpgradeExample 2025-06-11T15:27:02+05:30 logger.go:67:         }
TestRunUpgradeExample 2025-06-11T15:27:02+05:30 logger.go:67:       [32m+[0m[0m plan                    = "trial"
TestRunUpgradeExample 2025-06-11T15:27:02+05:30 logger.go:67:       [32m+[0m[0m plan_history            = (known after apply)
TestRunUpgradeExample 2025-06-11T15:27:02+05:30 logger.go:67:       [32m+[0m[0m resource_aliases_url    = (known after apply)
TestRunUpgradeExample 2025-06-11T15:27:02+05:30 logger.go:67:       [32m+[0m[0m resource_bindings_url   = (known after apply)
TestRunUpgradeExample 2025-06-11T15:27:02+05:30 logger.go:67:       [32m+[0m[0m resource_controller_url = (known after apply)
TestRunUpgradeExample 2025-06-11T15:27:02+05:30 logger.go:67:       [32m+[0m[0m resource_crn            = (known after apply)
TestRunUpgradeExample 2025-06-11T15:27:02+05:30 logger.go:67:       [32m+[0m[0m resource_group_crn      = (known after apply)
TestRunUpgradeExample 2025-06-11T15:27:02+05:30 logger.go:67:       [32m+[0m[0m resource_group_id       = "292170bc79c94f5e9019e46fb48f245a"
TestRunUpgradeExample 2025-06-11T15:27:02+05:30 logger.go:67:       [32m+[0m[0m resource_group_name     = (known after apply)
TestRunUpgradeExample 2025-06-11T15:27:02+05:30 logger.go:67:       [32m+[0m[0m resource_id             = (known after apply)
TestRunUpgradeExample 2025-06-11T15:27:02+05:30 logger.go:67:       [32m+[0m[0m resource_keys_url       = (known after apply)
TestRunUpgradeExample 2025-06-11T15:27:02+05:30 logger.go:67:       [32m+[0m[0m resource_name           = (known after apply)
TestRunUpgradeExample 2025-06-11T15:27:02+05:30 logger.go:67:       [32m+[0m[0m resource_plan_id        = (known after apply)
TestRunUpgradeExample 2025-06-11T15:27:02+05:30 logger.go:67:       [32m+[0m[0m resource_status         = (known after apply)
TestRunUpgradeExample 2025-06-11T15:27:02+05:30 logger.go:67:       [32m+[0m[0m restored_at             = (known after apply)
TestRunUpgradeExample 2025-06-11T15:27:02+05:30 logger.go:67:       [32m+[0m[0m restored_by             = (known after apply)
TestRunUpgradeExample 2025-06-11T15:27:02+05:30 logger.go:67:       [32m+[0m[0m scheduled_reclaim_at    = (known after apply)
TestRunUpgradeExample 2025-06-11T15:27:02+05:30 logger.go:67:       [32m+[0m[0m scheduled_reclaim_by    = (known after apply)
TestRunUpgradeExample 2025-06-11T15:27:02+05:30 logger.go:67:       [32m+[0m[0m service                 = "secrets-manager"
TestRunUpgradeExample 2025-06-11T15:27:02+05:30 logger.go:67:       [32m+[0m[0m service_endpoints       = (known after apply)
TestRunUpgradeExample 2025-06-11T15:27:02+05:30 logger.go:67:       [32m+[0m[0m state                   = (known after apply)
TestRunUpgradeExample 2025-06-11T15:27:02+05:30 logger.go:67:       [32m+[0m[0m status                  = (known after apply)
TestRunUpgradeExample 2025-06-11T15:27:02+05:30 logger.go:67:       [32m+[0m[0m sub_type                = (known after apply)
TestRunUpgradeExample 2025-06-11T15:27:02+05:30 logger.go:67:       [32m+[0m[0m tags                    = (known after apply)
TestRunUpgradeExample 2025-06-11T15:27:02+05:30 logger.go:67:       [32m+[0m[0m target_crn              = (known after apply)
TestRunUpgradeExample 2025-06-11T15:27:02+05:30 logger.go:67:       [32m+[0m[0m type                    = (known after apply)
TestRunUpgradeExample 2025-06-11T15:27:02+05:30 logger.go:67:       [32m+[0m[0m update_at               = (known after apply)
TestRunUpgradeExample 2025-06-11T15:27:02+05:30 logger.go:67:       [32m+[0m[0m update_by               = (known after apply)
TestRunUpgradeExample 2025-06-11T15:27:02+05:30 logger.go:67: 
TestRunUpgradeExample 2025-06-11T15:27:02+05:30 logger.go:67:       [32m+[0m[0m timeouts {
TestRunUpgradeExample 2025-06-11T15:27:02+05:30 logger.go:67:           [32m+[0m[0m create = "30m"
TestRunUpgradeExample 2025-06-11T15:27:02+05:30 logger.go:67:         }
TestRunUpgradeExample 2025-06-11T15:27:02+05:30 logger.go:67:     }
TestRunUpgradeExample 2025-06-11T15:27:02+05:30 logger.go:67: 
TestRunUpgradeExample 2025-06-11T15:27:02+05:30 logger.go:67: [1m  # module.secrets_manager.time_sleep.wait_for_authorization_policy[0][0m will be created
TestRunUpgradeExample 2025-06-11T15:27:02+05:30 logger.go:67: [0m  [32m+[0m[0m resource "time_sleep" "wait_for_authorization_policy" {
TestRunUpgradeExample 2025-06-11T15:27:02+05:30 logger.go:67:       [32m+[0m[0m create_duration = "30s"
TestRunUpgradeExample 2025-06-11T15:27:02+05:30 logger.go:67:       [32m+[0m[0m id              = (known after apply)
TestRunUpgradeExample 2025-06-11T15:27:02+05:30 logger.go:67:     }
TestRunUpgradeExample 2025-06-11T15:27:02+05:30 logger.go:67: 
TestRunUpgradeExample 2025-06-11T15:27:02+05:30 logger.go:67: [1m  # module.secrets_manager_private_certificate.ibm_sm_private_certificate.secrets_manager_private_certificate[0m will be created
TestRunUpgradeExample 2025-06-11T15:27:02+05:30 logger.go:67: [0m  [32m+[0m[0m resource "ibm_sm_private_certificate" "secrets_manager_private_certificate" {
TestRunUpgradeExample 2025-06-11T15:27:02+05:30 logger.go:67:       [32m+[0m[0m alt_names               = (known after apply)
TestRunUpgradeExample 2025-06-11T15:27:02+05:30 logger.go:67:       [32m+[0m[0m ca_chain                = (sensitive value)
TestRunUpgradeExample 2025-06-11T15:27:02+05:30 logger.go:67:       [32m+[0m[0m certificate             = (sensitive value)
TestRunUpgradeExample 2025-06-11T15:27:02+05:30 logger.go:67:       [32m+[0m[0m certificate_authority   = (known after apply)
TestRunUpgradeExample 2025-06-11T15:27:02+05:30 logger.go:67:       [32m+[0m[0m certificate_template    = "geretain-cert-template"
TestRunUpgradeExample 2025-06-11T15:27:02+05:30 logger.go:67:       [32m+[0m[0m common_name             = "terraform-modules.ibm.com"
TestRunUpgradeExample 2025-06-11T15:27:02+05:30 logger.go:67:       [32m+[0m[0m created_at              = (known after apply)
TestRunUpgradeExample 2025-06-11T15:27:02+05:30 logger.go:67:       [32m+[0m[0m created_by              = (known after apply)
TestRunUpgradeExample 2025-06-11T15:27:02+05:30 logger.go:67:       [32m+[0m[0m crn                     = (known after apply)
TestRunUpgradeExample 2025-06-11T15:27:02+05:30 logger.go:67:       [32m+[0m[0m custom_metadata         = {
TestRunUpgradeExample 2025-06-11T15:27:02+05:30 logger.go:67:           [32m+[0m[0m "collection_total" = "1"
TestRunUpgradeExample 2025-06-11T15:27:02+05:30 logger.go:67:           [32m+[0m[0m "collection_type"  = "application/vnd.ibm.secrets-manager.secret+json"
TestRunUpgradeExample 2025-06-11T15:27:02+05:30 logger.go:67:         }
TestRunUpgradeExample 2025-06-11T15:27:02+05:30 logger.go:67:       [32m+[0m[0m description             = "an example private cert"
TestRunUpgradeExample 2025-06-11T15:27:02+05:30 logger.go:67:       [32m+[0m[0m downloaded              = (known after apply)
TestRunUpgradeExample 2025-06-11T15:27:02+05:30 logger.go:67:       [32m+[0m[0m endpoint_type           = "public"
TestRunUpgradeExample 2025-06-11T15:27:02+05:30 logger.go:67:       [32m+[0m[0m exclude_cn_from_sans    = false
TestRunUpgradeExample 2025-06-11T15:27:02+05:30 logger.go:67:       [32m+[0m[0m expiration_date         = (known after apply)
TestRunUpgradeExample 2025-06-11T15:27:02+05:30 logger.go:67:       [32m+[0m[0m format                  = "pem"
TestRunUpgradeExample 2025-06-11T15:27:02+05:30 logger.go:67:       [32m+[0m[0m id                      = (known after apply)
TestRunUpgradeExample 2025-06-11T15:27:02+05:30 logger.go:67:       [32m+[0m[0m instance_id             = "79c6d411-c18f-4670-b009-b0044a238667"
TestRunUpgradeExample 2025-06-11T15:27:02+05:30 logger.go:67:       [32m+[0m[0m issuer                  = (known after apply)
TestRunUpgradeExample 2025-06-11T15:27:02+05:30 logger.go:67:       [32m+[0m[0m issuing_ca              = (sensitive value)
TestRunUpgradeExample 2025-06-11T15:27:02+05:30 logger.go:67:       [32m+[0m[0m key_algorithm           = (known after apply)
TestRunUpgradeExample 2025-06-11T15:27:02+05:30 logger.go:67:       [32m+[0m[0m labels                  = []
TestRunUpgradeExample 2025-06-11T15:27:02+05:30 logger.go:67:       [32m+[0m[0m locks_total             = (known after apply)
TestRunUpgradeExample 2025-06-11T15:27:02+05:30 logger.go:67:       [32m+[0m[0m name                    = "sm-private-cert-upg-xaa7kp-example-private-cert"
TestRunUpgradeExample 2025-06-11T15:27:02+05:30 logger.go:67:       [32m+[0m[0m next_rotation_date      = (known after apply)
TestRunUpgradeExample 2025-06-11T15:27:02+05:30 logger.go:67:       [32m+[0m[0m other_sans              = []
TestRunUpgradeExample 2025-06-11T15:27:02+05:30 logger.go:67:       [32m+[0m[0m private_key             = (sensitive value)
TestRunUpgradeExample 2025-06-11T15:27:02+05:30 logger.go:67:       [32m+[0m[0m private_key_format      = "der"
TestRunUpgradeExample 2025-06-11T15:27:02+05:30 logger.go:67:       [32m+[0m[0m region                  = "us-south"
TestRunUpgradeExample 2025-06-11T15:27:02+05:30 logger.go:67:       [32m+[0m[0m revocation_time_rfc3339 = (known after apply)
TestRunUpgradeExample 2025-06-11T15:27:02+05:30 logger.go:67:       [32m+[0m[0m revocation_time_seconds = (known after apply)
TestRunUpgradeExample 2025-06-11T15:27:02+05:30 logger.go:67:       [32m+[0m[0m secret_group_id         = (known after apply)
TestRunUpgradeExample 2025-06-11T15:27:02+05:30 logger.go:67:       [32m+[0m[0m secret_id               = (known after apply)
TestRunUpgradeExample 2025-06-11T15:27:02+05:30 logger.go:67:       [32m+[0m[0m secret_type             = (known after apply)
TestRunUpgradeExample 2025-06-11T15:27:02+05:30 logger.go:67:       [32m+[0m[0m serial_number           = (known after apply)
TestRunUpgradeExample 2025-06-11T15:27:02+05:30 logger.go:67:       [32m+[0m[0m signing_algorithm       = (known after apply)
TestRunUpgradeExample 2025-06-11T15:27:02+05:30 logger.go:67:       [32m+[0m[0m state                   = (known after apply)
TestRunUpgradeExample 2025-06-11T15:27:02+05:30 logger.go:67:       [32m+[0m[0m state_description       = (known after apply)
TestRunUpgradeExample 2025-06-11T15:27:02+05:30 logger.go:67:       [32m+[0m[0m ttl                     = "364d"
TestRunUpgradeExample 2025-06-11T15:27:02+05:30 logger.go:67:       [32m+[0m[0m updated_at              = (known after apply)
TestRunUpgradeExample 2025-06-11T15:27:02+05:30 logger.go:67:       [32m+[0m[0m validity                = (known after apply)
TestRunUpgradeExample 2025-06-11T15:27:02+05:30 logger.go:67:       [32m+[0m[0m versions_total          = (known after apply)
TestRunUpgradeExample 2025-06-11T15:27:02+05:30 logger.go:67: 
TestRunUpgradeExample 2025-06-11T15:27:02+05:30 logger.go:67:       [32m+[0m[0m rotation {
TestRunUpgradeExample 2025-06-11T15:27:02+05:30 logger.go:67:           [32m+[0m[0m auto_rotate = true
TestRunUpgradeExample 2025-06-11T15:27:02+05:30 logger.go:67:           [32m+[0m[0m interval    = 12
TestRunUpgradeExample 2025-06-11T15:27:02+05:30 logger.go:67:           [32m+[0m[0m unit        = "month"
TestRunUpgradeExample 2025-06-11T15:27:02+05:30 logger.go:67:         }
TestRunUpgradeExample 2025-06-11T15:27:02+05:30 logger.go:67:     }
TestRunUpgradeExample 2025-06-11T15:27:02+05:30 logger.go:67: 
TestRunUpgradeExample 2025-06-11T15:27:02+05:30 logger.go:67: [1m  # module.secrets_manager.module.secrets.data.ibm_sm_secret_groups.existing_secret_groups[0m will be read during apply
TestRunUpgradeExample 2025-06-11T15:27:02+05:30 logger.go:67:   # (config refers to values not yet known)
TestRunUpgradeExample 2025-06-11T15:27:02+05:30 logger.go:67: [0m [36m<=[0m[0m data "ibm_sm_secret_groups" "existing_secret_groups" {
TestRunUpgradeExample 2025-06-11T15:27:02+05:30 logger.go:67:       [32m+[0m[0m endpoint_type = "public"
TestRunUpgradeExample 2025-06-11T15:27:02+05:30 logger.go:67:       [32m+[0m[0m id            = (known after apply)
TestRunUpgradeExample 2025-06-11T15:27:02+05:30 logger.go:67:       [32m+[0m[0m instance_id   = (known after apply)
TestRunUpgradeExample 2025-06-11T15:27:02+05:30 logger.go:67:       [32m+[0m[0m region        = "br-sao"
TestRunUpgradeExample 2025-06-11T15:27:02+05:30 logger.go:67:       [32m+[0m[0m secret_groups = (known after apply)
TestRunUpgradeExample 2025-06-11T15:27:02+05:30 logger.go:67:       [32m+[0m[0m total_count   = (known after apply)
TestRunUpgradeExample 2025-06-11T15:27:02+05:30 logger.go:67:     }
TestRunUpgradeExample 2025-06-11T15:27:02+05:30 logger.go:67: 
TestRunUpgradeExample 2025-06-11T15:27:02+05:30 logger.go:67: [1mPlan:[0m 6 to add, 0 to change, 0 to destroy.
TestRunUpgradeExample 2025-06-11T15:27:02+05:30 logger.go:67: [0m
TestRunUpgradeExample 2025-06-11T15:27:02+05:30 logger.go:67: Changes to Outputs:
TestRunUpgradeExample 2025-06-11T15:27:02+05:30 logger.go:67:   [32m+[0m[0m secret_crn = (known after apply)
TestRunUpgradeExample 2025-06-11T15:27:02+05:30 logger.go:67:   [32m+[0m[0m secret_id  = (known after apply)
TestRunUpgradeExample 2025-06-11T15:27:04+05:30 logger.go:67: [0m[1mmodule.secrets_manager.time_sleep.wait_for_authorization_policy[0]: Creating...[0m[0m
TestRunDefaultExample 2025-06-11T15:27:11+05:30 logger.go:67: [0m[1mmodule.secrets_manager.time_sleep.wait_for_authorization_policy[0]: Still creating... [00m10s elapsed][0m[0m
TestRunUpgradeExample 2025-06-11T15:27:14+05:30 logger.go:67: [0m[1mmodule.secrets_manager.time_sleep.wait_for_authorization_policy[0]: Still creating... [00m10s elapsed][0m[0m
=== NAME  TestPrivateInSchematics
    schematics.go:557: [SCHEMATICS] ... still waiting for job TAR_WORKSPACE_UPLOAD to complete: 1 minutes
    schematics.go:566: [SCHEMATICS] The status of job TAR_WORKSPACE_UPLOAD is: COMPLETED
    tests.go:136: [SCHEMATICS] Updating Workspace Variablestore
TestRunDefaultExample 2025-06-11T15:27:21+05:30 logger.go:67: [0m[1mmodule.secrets_manager.time_sleep.wait_for_authorization_policy[0]: Still creating... [00m20s elapsed][0m[0m
TestRunUpgradeExample 2025-06-11T15:27:24+05:30 logger.go:67: [0m[1mmodule.secrets_manager.time_sleep.wait_for_authorization_policy[0]: Still creating... [00m20s elapsed][0m[0m
    tests.go:152: [SCHEMATICS] Starting PLAN job ...
TestRunDefaultExample 2025-06-11T15:27:31+05:30 logger.go:67: [0m[1mmodule.secrets_manager.time_sleep.wait_for_authorization_policy[0]: Still creating... [00m30s elapsed][0m[0m
TestRunDefaultExample 2025-06-11T15:27:31+05:30 logger.go:67: [0m[1mmodule.secrets_manager.time_sleep.wait_for_authorization_policy[0]: Creation complete after 30s [id=2025-06-11T09:57:31Z][0m
TestRunDefaultExample 2025-06-11T15:27:31+05:30 logger.go:67: [0m[1mmodule.secrets_manager.ibm_resource_instance.secrets_manager_instance[0]: Creating...[0m[0m
=== NAME  TestRunSolutionsFullyConfigurableSchematics
    schematics.go:557: [SCHEMATICS] ... still waiting for job TAR_WORKSPACE_UPLOAD to complete: 1 minutes
    schematics.go:566: [SCHEMATICS] The status of job TAR_WORKSPACE_UPLOAD is: COMPLETED
    tests.go:136: [SCHEMATICS] Updating Workspace Variablestore
TestRunUpgradeExample 2025-06-11T15:27:34+05:30 logger.go:67: [0m[1mmodule.secrets_manager.time_sleep.wait_for_authorization_policy[0]: Still creating... [00m30s elapsed][0m[0m
TestRunUpgradeExample 2025-06-11T15:27:34+05:30 logger.go:67: [0m[1mmodule.secrets_manager.time_sleep.wait_for_authorization_policy[0]: Creation complete after 30s [id=2025-06-11T09:57:34Z][0m
TestRunUpgradeExample 2025-06-11T15:27:34+05:30 logger.go:67: [0m[1mmodule.secrets_manager.ibm_resource_instance.secrets_manager_instance[0]: Creating...[0m[0m
=== NAME  TestRunSolutionsFullyConfigurableUpgradeSchematics
    schematics.go:557: [SCHEMATICS] ... still waiting for job TAR_WORKSPACE_UPLOAD to complete: 1 minutes
    schematics.go:566: [SCHEMATICS] The status of job TAR_WORKSPACE_UPLOAD is: FAILED
    tests.go:457: [SCHEMATICS] Deleting Workspace
=== NAME  TestRunSolutionsFullyConfigurableSchematics
    tests.go:152: [SCHEMATICS] Starting PLAN job ...
TestRunDefaultExample 2025-06-11T15:27:41+05:30 logger.go:67: [0m[1mmodule.secrets_manager.ibm_resource_instance.secrets_manager_instance[0]: Still creating... [00m10s elapsed][0m[0m
=== NAME  TestRunSolutionsFullyConfigurableUpgradeSchematics
    tests.go:480: [SCHEMATICS] Removing temp directory for upgrade test: /var/folders/_b/0hby4j6x32l97kzlgrdw27140000gn/T/terraform-base-sm-pc-up-qlzjkn951154345
    pr_test.go:180: 
        	Error Trace:	/Users/aatreyeemukherjee/Work/terraform-ibm-secrets-manager-private-cert/tests/pr_test.go:180
        	Error:      	Expected nil, but got: &fmt.wrapError{msg:"error setting workspace tar file: tar upload has failed with status FAILED - [ sm-pc-up-qlzjkn (us-east.workspace.sm-pc-up-qlzjkn.8ec9af05) ]", err:(*errors.errorString)(0x14001638320)}
        	Test:       	TestRunSolutionsFullyConfigurableUpgradeSchematics
        	Messages:   	This should not have errored
--- FAIL: TestRunSolutionsFullyConfigurableUpgradeSchematics (115.31s)
TestRunUpgradeExample 2025-06-11T15:27:44+05:30 logger.go:67: [0m[1mmodule.secrets_manager.ibm_resource_instance.secrets_manager_instance[0]: Still creating... [00m10s elapsed][0m[0m
TestRunDefaultExample 2025-06-11T15:27:51+05:30 logger.go:67: [0m[1mmodule.secrets_manager.ibm_resource_instance.secrets_manager_instance[0]: Still creating... [00m20s elapsed][0m[0m
TestRunUpgradeExample 2025-06-11T15:27:54+05:30 logger.go:67: [0m[1mmodule.secrets_manager.ibm_resource_instance.secrets_manager_instance[0]: Still creating... [00m20s elapsed][0m[0m
TestRunDefaultExample 2025-06-11T15:28:01+05:30 logger.go:67: [0m[1mmodule.secrets_manager.ibm_resource_instance.secrets_manager_instance[0]: Still creating... [00m30s elapsed][0m[0m
TestRunUpgradeExample 2025-06-11T15:28:04+05:30 logger.go:67: [0m[1mmodule.secrets_manager.ibm_resource_instance.secrets_manager_instance[0]: Still creating... [00m30s elapsed][0m[0m
TestRunDefaultExample 2025-06-11T15:28:11+05:30 logger.go:67: [0m[1mmodule.secrets_manager.ibm_resource_instance.secrets_manager_instance[0]: Still creating... [00m40s elapsed][0m[0m
TestRunUpgradeExample 2025-06-11T15:28:14+05:30 logger.go:67: [0m[1mmodule.secrets_manager.ibm_resource_instance.secrets_manager_instance[0]: Still creating... [00m40s elapsed][0m[0m
TestRunDefaultExample 2025-06-11T15:28:21+05:30 logger.go:67: [0m[1mmodule.secrets_manager.ibm_resource_instance.secrets_manager_instance[0]: Still creating... [00m50s elapsed][0m[0m
TestRunUpgradeExample 2025-06-11T15:28:24+05:30 logger.go:67: [0m[1mmodule.secrets_manager.ibm_resource_instance.secrets_manager_instance[0]: Still creating... [00m50s elapsed][0m[0m
=== NAME  TestPrivateInSchematics
    schematics.go:557: [SCHEMATICS] ... still waiting for job PLAN to complete: 1 minutes
TestRunDefaultExample 2025-06-11T15:28:31+05:30 logger.go:67: [0m[1mmodule.secrets_manager.ibm_resource_instance.secrets_manager_instance[0]: Still creating... [01m00s elapsed][0m[0m
TestRunUpgradeExample 2025-06-11T15:28:34+05:30 logger.go:67: [0m[1mmodule.secrets_manager.ibm_resource_instance.secrets_manager_instance[0]: Still creating... [01m00s elapsed][0m[0m
=== NAME  TestRunSolutionsFullyConfigurableSchematics
    schematics.go:557: [SCHEMATICS] ... still waiting for job PLAN to complete: 1 minutes
    schematics.go:566: [SCHEMATICS] The status of job PLAN is: FAILED
    tests.go:155: 
        	Error Trace:	/Users/aatreyeemukherjee/go/pkg/mod/github.com/terraform-ibm-modules/ibmcloud-terratest-wrapper@v1.49.1/testschematic/tests.go:155
        	            				/Users/aatreyeemukherjee/go/pkg/mod/github.com/terraform-ibm-modules/ibmcloud-terratest-wrapper@v1.49.1/testschematic/tests.go:27
        	            				/Users/aatreyeemukherjee/Work/terraform-ibm-secrets-manager-private-cert/tests/pr_test.go:151
        	Error:      	Not equal: 
        	            	expected: "COMPLETED"
        	            	actual  : "FAILED"
        	            	
        	            	Diff:
        	            	--- Expected
        	            	+++ Actual
        	            	@@ -1 +1 @@
        	            	-COMPLETED
        	            	+FAILED
        	Test:       	TestRunSolutionsFullyConfigurableSchematics
        	Messages:   	PLAN has failed with status FAILED - [ sm-pc-xaa7kp (eu-gb.workspace.sm-pc-xaa7kp.fb48b0e5) ]
TestRunDefaultExample 2025-06-11T15:28:41+05:30 logger.go:67: [0m[1mmodule.secrets_manager.ibm_resource_instance.secrets_manager_instance[0]: Still creating... [01m10s elapsed][0m[0m
    tests.go:515: =============== BEGIN PLAN JOB LOG (eu-gb.workspace.sm-pc-xaa7kp.fb48b0e5) ===============
        SCHEMATICS LOG URL: https://cloud.ibm.com/schematics/workspaces/eu-gb.workspace.sm-pc-xaa7kp.fb48b0e5/log/d3adc597ba382fd92c9c1cee5184fb5a
         2025/06/11 09:57:46 [1m-----  New Workspace Action  -----[21m[0m
         2025/06/11 09:57:46 Request: activitId=d3adc597ba382fd92c9c1cee5184fb5a, account=abac0df06b644a9cabc6e44f55b3880e, owner=Aatreyee.Mukherjee@ibm.com, requestID=1ebaf5ce-4e82-410e-8b39-cd93fd820161
         2025/06/11 09:57:47 Related Activity: action=PLAN, workspaceID=eu-gb.workspace.sm-pc-xaa7kp.fb48b0e5, processedBy=orchestrator-58676d6958-6f9f4
         2025/06/11 09:57:47 Related Workspace: name=sm-pc-xaa7kp, sourcerelease=(not specified), sourceurl=, folder=solutions/fully-configurable
         2025/06/11 09:57:50  --- Ready to execute the command --- 
         2025/06/11 09:57:52 workspace.template.EnvFile: 55f62431-c6ba-42ac-a6e1-79e5265bbca7
         2025/06/11 09:57:54 workspace.template.SecFile: 48cedf46-023b-49f7-b39a-169af3850b91
         2025/06/11 09:57:50 [1m-----  New Action  -----[21m[0m
         2025/06/11 09:57:50 Request: requestID=1ebaf5ce-4e82-410e-8b39-cd93fd820161
         2025/06/11 09:57:55 Related Activity: action=Plan, workspaceID=eu-gb.workspace.sm-pc-xaa7kp.fb48b0e5, processedByOrchestrator=1ebaf5ce-4e82-410e-8b39-cd93fd820161_d3adc597ba382fd92c9c1cee5184fb5a, processedByJob=job12-f64fb44f5-kf5d7, actionType=Terraform
         
         2025/06/11 09:58:00 [1m-----  Terraform INIT  -----[21m[0m
         
         2025/06/11 09:58:00 [34mStarting command: terraform1.10 init -input=false -no-color[39m[0m
         2025/06/11 09:58:00 Starting command: terraform1.10 init -input=false -no-color
         2025/06/11 09:58:00 Terraform init | Initializing the backend...
         2025/06/11 09:58:00 Terraform init | Initializing modules...
         2025/06/11 09:58:00 Terraform init | Downloading registry.terraform.io/terraform-ibm-modules/common-utilities/ibm 1.1.0 for crn_parser...
         2025/06/11 09:58:03 Terraform init | - crn_parser in .terraform/modules/crn_parser/modules/crn-parser
         2025/06/11 09:58:03 Terraform init | - secrets_manager_private_cert in ../..
         2025/06/11 09:58:03 Terraform init | Initializing provider plugins...
         2025/06/11 09:58:03 Terraform init | - Finding ibm-cloud/ibm versions matching ">= 1.76.0, 1.79.0, < 2.0.0"...
         2025/06/11 09:58:05 Terraform init | - Installing ibm-cloud/ibm v1.79.0...
         2025/06/11 09:58:09 Terraform init | - Installed ibm-cloud/ibm v1.79.0 (self-signed, key ID AAD3B791C49CC253)
         2025/06/11 09:58:09 Terraform init | Partner and community providers are signed by their developers.
         2025/06/11 09:58:09 Terraform init | If you'd like to know more about provider signing, you can read about it here:
         2025/06/11 09:58:09 Terraform init | https://www.terraform.io/docs/cli/plugins/signing.html
         2025/06/11 09:58:09 Terraform init | Terraform has created a lock file .terraform.lock.hcl to record the provider
         2025/06/11 09:58:09 Terraform init | selections it made above. Include this file in your version control repository
         2025/06/11 09:58:09 Terraform init | so that Terraform can guarantee to make the same selections by default when
         2025/06/11 09:58:09 Terraform init | you run "terraform init" in the future.
         2025/06/11 09:58:09 Terraform init | 
         2025/06/11 09:58:09 Terraform init | Terraform has been successfully initialized!
         2025/06/11 09:58:09 Command finished successfully.
         
         2025/06/11 09:58:09 [1m-----  Terraform PLAN  -----[21m[0m
         
         2025/06/11 09:58:09 [34mStarting command: terraform1.10 plan -input=false -refresh=true -state=terraform.tfstate -var-file=schematics.tfvars -no-color -out=tfplan.binary[39m[0m
         2025/06/11 09:58:09 Starting command: terraform1.10 plan -input=false -refresh=true -state=terraform.tfstate -var-file=schematics.tfvars -no-color -out=tfplan.binary
         2025/06/11 09:58:09 Terraform plan | 
         2025/06/11 09:58:09 Terraform plan | Warning: Deprecated flag: -state
         2025/06/11 09:58:09 Terraform plan | 
         2025/06/11 09:58:09 Terraform plan | Use `path` attribute within the `local` backend instead:
         2025/06/11 09:58:09 Terraform plan | https://developer.hashicorp.com/terraform/language/v1.10.x/settings/backends/local#path
         2025/06/11 09:58:13 Terraform plan | 
         2025/06/11 09:58:13 Terraform plan | Planning failed. Terraform encountered an error while generating this plan.
         2025/06/11 09:58:13 Terraform plan | 
         2025/06/11 09:58:13 Terraform plan | 
         2025/06/11 09:58:13 Terraform plan | Error: Missing required argument
         2025/06/11 09:58:13 Terraform plan | 
         2025/06/11 09:58:13 Terraform plan |   with module.secrets_manager_private_cert.ibm_sm_private_certificate.secrets_manager_private_certificate,
         2025/06/11 09:58:13 Terraform plan |   on ../../main.tf line 2, in resource "ibm_sm_private_certificate" "secrets_manager_private_certificate":
         2025/06/11 09:58:13 Terraform plan |    2:   instance_id             = var.secrets_manager_guid
         2025/06/11 09:58:13 Terraform plan | 
         2025/06/11 09:58:13 Terraform plan | The argument "instance_id" is required, but no definition was found.
         2025/06/11 09:58:13 [1m[31mTerraform PLAN error: Terraform PLAN errorexit status 1[39m[0m
         
         2025/06/11 09:58:13 [1m-----  Terraform SHOW  -----[21m[0m
         
         2025/06/11 09:58:13 [34mStarting command: terraform1.10 show -no-color -json tfplan.binary[39m[0m
         2025/06/11 09:58:13 Starting command: terraform1.10 show -no-color -json tfplan.binary
         2025/06/11 09:58:16 Command finished successfully.
         2025/06/11 09:58:16 [1m[31mCould not execute job: Error : Terraform PLAN errorexit status 1[39m[0m
        
        =============== END PLAN JOB LOG (eu-gb.workspace.sm-pc-xaa7kp.fb48b0e5) ===============
--- FAIL: TestRunSolutionsFullyConfigurableSchematics (175.56s)
TestRunUpgradeExample 2025-06-11T15:28:44+05:30 logger.go:67: [0m[1mmodule.secrets_manager.ibm_resource_instance.secrets_manager_instance[0]: Still creating... [01m10s elapsed][0m[0m
TestRunDefaultExample 2025-06-11T15:28:51+05:30 logger.go:67: [0m[1mmodule.secrets_manager.ibm_resource_instance.secrets_manager_instance[0]: Still creating... [01m20s elapsed][0m[0m
TestRunUpgradeExample 2025-06-11T15:28:54+05:30 logger.go:67: [0m[1mmodule.secrets_manager.ibm_resource_instance.secrets_manager_instance[0]: Still creating... [01m20s elapsed][0m[0m
TestRunDefaultExample 2025-06-11T15:29:01+05:30 logger.go:67: [0m[1mmodule.secrets_manager.ibm_resource_instance.secrets_manager_instance[0]: Still creating... [01m30s elapsed][0m[0m
TestRunUpgradeExample 2025-06-11T15:29:04+05:30 logger.go:67: [0m[1mmodule.secrets_manager.ibm_resource_instance.secrets_manager_instance[0]: Still creating... [01m30s elapsed][0m[0m
TestRunDefaultExample 2025-06-11T15:29:11+05:30 logger.go:67: [0m[1mmodule.secrets_manager.ibm_resource_instance.secrets_manager_instance[0]: Still creating... [01m40s elapsed][0m[0m
TestRunUpgradeExample 2025-06-11T15:29:14+05:30 logger.go:67: [0m[1mmodule.secrets_manager.ibm_resource_instance.secrets_manager_instance[0]: Still creating... [01m40s elapsed][0m[0m
TestRunDefaultExample 2025-06-11T15:29:21+05:30 logger.go:67: [0m[1mmodule.secrets_manager.ibm_resource_instance.secrets_manager_instance[0]: Still creating... [01m50s elapsed][0m[0m
TestRunUpgradeExample 2025-06-11T15:29:24+05:30 logger.go:67: [0m[1mmodule.secrets_manager.ibm_resource_instance.secrets_manager_instance[0]: Still creating... [01m50s elapsed][0m[0m
=== NAME  TestPrivateInSchematics
    schematics.go:557: [SCHEMATICS] ... still waiting for job PLAN to complete: 2 minutes
    schematics.go:566: [SCHEMATICS] The status of job PLAN is: COMPLETED
TestRunDefaultExample 2025-06-11T15:29:31+05:30 logger.go:67: [0m[1mmodule.secrets_manager.ibm_resource_instance.secrets_manager_instance[0]: Still creating... [02m00s elapsed][0m[0m
    tests.go:186: [SCHEMATICS] Starting APPLY job ...
TestRunUpgradeExample 2025-06-11T15:29:34+05:30 logger.go:67: [0m[1mmodule.secrets_manager.ibm_resource_instance.secrets_manager_instance[0]: Still creating... [02m00s elapsed][0m[0m
TestRunDefaultExample 2025-06-11T15:29:41+05:30 logger.go:67: [0m[1mmodule.secrets_manager.ibm_resource_instance.secrets_manager_instance[0]: Still creating... [02m10s elapsed][0m[0m
TestRunUpgradeExample 2025-06-11T15:29:44+05:30 logger.go:67: [0m[1mmodule.secrets_manager.ibm_resource_instance.secrets_manager_instance[0]: Still creating... [02m10s elapsed][0m[0m
TestRunDefaultExample 2025-06-11T15:29:51+05:30 logger.go:67: [0m[1mmodule.secrets_manager.ibm_resource_instance.secrets_manager_instance[0]: Still creating... [02m20s elapsed][0m[0m
TestRunUpgradeExample 2025-06-11T15:29:54+05:30 logger.go:67: [0m[1mmodule.secrets_manager.ibm_resource_instance.secrets_manager_instance[0]: Still creating... [02m20s elapsed][0m[0m
TestRunDefaultExample 2025-06-11T15:30:01+05:30 logger.go:67: [0m[1mmodule.secrets_manager.ibm_resource_instance.secrets_manager_instance[0]: Still creating... [02m30s elapsed][0m[0m
TestRunUpgradeExample 2025-06-11T15:30:04+05:30 logger.go:67: [0m[1mmodule.secrets_manager.ibm_resource_instance.secrets_manager_instance[0]: Still creating... [02m30s elapsed][0m[0m
TestRunDefaultExample 2025-06-11T15:30:11+05:30 logger.go:67: [0m[1mmodule.secrets_manager.ibm_resource_instance.secrets_manager_instance[0]: Still creating... [02m40s elapsed][0m[0m
TestRunUpgradeExample 2025-06-11T15:30:14+05:30 logger.go:67: [0m[1mmodule.secrets_manager.ibm_resource_instance.secrets_manager_instance[0]: Still creating... [02m40s elapsed][0m[0m
TestRunDefaultExample 2025-06-11T15:30:21+05:30 logger.go:67: [0m[1mmodule.secrets_manager.ibm_resource_instance.secrets_manager_instance[0]: Still creating... [02m50s elapsed][0m[0m
TestRunUpgradeExample 2025-06-11T15:30:24+05:30 logger.go:67: [0m[1mmodule.secrets_manager.ibm_resource_instance.secrets_manager_instance[0]: Still creating... [02m50s elapsed][0m[0m
TestRunDefaultExample 2025-06-11T15:30:31+05:30 logger.go:67: [0m[1mmodule.secrets_manager.ibm_resource_instance.secrets_manager_instance[0]: Still creating... [03m00s elapsed][0m[0m
    schematics.go:557: [SCHEMATICS] ... still waiting for job APPLY to complete: 1 minutes
TestRunUpgradeExample 2025-06-11T15:30:34+05:30 logger.go:67: [0m[1mmodule.secrets_manager.ibm_resource_instance.secrets_manager_instance[0]: Still creating... [03m00s elapsed][0m[0m
TestRunDefaultExample 2025-06-11T15:30:41+05:30 logger.go:67: [0m[1mmodule.secrets_manager.ibm_resource_instance.secrets_manager_instance[0]: Still creating... [03m10s elapsed][0m[0m
TestRunUpgradeExample 2025-06-11T15:30:44+05:30 logger.go:67: [0m[1mmodule.secrets_manager.ibm_resource_instance.secrets_manager_instance[0]: Still creating... [03m10s elapsed][0m[0m
TestRunDefaultExample 2025-06-11T15:30:51+05:30 logger.go:67: [0m[1mmodule.secrets_manager.ibm_resource_instance.secrets_manager_instance[0]: Still creating... [03m20s elapsed][0m[0m
TestRunUpgradeExample 2025-06-11T15:30:54+05:30 logger.go:67: [0m[1mmodule.secrets_manager.ibm_resource_instance.secrets_manager_instance[0]: Still creating... [03m20s elapsed][0m[0m
TestRunDefaultExample 2025-06-11T15:31:01+05:30 logger.go:67: [0m[1mmodule.secrets_manager.ibm_resource_instance.secrets_manager_instance[0]: Still creating... [03m30s elapsed][0m[0m
TestRunUpgradeExample 2025-06-11T15:31:04+05:30 logger.go:67: [0m[1mmodule.secrets_manager.ibm_resource_instance.secrets_manager_instance[0]: Still creating... [03m30s elapsed][0m[0m
TestRunDefaultExample 2025-06-11T15:31:11+05:30 logger.go:67: [0m[1mmodule.secrets_manager.ibm_resource_instance.secrets_manager_instance[0]: Still creating... [03m40s elapsed][0m[0m
TestRunUpgradeExample 2025-06-11T15:31:14+05:30 logger.go:67: [0m[1mmodule.secrets_manager.ibm_resource_instance.secrets_manager_instance[0]: Still creating... [03m40s elapsed][0m[0m
TestRunDefaultExample 2025-06-11T15:31:21+05:30 logger.go:67: [0m[1mmodule.secrets_manager.ibm_resource_instance.secrets_manager_instance[0]: Still creating... [03m50s elapsed][0m[0m
TestRunUpgradeExample 2025-06-11T15:31:24+05:30 logger.go:67: [0m[1mmodule.secrets_manager.ibm_resource_instance.secrets_manager_instance[0]: Still creating... [03m50s elapsed][0m[0m
TestRunDefaultExample 2025-06-11T15:31:31+05:30 logger.go:67: [0m[1mmodule.secrets_manager.ibm_resource_instance.secrets_manager_instance[0]: Still creating... [04m00s elapsed][0m[0m
    schematics.go:557: [SCHEMATICS] ... still waiting for job APPLY to complete: 2 minutes
TestRunUpgradeExample 2025-06-11T15:31:34+05:30 logger.go:67: [0m[1mmodule.secrets_manager.ibm_resource_instance.secrets_manager_instance[0]: Still creating... [04m00s elapsed][0m[0m
TestRunDefaultExample 2025-06-11T15:31:41+05:30 logger.go:67: [0m[1mmodule.secrets_manager.ibm_resource_instance.secrets_manager_instance[0]: Still creating... [04m10s elapsed][0m[0m
TestRunUpgradeExample 2025-06-11T15:31:44+05:30 logger.go:67: [0m[1mmodule.secrets_manager.ibm_resource_instance.secrets_manager_instance[0]: Still creating... [04m10s elapsed][0m[0m
TestRunDefaultExample 2025-06-11T15:31:51+05:30 logger.go:67: [0m[1mmodule.secrets_manager.ibm_resource_instance.secrets_manager_instance[0]: Still creating... [04m20s elapsed][0m[0m
TestRunUpgradeExample 2025-06-11T15:31:54+05:30 logger.go:67: [0m[1mmodule.secrets_manager.ibm_resource_instance.secrets_manager_instance[0]: Still creating... [04m20s elapsed][0m[0m
TestRunDefaultExample 2025-06-11T15:32:01+05:30 logger.go:67: [0m[1mmodule.secrets_manager.ibm_resource_instance.secrets_manager_instance[0]: Still creating... [04m30s elapsed][0m[0m
TestRunUpgradeExample 2025-06-11T15:32:04+05:30 logger.go:67: [0m[1mmodule.secrets_manager.ibm_resource_instance.secrets_manager_instance[0]: Still creating... [04m30s elapsed][0m[0m
TestRunDefaultExample 2025-06-11T15:32:11+05:30 logger.go:67: [0m[1mmodule.secrets_manager.ibm_resource_instance.secrets_manager_instance[0]: Still creating... [04m40s elapsed][0m[0m
TestRunUpgradeExample 2025-06-11T15:32:14+05:30 logger.go:67: [0m[1mmodule.secrets_manager.ibm_resource_instance.secrets_manager_instance[0]: Still creating... [04m40s elapsed][0m[0m
TestRunDefaultExample 2025-06-11T15:32:21+05:30 logger.go:67: [0m[1mmodule.secrets_manager.ibm_resource_instance.secrets_manager_instance[0]: Still creating... [04m50s elapsed][0m[0m
TestRunUpgradeExample 2025-06-11T15:32:24+05:30 logger.go:67: [0m[1mmodule.secrets_manager.ibm_resource_instance.secrets_manager_instance[0]: Still creating... [04m50s elapsed][0m[0m
TestRunDefaultExample 2025-06-11T15:32:31+05:30 logger.go:67: [0m[1mmodule.secrets_manager.ibm_resource_instance.secrets_manager_instance[0]: Still creating... [05m00s elapsed][0m[0m
    schematics.go:557: [SCHEMATICS] ... still waiting for job APPLY to complete: 3 minutes
TestRunUpgradeExample 2025-06-11T15:32:34+05:30 logger.go:67: [0m[1mmodule.secrets_manager.ibm_resource_instance.secrets_manager_instance[0]: Still creating... [05m00s elapsed][0m[0m
TestRunDefaultExample 2025-06-11T15:32:41+05:30 logger.go:67: [0m[1mmodule.secrets_manager.ibm_resource_instance.secrets_manager_instance[0]: Still creating... [05m10s elapsed][0m[0m
TestRunUpgradeExample 2025-06-11T15:32:44+05:30 logger.go:67: [0m[1mmodule.secrets_manager.ibm_resource_instance.secrets_manager_instance[0]: Still creating... [05m10s elapsed][0m[0m
TestRunDefaultExample 2025-06-11T15:32:51+05:30 logger.go:67: [0m[1mmodule.secrets_manager.ibm_resource_instance.secrets_manager_instance[0]: Still creating... [05m20s elapsed][0m[0m
TestRunUpgradeExample 2025-06-11T15:32:54+05:30 logger.go:67: [0m[1mmodule.secrets_manager.ibm_resource_instance.secrets_manager_instance[0]: Still creating... [05m20s elapsed][0m[0m
TestRunDefaultExample 2025-06-11T15:33:01+05:30 logger.go:67: [0m[1mmodule.secrets_manager.ibm_resource_instance.secrets_manager_instance[0]: Still creating... [05m30s elapsed][0m[0m
TestRunUpgradeExample 2025-06-11T15:33:04+05:30 logger.go:67: [0m[1mmodule.secrets_manager.ibm_resource_instance.secrets_manager_instance[0]: Still creating... [05m30s elapsed][0m[0m
TestRunDefaultExample 2025-06-11T15:33:11+05:30 logger.go:67: [0m[1mmodule.secrets_manager.ibm_resource_instance.secrets_manager_instance[0]: Still creating... [05m40s elapsed][0m[0m
TestRunUpgradeExample 2025-06-11T15:33:14+05:30 logger.go:67: [0m[1mmodule.secrets_manager.ibm_resource_instance.secrets_manager_instance[0]: Still creating... [05m40s elapsed][0m[0m
TestRunDefaultExample 2025-06-11T15:33:21+05:30 logger.go:67: [0m[1mmodule.secrets_manager.ibm_resource_instance.secrets_manager_instance[0]: Still creating... [05m50s elapsed][0m[0m
TestRunUpgradeExample 2025-06-11T15:33:24+05:30 logger.go:67: [0m[1mmodule.secrets_manager.ibm_resource_instance.secrets_manager_instance[0]: Still creating... [05m50s elapsed][0m[0m
TestRunDefaultExample 2025-06-11T15:33:31+05:30 logger.go:67: [0m[1mmodule.secrets_manager.ibm_resource_instance.secrets_manager_instance[0]: Still creating... [06m00s elapsed][0m[0m
    schematics.go:557: [SCHEMATICS] ... still waiting for job APPLY to complete: 4 minutes
TestRunUpgradeExample 2025-06-11T15:33:34+05:30 logger.go:67: [0m[1mmodule.secrets_manager.ibm_resource_instance.secrets_manager_instance[0]: Still creating... [06m00s elapsed][0m[0m
TestRunDefaultExample 2025-06-11T15:33:41+05:30 logger.go:67: [0m[1mmodule.secrets_manager.ibm_resource_instance.secrets_manager_instance[0]: Still creating... [06m10s elapsed][0m[0m
TestRunUpgradeExample 2025-06-11T15:33:44+05:30 logger.go:67: [0m[1mmodule.secrets_manager.ibm_resource_instance.secrets_manager_instance[0]: Still creating... [06m10s elapsed][0m[0m
TestRunDefaultExample 2025-06-11T15:33:51+05:30 logger.go:67: [0m[1mmodule.secrets_manager.ibm_resource_instance.secrets_manager_instance[0]: Still creating... [06m20s elapsed][0m[0m
TestRunUpgradeExample 2025-06-11T15:33:54+05:30 logger.go:67: [0m[1mmodule.secrets_manager.ibm_resource_instance.secrets_manager_instance[0]: Still creating... [06m20s elapsed][0m[0m
TestRunDefaultExample 2025-06-11T15:34:01+05:30 logger.go:67: [0m[1mmodule.secrets_manager.ibm_resource_instance.secrets_manager_instance[0]: Still creating... [06m30s elapsed][0m[0m
TestRunUpgradeExample 2025-06-11T15:34:04+05:30 logger.go:67: [0m[1mmodule.secrets_manager.ibm_resource_instance.secrets_manager_instance[0]: Still creating... [06m30s elapsed][0m[0m
TestRunDefaultExample 2025-06-11T15:34:11+05:30 logger.go:67: [0m[1mmodule.secrets_manager.ibm_resource_instance.secrets_manager_instance[0]: Still creating... [06m40s elapsed][0m[0m
TestRunUpgradeExample 2025-06-11T15:34:14+05:30 logger.go:67: [0m[1mmodule.secrets_manager.ibm_resource_instance.secrets_manager_instance[0]: Still creating... [06m40s elapsed][0m[0m
TestRunDefaultExample 2025-06-11T15:34:21+05:30 logger.go:67: [0m[1mmodule.secrets_manager.ibm_resource_instance.secrets_manager_instance[0]: Still creating... [06m50s elapsed][0m[0m
TestRunUpgradeExample 2025-06-11T15:34:24+05:30 logger.go:67: [0m[1mmodule.secrets_manager.ibm_resource_instance.secrets_manager_instance[0]: Still creating... [06m50s elapsed][0m[0m
TestRunDefaultExample 2025-06-11T15:34:31+05:30 logger.go:67: [0m[1mmodule.secrets_manager.ibm_resource_instance.secrets_manager_instance[0]: Still creating... [07m00s elapsed][0m[0m
TestRunUpgradeExample 2025-06-11T15:34:34+05:30 logger.go:67: [0m[1mmodule.secrets_manager.ibm_resource_instance.secrets_manager_instance[0]: Still creating... [07m00s elapsed][0m[0m
    schematics.go:557: [SCHEMATICS] ... still waiting for job APPLY to complete: 5 minutes
TestRunDefaultExample 2025-06-11T15:34:41+05:30 logger.go:67: [0m[1mmodule.secrets_manager.ibm_resource_instance.secrets_manager_instance[0]: Still creating... [07m10s elapsed][0m[0m
TestRunUpgradeExample 2025-06-11T15:34:44+05:30 logger.go:67: [0m[1mmodule.secrets_manager.ibm_resource_instance.secrets_manager_instance[0]: Still creating... [07m10s elapsed][0m[0m
TestRunDefaultExample 2025-06-11T15:34:51+05:30 logger.go:67: [0m[1mmodule.secrets_manager.ibm_resource_instance.secrets_manager_instance[0]: Still creating... [07m20s elapsed][0m[0m
TestRunUpgradeExample 2025-06-11T15:34:54+05:30 logger.go:67: [0m[1mmodule.secrets_manager.ibm_resource_instance.secrets_manager_instance[0]: Still creating... [07m20s elapsed][0m[0m
TestRunDefaultExample 2025-06-11T15:35:01+05:30 logger.go:67: [0m[1mmodule.secrets_manager.ibm_resource_instance.secrets_manager_instance[0]: Still creating... [07m30s elapsed][0m[0m
TestRunUpgradeExample 2025-06-11T15:35:04+05:30 logger.go:67: [0m[1mmodule.secrets_manager.ibm_resource_instance.secrets_manager_instance[0]: Still creating... [07m30s elapsed][0m[0m
TestRunDefaultExample 2025-06-11T15:35:11+05:30 logger.go:67: [0m[1mmodule.secrets_manager.ibm_resource_instance.secrets_manager_instance[0]: Still creating... [07m40s elapsed][0m[0m
TestRunUpgradeExample 2025-06-11T15:35:14+05:30 logger.go:67: [0m[1mmodule.secrets_manager.ibm_resource_instance.secrets_manager_instance[0]: Still creating... [07m40s elapsed][0m[0m
TestRunDefaultExample 2025-06-11T15:35:21+05:30 logger.go:67: [0m[1mmodule.secrets_manager.ibm_resource_instance.secrets_manager_instance[0]: Still creating... [07m50s elapsed][0m[0m
TestRunDefaultExample 2025-06-11T15:35:24+05:30 logger.go:67: [0m[1mmodule.secrets_manager.ibm_resource_instance.secrets_manager_instance[0]: Creation complete after 7m54s [id=crn:v1:bluemix:public:secrets-manager:br-sao:a/abac0df06b644a9cabc6e44f55b3880e:67c42a83-e8ab-4fc3-a1cf-fad03471fbec::][0m
TestRunDefaultExample 2025-06-11T15:35:24+05:30 logger.go:67: [0m[1mmodule.secrets_manager.module.secrets.data.ibm_sm_secret_groups.existing_secret_groups: Reading...[0m[0m
TestRunDefaultExample 2025-06-11T15:35:24+05:30 logger.go:67: [0m[1mibm_sm_secret_group.secret_group: Creating...[0m[0m
TestRunDefaultExample 2025-06-11T15:35:24+05:30 logger.go:67: [0m[1mmodule.secrets_manager.ibm_iam_authorization_policy.iam_identity_policy[0]: Creating...[0m[0m
TestRunDefaultExample 2025-06-11T15:35:24+05:30 logger.go:67: [0m[1mmodule.secrets_manager.ibm_iam_authorization_policy.iam_groups_policy[0]: Creating...[0m[0m
TestRunUpgradeExample 2025-06-11T15:35:24+05:30 logger.go:67: [0m[1mmodule.secrets_manager.ibm_resource_instance.secrets_manager_instance[0]: Still creating... [07m50s elapsed][0m[0m
TestRunDefaultExample 2025-06-11T15:35:26+05:30 logger.go:67: [0m[1mmodule.secrets_manager.ibm_iam_authorization_policy.iam_identity_policy[0]: Creation complete after 2s [id=4fa53017-7262-4500-aa86-936c00fdeb50][0m
TestRunDefaultExample 2025-06-11T15:35:26+05:30 logger.go:67: [0m[1mibm_sm_secret_group.secret_group: Creation complete after 2s [id=us-south/79c6d411-c18f-4670-b009-b0044a238667/2eef666e-88e0-1c82-b100-23e16a662011][0m
TestRunDefaultExample 2025-06-11T15:35:26+05:30 logger.go:67: [0m[1mmodule.secrets_manager_private_certificate.ibm_sm_private_certificate.secrets_manager_private_certificate: Creating...[0m[0m
TestRunDefaultExample 2025-06-11T15:35:26+05:30 logger.go:67: [0m[1mmodule.secrets_manager.ibm_iam_authorization_policy.iam_groups_policy[0]: Creation complete after 2s [id=8832fe37-f53d-48ad-a257-7cb7659c3f3e][0m
TestRunDefaultExample 2025-06-11T15:35:26+05:30 logger.go:67: [0m[1mmodule.secrets_manager.module.secrets.data.ibm_sm_secret_groups.existing_secret_groups: Read complete after 2s [id=br-sao/67c42a83-e8ab-4fc3-a1cf-fad03471fbec][0m
TestRunDefaultExample 2025-06-11T15:35:30+05:30 logger.go:67: [0m[1mmodule.secrets_manager_private_certificate.ibm_sm_private_certificate.secrets_manager_private_certificate: Creation complete after 3s [id=us-south/79c6d411-c18f-4670-b009-b0044a238667/976b7c16-fb09-f63d-2acf-748ff9c3fb67][0m
TestRunDefaultExample 2025-06-11T15:35:30+05:30 logger.go:67: [0m[1m[32m
TestRunDefaultExample 2025-06-11T15:35:30+05:30 logger.go:67: Apply complete! Resources: 6 added, 0 changed, 0 destroyed.
TestRunDefaultExample 2025-06-11T15:35:30+05:30 logger.go:67: [0m[0m[1m[32m
TestRunDefaultExample 2025-06-11T15:35:30+05:30 logger.go:67: Outputs:
TestRunDefaultExample 2025-06-11T15:35:30+05:30 logger.go:67: 
TestRunDefaultExample 2025-06-11T15:35:30+05:30 logger.go:67: [0msecret_crn = "crn:v1:bluemix:public:secrets-manager:us-south:a/abac0df06b644a9cabc6e44f55b3880e:79c6d411-c18f-4670-b009-b0044a238667:secret:976b7c16-fb09-f63d-2acf-748ff9c3fb67"
TestRunDefaultExample 2025-06-11T15:35:30+05:30 logger.go:67: secret_id = "976b7c16-fb09-f63d-2acf-748ff9c3fb67"
TestRunDefaultExample 2025-06-11T15:35:30+05:30 tests.go:664: FINISHED: Init / Apply
TestRunDefaultExample 2025-06-11T15:35:30+05:30 retry.go:91: terraform [output -no-color -json]
TestRunDefaultExample 2025-06-11T15:35:30+05:30 tests.go:618: START: Init / Plan / Show w/Struct
TestRunDefaultExample 2025-06-11T15:35:30+05:30 retry.go:91: terraform [init -upgrade=true]
TestRunUpgradeExample 2025-06-11T15:35:34+05:30 logger.go:67: [0m[1mmodule.secrets_manager.ibm_resource_instance.secrets_manager_instance[0]: Still creating... [08m00s elapsed][0m[0m
    schematics.go:557: [SCHEMATICS] ... still waiting for job APPLY to complete: 6 minutes
TestRunUpgradeExample 2025-06-11T15:35:44+05:30 logger.go:67: [0m[1mmodule.secrets_manager.ibm_resource_instance.secrets_manager_instance[0]: Still creating... [08m10s elapsed][0m[0m
TestRunUpgradeExample 2025-06-11T15:35:54+05:30 logger.go:67: [0m[1mmodule.secrets_manager.ibm_resource_instance.secrets_manager_instance[0]: Still creating... [08m20s elapsed][0m[0m
TestRunDefaultExample 2025-06-11T15:35:59+05:30 retry.go:91: terraform [plan -input=false -lock=false -var resource_group=geretain-test-resources -var resource_tags=[] -var existing_sm_instance_guid=79c6d411-c18f-4670-b009-b0044a238667 -var existing_sm_instance_region=us-south -var certificate_template_name=geretain-cert-template -var prefix=sm-private-cert-xaa7kp -var region=br-sao -lock=false -out=/var/folders/_b/0hby4j6x32l97kzlgrdw27140000gn/T/terraform-sm-private-cert-xaa7kp1428381156/examples/default/terratest-plan-file-1148442101]
TestRunUpgradeExample 2025-06-11T15:36:04+05:30 logger.go:67: [0m[1mmodule.secrets_manager.ibm_resource_instance.secrets_manager_instance[0]: Still creating... [08m30s elapsed][0m[0m
TestRunDefaultExample 2025-06-11T15:36:08+05:30 retry.go:91: terraform [show -no-color -json /var/folders/_b/0hby4j6x32l97kzlgrdw27140000gn/T/terraform-sm-private-cert-xaa7kp1428381156/examples/default/terratest-plan-file-1148442101]
TestRunDefaultExample 2025-06-11T15:36:08+05:30 tests.go:636: FINISHED: Init / Plan / Show w/Struct
TestRunDefaultExample 2025-06-11T15:36:08+05:30 retry.go:91: terraform [plan -input=false -lock=false -var existing_sm_instance_guid=79c6d411-c18f-4670-b009-b0044a238667 -var existing_sm_instance_region=us-south -var certificate_template_name=geretain-cert-template -var prefix=sm-private-cert-xaa7kp -var region=br-sao -var resource_group=geretain-test-resources -var resource_tags=[] -lock=false -out=/var/folders/_b/0hby4j6x32l97kzlgrdw27140000gn/T/terraform-sm-private-cert-xaa7kp1428381156/examples/default/terratest-plan-file-1148442101]
TestRunDefaultExample 2025-06-11T15:36:08+05:30 command.go:121: Running command terraform with args [plan -input=false -lock=false -var existing_sm_instance_guid=79c6d411-c18f-4670-b009-b0044a238667 -var existing_sm_instance_region=us-south -var certificate_template_name=geretain-cert-template -var prefix=sm-private-cert-xaa7kp -var region=br-sao -var resource_group=geretain-test-resources -var resource_tags=[] -lock=false -out=/var/folders/_b/0hby4j6x32l97kzlgrdw27140000gn/T/terraform-sm-private-cert-xaa7kp1428381156/examples/default/terratest-plan-file-1148442101]
TestRunDefaultExample 2025-06-11T15:36:11+05:30 command.go:206: [0m[1mmodule.resource_group.data.ibm_resource_group.existing_resource_group[0]: Reading...[0m[0m
TestRunDefaultExample 2025-06-11T15:36:12+05:30 command.go:206: [0m[1mmodule.resource_group.data.ibm_resource_group.existing_resource_group[0]: Read complete after 2s [id=292170bc79c94f5e9019e46fb48f245a][0m
TestRunDefaultExample 2025-06-11T15:36:12+05:30 command.go:206: [0m[1mmodule.secrets_manager.time_sleep.wait_for_authorization_policy[0]: Refreshing state... [id=2025-06-11T09:57:31Z][0m
TestRunDefaultExample 2025-06-11T15:36:12+05:30 command.go:206: [0m[1mmodule.secrets_manager.ibm_resource_instance.secrets_manager_instance[0]: Refreshing state... [id=crn:v1:bluemix:public:secrets-manager:br-sao:a/abac0df06b644a9cabc6e44f55b3880e:67c42a83-e8ab-4fc3-a1cf-fad03471fbec::][0m
TestRunUpgradeExample 2025-06-11T15:36:14+05:30 logger.go:67: [0m[1mmodule.secrets_manager.ibm_resource_instance.secrets_manager_instance[0]: Still creating... [08m40s elapsed][0m[0m
TestRunDefaultExample 2025-06-11T15:36:14+05:30 command.go:206: [0m[1mmodule.secrets_manager.module.secrets.data.ibm_sm_secret_groups.existing_secret_groups: Reading...[0m[0m
TestRunDefaultExample 2025-06-11T15:36:14+05:30 command.go:206: [0m[1mibm_sm_secret_group.secret_group: Refreshing state... [id=us-south/79c6d411-c18f-4670-b009-b0044a238667/2eef666e-88e0-1c82-b100-23e16a662011][0m
TestRunDefaultExample 2025-06-11T15:36:14+05:30 command.go:206: [0m[1mmodule.secrets_manager.ibm_iam_authorization_policy.iam_groups_policy[0]: Refreshing state... [id=8832fe37-f53d-48ad-a257-7cb7659c3f3e][0m
TestRunDefaultExample 2025-06-11T15:36:14+05:30 command.go:206: [0m[1mmodule.secrets_manager.ibm_iam_authorization_policy.iam_identity_policy[0]: Refreshing state... [id=4fa53017-7262-4500-aa86-936c00fdeb50][0m
TestRunDefaultExample 2025-06-11T15:36:15+05:30 command.go:206: [0m[1mmodule.secrets_manager_private_certificate.ibm_sm_private_certificate.secrets_manager_private_certificate: Refreshing state... [id=us-south/79c6d411-c18f-4670-b009-b0044a238667/976b7c16-fb09-f63d-2acf-748ff9c3fb67][0m
TestRunDefaultExample 2025-06-11T15:36:16+05:30 command.go:206: [0m[1mmodule.secrets_manager.module.secrets.data.ibm_sm_secret_groups.existing_secret_groups: Read complete after 2s [id=br-sao/67c42a83-e8ab-4fc3-a1cf-fad03471fbec][0m
TestRunDefaultExample 2025-06-11T15:36:17+05:30 command.go:206: 
TestRunDefaultExample 2025-06-11T15:36:17+05:30 command.go:206: [0m[1m[32mNo changes.[0m[1m Your infrastructure matches the configuration.[0m
TestRunDefaultExample 2025-06-11T15:36:17+05:30 command.go:206: 
TestRunDefaultExample 2025-06-11T15:36:17+05:30 command.go:206: [0mTerraform has compared your real infrastructure against your configuration
TestRunDefaultExample 2025-06-11T15:36:17+05:30 command.go:206: and found no differences, so no changes are needed.
TestRunDefaultExample 2025-06-11T15:36:17+05:30 tests.go:599: FINISHED: Init / Apply / Consistency Check
TestRunDefaultExample 2025-06-11T15:36:17+05:30 retry.go:91: terraform [output -no-color -json]
TestRunDefaultExample 2025-06-11T15:36:17+05:30 tests.go:196: START: Destroy
TestRunDefaultExample 2025-06-11T15:36:17+05:30 retry.go:91: terraform [destroy -auto-approve -input=false -var resource_tags=[] -var existing_sm_instance_guid=79c6d411-c18f-4670-b009-b0044a238667 -var existing_sm_instance_region=us-south -var certificate_template_name=geretain-cert-template -var prefix=sm-private-cert-xaa7kp -var region=br-sao -var resource_group=geretain-test-resources -lock=false]
TestRunDefaultExample 2025-06-11T15:36:17+05:30 command.go:121: Running command terraform with args [destroy -auto-approve -input=false -var resource_tags=[] -var existing_sm_instance_guid=79c6d411-c18f-4670-b009-b0044a238667 -var existing_sm_instance_region=us-south -var certificate_template_name=geretain-cert-template -var prefix=sm-private-cert-xaa7kp -var region=br-sao -var resource_group=geretain-test-resources -lock=false]
TestRunDefaultExample 2025-06-11T15:36:20+05:30 command.go:206: [0m[1mmodule.resource_group.data.ibm_resource_group.existing_resource_group[0]: Reading...[0m[0m
TestRunDefaultExample 2025-06-11T15:36:21+05:30 command.go:206: [0m[1mmodule.resource_group.data.ibm_resource_group.existing_resource_group[0]: Read complete after 2s [id=292170bc79c94f5e9019e46fb48f245a][0m
TestRunDefaultExample 2025-06-11T15:36:21+05:30 command.go:206: [0m[1mmodule.secrets_manager.time_sleep.wait_for_authorization_policy[0]: Refreshing state... [id=2025-06-11T09:57:31Z][0m
TestRunDefaultExample 2025-06-11T15:36:21+05:30 command.go:206: [0m[1mmodule.secrets_manager.ibm_resource_instance.secrets_manager_instance[0]: Refreshing state... [id=crn:v1:bluemix:public:secrets-manager:br-sao:a/abac0df06b644a9cabc6e44f55b3880e:67c42a83-e8ab-4fc3-a1cf-fad03471fbec::][0m
TestRunDefaultExample 2025-06-11T15:36:23+05:30 command.go:206: [0m[1mmodule.secrets_manager.module.secrets.data.ibm_sm_secret_groups.existing_secret_groups: Reading...[0m[0m
TestRunDefaultExample 2025-06-11T15:36:23+05:30 command.go:206: [0m[1mibm_sm_secret_group.secret_group: Refreshing state... [id=us-south/79c6d411-c18f-4670-b009-b0044a238667/2eef666e-88e0-1c82-b100-23e16a662011][0m
TestRunDefaultExample 2025-06-11T15:36:23+05:30 command.go:206: [0m[1mmodule.secrets_manager.ibm_iam_authorization_policy.iam_identity_policy[0]: Refreshing state... [id=4fa53017-7262-4500-aa86-936c00fdeb50][0m
TestRunDefaultExample 2025-06-11T15:36:23+05:30 command.go:206: [0m[1mmodule.secrets_manager.ibm_iam_authorization_policy.iam_groups_policy[0]: Refreshing state... [id=8832fe37-f53d-48ad-a257-7cb7659c3f3e][0m
TestRunDefaultExample 2025-06-11T15:36:24+05:30 command.go:206: [0m[1mmodule.secrets_manager_private_certificate.ibm_sm_private_certificate.secrets_manager_private_certificate: Refreshing state... [id=us-south/79c6d411-c18f-4670-b009-b0044a238667/976b7c16-fb09-f63d-2acf-748ff9c3fb67][0m
TestRunUpgradeExample 2025-06-11T15:36:24+05:30 logger.go:67: [0m[1mmodule.secrets_manager.ibm_resource_instance.secrets_manager_instance[0]: Still creating... [08m50s elapsed][0m[0m
TestRunDefaultExample 2025-06-11T15:36:25+05:30 command.go:206: [0m[1mmodule.secrets_manager.module.secrets.data.ibm_sm_secret_groups.existing_secret_groups: Read complete after 2s [id=br-sao/67c42a83-e8ab-4fc3-a1cf-fad03471fbec][0m
TestRunDefaultExample 2025-06-11T15:36:30+05:30 command.go:206: 
TestRunDefaultExample 2025-06-11T15:36:30+05:30 command.go:206: Terraform used the selected providers to generate the following execution
TestRunDefaultExample 2025-06-11T15:36:30+05:30 command.go:206: plan. Resource actions are indicated with the following symbols:
TestRunDefaultExample 2025-06-11T15:36:30+05:30 command.go:206:   [31m-[0m destroy[0m
TestRunDefaultExample 2025-06-11T15:36:30+05:30 command.go:206: 
TestRunDefaultExample 2025-06-11T15:36:30+05:30 command.go:206: Terraform will perform the following actions:
TestRunDefaultExample 2025-06-11T15:36:30+05:30 command.go:206: 
TestRunDefaultExample 2025-06-11T15:36:30+05:30 command.go:206: [1m  # ibm_sm_secret_group.secret_group[0m will be [1m[31mdestroyed[0m
TestRunDefaultExample 2025-06-11T15:36:30+05:30 command.go:206: [0m  [31m-[0m[0m resource "ibm_sm_secret_group" "secret_group" {
TestRunDefaultExample 2025-06-11T15:36:30+05:30 command.go:206:       [31m-[0m[0m created_at      = "2025-06-11T10:05:26Z" [90m-> null[0m[0m
TestRunDefaultExample 2025-06-11T15:36:30+05:30 command.go:206:       [31m-[0m[0m description     = "secret group used for private certificates" [90m-> null[0m[0m
TestRunDefaultExample 2025-06-11T15:36:30+05:30 command.go:206:       [31m-[0m[0m id              = "us-south/79c6d411-c18f-4670-b009-b0044a238667/2eef666e-88e0-1c82-b100-23e16a662011" [90m-> null[0m[0m
TestRunDefaultExample 2025-06-11T15:36:30+05:30 command.go:206:       [31m-[0m[0m instance_id     = "79c6d411-c18f-4670-b009-b0044a238667" [90m-> null[0m[0m
TestRunDefaultExample 2025-06-11T15:36:30+05:30 command.go:206:       [31m-[0m[0m name            = "sm-private-cert-xaa7kp-certificates-secret-group" [90m-> null[0m[0m
TestRunDefaultExample 2025-06-11T15:36:30+05:30 command.go:206:       [31m-[0m[0m region          = "us-south" [90m-> null[0m[0m
TestRunDefaultExample 2025-06-11T15:36:30+05:30 command.go:206:       [31m-[0m[0m secret_group_id = "2eef666e-88e0-1c82-b100-23e16a662011" [90m-> null[0m[0m
TestRunDefaultExample 2025-06-11T15:36:30+05:30 command.go:206:       [31m-[0m[0m updated_at      = "2025-06-11T10:05:26Z" [90m-> null[0m[0m
TestRunDefaultExample 2025-06-11T15:36:30+05:30 command.go:206:     }
TestRunDefaultExample 2025-06-11T15:36:30+05:30 command.go:206: 
TestRunDefaultExample 2025-06-11T15:36:30+05:30 command.go:206: [1m  # module.secrets_manager.ibm_iam_authorization_policy.iam_groups_policy[0][0m will be [1m[31mdestroyed[0m
TestRunDefaultExample 2025-06-11T15:36:30+05:30 command.go:206: [0m  [31m-[0m[0m resource "ibm_iam_authorization_policy" "iam_groups_policy" {
TestRunDefaultExample 2025-06-11T15:36:30+05:30 command.go:206:       [31m-[0m[0m description                 = "Allows Secrets Manager instance 67c42a83-e8ab-4fc3-a1cf-fad03471fbec `Groups Service Member Manage` access to the IAM Groups service to enable creating IAM credentials." [90m-> null[0m[0m
TestRunDefaultExample 2025-06-11T15:36:30+05:30 command.go:206:       [31m-[0m[0m id                          = "8832fe37-f53d-48ad-a257-7cb7659c3f3e" [90m-> null[0m[0m
TestRunDefaultExample 2025-06-11T15:36:30+05:30 command.go:206:       [31m-[0m[0m roles                       = [
TestRunDefaultExample 2025-06-11T15:36:30+05:30 command.go:206:           [31m-[0m[0m "Groups Service Member Manage",
TestRunDefaultExample 2025-06-11T15:36:30+05:30 command.go:206:         ] [90m-> null[0m[0m
TestRunDefaultExample 2025-06-11T15:36:30+05:30 command.go:206:       [31m-[0m[0m source_resource_instance_id = "67c42a83-e8ab-4fc3-a1cf-fad03471fbec" [90m-> null[0m[0m
TestRunDefaultExample 2025-06-11T15:36:30+05:30 command.go:206:       [31m-[0m[0m source_service_account      = "abac0df06b644a9cabc6e44f55b3880e" [90m-> null[0m[0m
TestRunDefaultExample 2025-06-11T15:36:30+05:30 command.go:206:       [31m-[0m[0m source_service_name         = "secrets-manager" [90m-> null[0m[0m
TestRunDefaultExample 2025-06-11T15:36:30+05:30 command.go:206:       [31m-[0m[0m target_service_name         = "iam-groups" [90m-> null[0m[0m
TestRunDefaultExample 2025-06-11T15:36:30+05:30 command.go:206:       [31m-[0m[0m transaction_id              = "8316f60ed2f64413881d62928e617686" [90m-> null[0m[0m
TestRunDefaultExample 2025-06-11T15:36:30+05:30 command.go:206:         [90m# (5 unchanged attributes hidden)[0m[0m
TestRunDefaultExample 2025-06-11T15:36:30+05:30 command.go:206: 
TestRunDefaultExample 2025-06-11T15:36:30+05:30 command.go:206:       [31m-[0m[0m resource_attributes {
TestRunDefaultExample 2025-06-11T15:36:30+05:30 command.go:206:           [31m-[0m[0m name     = "accountId" [90m-> null[0m[0m
TestRunDefaultExample 2025-06-11T15:36:30+05:30 command.go:206:           [31m-[0m[0m operator = "stringEquals" [90m-> null[0m[0m
TestRunDefaultExample 2025-06-11T15:36:30+05:30 command.go:206:           [31m-[0m[0m value    = "abac0df06b644a9cabc6e44f55b3880e" [90m-> null[0m[0m
TestRunDefaultExample 2025-06-11T15:36:30+05:30 command.go:206:         }
TestRunDefaultExample 2025-06-11T15:36:30+05:30 command.go:206:       [31m-[0m[0m resource_attributes {
TestRunDefaultExample 2025-06-11T15:36:30+05:30 command.go:206:           [31m-[0m[0m name     = "serviceName" [90m-> null[0m[0m
TestRunDefaultExample 2025-06-11T15:36:30+05:30 command.go:206:           [31m-[0m[0m operator = "stringEquals" [90m-> null[0m[0m
TestRunDefaultExample 2025-06-11T15:36:30+05:30 command.go:206:           [31m-[0m[0m value    = "iam-groups" [90m-> null[0m[0m
TestRunDefaultExample 2025-06-11T15:36:30+05:30 command.go:206:         }
TestRunDefaultExample 2025-06-11T15:36:30+05:30 command.go:206:     }
TestRunDefaultExample 2025-06-11T15:36:30+05:30 command.go:206: 
TestRunDefaultExample 2025-06-11T15:36:30+05:30 command.go:206: [1m  # module.secrets_manager.ibm_iam_authorization_policy.iam_identity_policy[0][0m will be [1m[31mdestroyed[0m
TestRunDefaultExample 2025-06-11T15:36:30+05:30 command.go:206: [0m  [31m-[0m[0m resource "ibm_iam_authorization_policy" "iam_identity_policy" {
TestRunDefaultExample 2025-06-11T15:36:30+05:30 command.go:206:       [31m-[0m[0m description                 = "Allows Secrets Manager instance 67c42a83-e8ab-4fc3-a1cf-fad03471fbec `Operator` access to the IAM Identity service to enable creating IAM credentials." [90m-> null[0m[0m
TestRunDefaultExample 2025-06-11T15:36:30+05:30 command.go:206:       [31m-[0m[0m id                          = "4fa53017-7262-4500-aa86-936c00fdeb50" [90m-> null[0m[0m
TestRunDefaultExample 2025-06-11T15:36:30+05:30 command.go:206:       [31m-[0m[0m roles                       = [
TestRunDefaultExample 2025-06-11T15:36:30+05:30 command.go:206:           [31m-[0m[0m "Operator",
TestRunDefaultExample 2025-06-11T15:36:30+05:30 command.go:206:         ] [90m-> null[0m[0m
TestRunDefaultExample 2025-06-11T15:36:30+05:30 command.go:206:       [31m-[0m[0m source_resource_instance_id = "67c42a83-e8ab-4fc3-a1cf-fad03471fbec" [90m-> null[0m[0m
TestRunDefaultExample 2025-06-11T15:36:30+05:30 command.go:206:       [31m-[0m[0m source_service_account      = "abac0df06b644a9cabc6e44f55b3880e" [90m-> null[0m[0m
TestRunDefaultExample 2025-06-11T15:36:30+05:30 command.go:206:       [31m-[0m[0m source_service_name         = "secrets-manager" [90m-> null[0m[0m
TestRunDefaultExample 2025-06-11T15:36:30+05:30 command.go:206:       [31m-[0m[0m target_service_name         = "iam-identity" [90m-> null[0m[0m
TestRunDefaultExample 2025-06-11T15:36:30+05:30 command.go:206:       [31m-[0m[0m transaction_id              = "63934b248ed947f19a3ae6aaa8eb4109" [90m-> null[0m[0m
TestRunDefaultExample 2025-06-11T15:36:30+05:30 command.go:206:         [90m# (5 unchanged attributes hidden)[0m[0m
TestRunDefaultExample 2025-06-11T15:36:30+05:30 command.go:206: 
TestRunDefaultExample 2025-06-11T15:36:30+05:30 command.go:206:       [31m-[0m[0m resource_attributes {
TestRunDefaultExample 2025-06-11T15:36:30+05:30 command.go:206:           [31m-[0m[0m name     = "accountId" [90m-> null[0m[0m
TestRunDefaultExample 2025-06-11T15:36:30+05:30 command.go:206:           [31m-[0m[0m operator = "stringEquals" [90m-> null[0m[0m
TestRunDefaultExample 2025-06-11T15:36:30+05:30 command.go:206:           [31m-[0m[0m value    = "abac0df06b644a9cabc6e44f55b3880e" [90m-> null[0m[0m
TestRunDefaultExample 2025-06-11T15:36:30+05:30 command.go:206:         }
TestRunDefaultExample 2025-06-11T15:36:30+05:30 command.go:206:       [31m-[0m[0m resource_attributes {
TestRunDefaultExample 2025-06-11T15:36:30+05:30 command.go:206:           [31m-[0m[0m name     = "serviceName" [90m-> null[0m[0m
TestRunDefaultExample 2025-06-11T15:36:30+05:30 command.go:206:           [31m-[0m[0m operator = "stringEquals" [90m-> null[0m[0m
TestRunDefaultExample 2025-06-11T15:36:30+05:30 command.go:206:           [31m-[0m[0m value    = "iam-identity" [90m-> null[0m[0m
TestRunDefaultExample 2025-06-11T15:36:30+05:30 command.go:206:         }
TestRunDefaultExample 2025-06-11T15:36:30+05:30 command.go:206:     }
TestRunDefaultExample 2025-06-11T15:36:30+05:30 command.go:206: 
TestRunDefaultExample 2025-06-11T15:36:30+05:30 command.go:206: [1m  # module.secrets_manager.ibm_resource_instance.secrets_manager_instance[0][0m will be [1m[31mdestroyed[0m
TestRunDefaultExample 2025-06-11T15:36:30+05:30 command.go:206: [0m  [31m-[0m[0m resource "ibm_resource_instance" "secrets_manager_instance" {
TestRunDefaultExample 2025-06-11T15:36:30+05:30 command.go:206:       [31m-[0m[0m account_id              = "abac0df06b644a9cabc6e44f55b3880e" [90m-> null[0m[0m
TestRunDefaultExample 2025-06-11T15:36:30+05:30 command.go:206:       [31m-[0m[0m allow_cleanup           = false [90m-> null[0m[0m
TestRunDefaultExample 2025-06-11T15:36:30+05:30 command.go:206:       [31m-[0m[0m created_at              = "2025-06-11T09:57:34.627Z" [90m-> null[0m[0m
TestRunDefaultExample 2025-06-11T15:36:30+05:30 command.go:206:       [31m-[0m[0m created_by              = "IBMid-695000L3KW" [90m-> null[0m[0m
TestRunDefaultExample 2025-06-11T15:36:30+05:30 command.go:206:       [31m-[0m[0m crn                     = "crn:v1:bluemix:public:secrets-manager:br-sao:a/abac0df06b644a9cabc6e44f55b3880e:67c42a83-e8ab-4fc3-a1cf-fad03471fbec::" [90m-> null[0m[0m
TestRunDefaultExample 2025-06-11T15:36:30+05:30 command.go:206:       [31m-[0m[0m dashboard_url           = "https://67c42a83-e8ab-4fc3-a1cf-fad03471fbec.private.br-sao.secrets-manager.appdomain.cloud/ui" [90m-> null[0m[0m
TestRunDefaultExample 2025-06-11T15:36:30+05:30 command.go:206:       [31m-[0m[0m extensions              = {
TestRunDefaultExample 2025-06-11T15:36:30+05:30 command.go:206:           [31m-[0m[0m "virtual_private_endpoints.dns_domain"             = "private.br-sao.secrets-manager.appdomain.cloud"
TestRunDefaultExample 2025-06-11T15:36:30+05:30 command.go:206:           [31m-[0m[0m "virtual_private_endpoints.dns_hosts.#"            = "1"
TestRunDefaultExample 2025-06-11T15:36:30+05:30 command.go:206:           [31m-[0m[0m "virtual_private_endpoints.dns_hosts.0"            = "67c42a83-e8ab-4fc3-a1cf-fad03471fbec"
TestRunDefaultExample 2025-06-11T15:36:30+05:30 command.go:206:           [31m-[0m[0m "virtual_private_endpoints.endpoints.#"            = "3"
TestRunDefaultExample 2025-06-11T15:36:30+05:30 command.go:206:           [31m-[0m[0m "virtual_private_endpoints.endpoints.0.ip_address" = "166.9.246.73"
TestRunDefaultExample 2025-06-11T15:36:30+05:30 command.go:206:           [31m-[0m[0m "virtual_private_endpoints.endpoints.0.zone"       = "sao01"
TestRunDefaultExample 2025-06-11T15:36:30+05:30 command.go:206:           [31m-[0m[0m "virtual_private_endpoints.endpoints.1.ip_address" = "166.9.246.102"
TestRunDefaultExample 2025-06-11T15:36:30+05:30 command.go:206:           [31m-[0m[0m "virtual_private_endpoints.endpoints.1.zone"       = "sao04"
TestRunDefaultExample 2025-06-11T15:36:30+05:30 command.go:206:           [31m-[0m[0m "virtual_private_endpoints.endpoints.2.ip_address" = "166.9.246.158"
TestRunDefaultExample 2025-06-11T15:36:30+05:30 command.go:206:           [31m-[0m[0m "virtual_private_endpoints.endpoints.2.zone"       = "sao05"
TestRunDefaultExample 2025-06-11T15:36:30+05:30 command.go:206:           [31m-[0m[0m "virtual_private_endpoints.origin_type"            = "cse"
TestRunDefaultExample 2025-06-11T15:36:30+05:30 command.go:206:           [31m-[0m[0m "virtual_private_endpoints.ports.#"                = "1"
TestRunDefaultExample 2025-06-11T15:36:30+05:30 command.go:206:           [31m-[0m[0m "virtual_private_endpoints.ports.0.port_max"       = "443"
TestRunDefaultExample 2025-06-11T15:36:30+05:30 command.go:206:           [31m-[0m[0m "virtual_private_endpoints.ports.0.port_min"       = "443"
TestRunDefaultExample 2025-06-11T15:36:30+05:30 command.go:206:         } [90m-> null[0m[0m
TestRunDefaultExample 2025-06-11T15:36:30+05:30 command.go:206:       [31m-[0m[0m guid                    = "67c42a83-e8ab-4fc3-a1cf-fad03471fbec" [90m-> null[0m[0m
TestRunDefaultExample 2025-06-11T15:36:30+05:30 command.go:206:       [31m-[0m[0m id                      = "crn:v1:bluemix:public:secrets-manager:br-sao:a/abac0df06b644a9cabc6e44f55b3880e:67c42a83-e8ab-4fc3-a1cf-fad03471fbec::" [90m-> null[0m[0m
TestRunDefaultExample 2025-06-11T15:36:30+05:30 command.go:206:       [31m-[0m[0m last_operation          = {
TestRunDefaultExample 2025-06-11T15:36:30+05:30 command.go:206:           [31m-[0m[0m "async"       = "true"
TestRunDefaultExample 2025-06-11T15:36:30+05:30 command.go:206:           [31m-[0m[0m "cancelable"  = "false"
TestRunDefaultExample 2025-06-11T15:36:30+05:30 command.go:206:           [31m-[0m[0m "description" = "Provisioning vault with version 7."
TestRunDefaultExample 2025-06-11T15:36:30+05:30 command.go:206:           [31m-[0m[0m "poll"        = "true"
TestRunDefaultExample 2025-06-11T15:36:30+05:30 command.go:206:           [31m-[0m[0m "state"       = "succeeded"
TestRunDefaultExample 2025-06-11T15:36:30+05:30 command.go:206:           [31m-[0m[0m "type"        = "create"
TestRunDefaultExample 2025-06-11T15:36:30+05:30 command.go:206:         } [90m-> null[0m[0m
TestRunDefaultExample 2025-06-11T15:36:30+05:30 command.go:206:       [31m-[0m[0m location                = "br-sao" [90m-> null[0m[0m
TestRunDefaultExample 2025-06-11T15:36:30+05:30 command.go:206:       [31m-[0m[0m locked                  = false [90m-> null[0m[0m
TestRunDefaultExample 2025-06-11T15:36:30+05:30 command.go:206:       [31m-[0m[0m name                    = "sm-private-cert-xaa7kp-secrets-manager" [90m-> null[0m[0m
TestRunDefaultExample 2025-06-11T15:36:30+05:30 command.go:206:       [31m-[0m[0m onetime_credentials     = false [90m-> null[0m[0m
TestRunDefaultExample 2025-06-11T15:36:30+05:30 command.go:206:       [31m-[0m[0m parameters              = {
TestRunDefaultExample 2025-06-11T15:36:30+05:30 command.go:206:           [31m-[0m[0m "allowed_network" = "public-and-private"
TestRunDefaultExample 2025-06-11T15:36:30+05:30 command.go:206:         } [90m-> null[0m[0m
TestRunDefaultExample 2025-06-11T15:36:30+05:30 command.go:206:       [31m-[0m[0m plan                    = "trial" [90m-> null[0m[0m
TestRunDefaultExample 2025-06-11T15:36:30+05:30 command.go:206:       [31m-[0m[0m plan_history            = [
TestRunDefaultExample 2025-06-11T15:36:30+05:30 command.go:206:           [31m-[0m[0m {
TestRunDefaultExample 2025-06-11T15:36:30+05:30 command.go:206:               [31m-[0m[0m resource_plan_id = "869c191a-3c2a-4faf-98be-18d48f95ba1f"
TestRunDefaultExample 2025-06-11T15:36:30+05:30 command.go:206:               [31m-[0m[0m start_date       = "2025-06-11T09:57:34.627Z"
TestRunDefaultExample 2025-06-11T15:36:30+05:30 command.go:206:             },
TestRunDefaultExample 2025-06-11T15:36:30+05:30 command.go:206:         ] [90m-> null[0m[0m
TestRunDefaultExample 2025-06-11T15:36:30+05:30 command.go:206:       [31m-[0m[0m resource_aliases_url    = "/v2/resource_instances/67c42a83-e8ab-4fc3-a1cf-fad03471fbec/resource_aliases" [90m-> null[0m[0m
TestRunDefaultExample 2025-06-11T15:36:30+05:30 command.go:206:       [31m-[0m[0m resource_bindings_url   = "/v2/resource_instances/67c42a83-e8ab-4fc3-a1cf-fad03471fbec/resource_bindings" [90m-> null[0m[0m
TestRunDefaultExample 2025-06-11T15:36:30+05:30 command.go:206:       [31m-[0m[0m resource_controller_url = "https://cloud.ibm.com/services/" [90m-> null[0m[0m
TestRunDefaultExample 2025-06-11T15:36:30+05:30 command.go:206:       [31m-[0m[0m resource_crn            = "crn:v1:bluemix:public:secrets-manager:br-sao:a/abac0df06b644a9cabc6e44f55b3880e:67c42a83-e8ab-4fc3-a1cf-fad03471fbec::" [90m-> null[0m[0m
TestRunDefaultExample 2025-06-11T15:36:30+05:30 command.go:206:       [31m-[0m[0m resource_group_crn      = "crn:v1:bluemix:public:resource-controller::a/abac0df06b644a9cabc6e44f55b3880e::resource-group:292170bc79c94f5e9019e46fb48f245a" [90m-> null[0m[0m
TestRunDefaultExample 2025-06-11T15:36:30+05:30 command.go:206:       [31m-[0m[0m resource_group_id       = "292170bc79c94f5e9019e46fb48f245a" [90m-> null[0m[0m
TestRunDefaultExample 2025-06-11T15:36:30+05:30 command.go:206:       [31m-[0m[0m resource_group_name     = "crn:v1:bluemix:public:resource-controller::a/abac0df06b644a9cabc6e44f55b3880e::resource-group:292170bc79c94f5e9019e46fb48f245a" [90m-> null[0m[0m
TestRunDefaultExample 2025-06-11T15:36:30+05:30 command.go:206:       [31m-[0m[0m resource_id             = "ebc0cdb0-af2a-11ea-98c7-29e5db822649" [90m-> null[0m[0m
TestRunDefaultExample 2025-06-11T15:36:30+05:30 command.go:206:       [31m-[0m[0m resource_keys_url       = "/v2/resource_instances/67c42a83-e8ab-4fc3-a1cf-fad03471fbec/resource_keys" [90m-> null[0m[0m
TestRunDefaultExample 2025-06-11T15:36:30+05:30 command.go:206:       [31m-[0m[0m resource_name           = "sm-private-cert-xaa7kp-secrets-manager" [90m-> null[0m[0m
TestRunDefaultExample 2025-06-11T15:36:30+05:30 command.go:206:       [31m-[0m[0m resource_plan_id        = "869c191a-3c2a-4faf-98be-18d48f95ba1f" [90m-> null[0m[0m
TestRunDefaultExample 2025-06-11T15:36:30+05:30 command.go:206:       [31m-[0m[0m resource_status         = "active" [90m-> null[0m[0m
TestRunDefaultExample 2025-06-11T15:36:30+05:30 command.go:206:       [31m-[0m[0m service                 = "secrets-manager" [90m-> null[0m[0m
TestRunDefaultExample 2025-06-11T15:36:30+05:30 command.go:206:       [31m-[0m[0m state                   = "active" [90m-> null[0m[0m
TestRunDefaultExample 2025-06-11T15:36:30+05:30 command.go:206:       [31m-[0m[0m status                  = "active" [90m-> null[0m[0m
TestRunDefaultExample 2025-06-11T15:36:30+05:30 command.go:206:       [31m-[0m[0m tags                    = [] [90m-> null[0m[0m
TestRunDefaultExample 2025-06-11T15:36:30+05:30 command.go:206:       [31m-[0m[0m target_crn              = "crn:v1:bluemix:public:globalcatalog::::deployment:869c191a-3c2a-4faf-98be-18d48f95ba1f%3A7647a42f" [90m-> null[0m[0m
TestRunDefaultExample 2025-06-11T15:36:30+05:30 command.go:206:       [31m-[0m[0m type                    = "service_instance" [90m-> null[0m[0m
TestRunDefaultExample 2025-06-11T15:36:30+05:30 command.go:206:       [31m-[0m[0m update_at               = "2025-06-11T10:05:14.176Z" [90m-> null[0m[0m
TestRunDefaultExample 2025-06-11T15:36:30+05:30 command.go:206:         [90m# (5 unchanged attributes hidden)[0m[0m
TestRunDefaultExample 2025-06-11T15:36:30+05:30 command.go:206: 
TestRunDefaultExample 2025-06-11T15:36:30+05:30 command.go:206:       [31m-[0m[0m timeouts {
TestRunDefaultExample 2025-06-11T15:36:30+05:30 command.go:206:           [31m-[0m[0m create = "30m" [90m-> null[0m[0m
TestRunDefaultExample 2025-06-11T15:36:30+05:30 command.go:206:         }
TestRunDefaultExample 2025-06-11T15:36:30+05:30 command.go:206:     }
TestRunDefaultExample 2025-06-11T15:36:30+05:30 command.go:206: 
TestRunDefaultExample 2025-06-11T15:36:30+05:30 command.go:206: [1m  # module.secrets_manager.time_sleep.wait_for_authorization_policy[0][0m will be [1m[31mdestroyed[0m
TestRunDefaultExample 2025-06-11T15:36:30+05:30 command.go:206: [0m  [31m-[0m[0m resource "time_sleep" "wait_for_authorization_policy" {
TestRunDefaultExample 2025-06-11T15:36:30+05:30 command.go:206:       [31m-[0m[0m create_duration = "30s" [90m-> null[0m[0m
TestRunDefaultExample 2025-06-11T15:36:30+05:30 command.go:206:       [31m-[0m[0m id              = "2025-06-11T09:57:31Z" [90m-> null[0m[0m
TestRunDefaultExample 2025-06-11T15:36:30+05:30 command.go:206:     }
TestRunDefaultExample 2025-06-11T15:36:30+05:30 command.go:206: 
TestRunDefaultExample 2025-06-11T15:36:30+05:30 command.go:206: [1m  # module.secrets_manager_private_certificate.ibm_sm_private_certificate.secrets_manager_private_certificate[0m will be [1m[31mdestroyed[0m
TestRunDefaultExample 2025-06-11T15:36:30+05:30 command.go:206: [0m  [31m-[0m[0m resource "ibm_sm_private_certificate" "secrets_manager_private_certificate" {
TestRunDefaultExample 2025-06-11T15:36:30+05:30 command.go:206:       [31m-[0m[0m alt_names               = [
TestRunDefaultExample 2025-06-11T15:36:30+05:30 command.go:206:           [31m-[0m[0m "terraform-modules.ibm.com",
TestRunDefaultExample 2025-06-11T15:36:30+05:30 command.go:206:         ] [90m-> null[0m[0m
TestRunDefaultExample 2025-06-11T15:36:30+05:30 command.go:206:       [31m-[0m[0m ca_chain                = (sensitive value) [90m-> null[0m[0m
TestRunDefaultExample 2025-06-11T15:36:30+05:30 command.go:206:       [31m-[0m[0m certificate             = (sensitive value) [90m-> null[0m[0m
TestRunDefaultExample 2025-06-11T15:36:30+05:30 command.go:206:       [31m-[0m[0m certificate_authority   = "geretain-intermediate-ca" [90m-> null[0m[0m
TestRunDefaultExample 2025-06-11T15:36:30+05:30 command.go:206:       [31m-[0m[0m certificate_template    = "geretain-cert-template" [90m-> null[0m[0m
TestRunDefaultExample 2025-06-11T15:36:30+05:30 command.go:206:       [31m-[0m[0m common_name             = "terraform-modules.ibm.com" [90m-> null[0m[0m
TestRunDefaultExample 2025-06-11T15:36:30+05:30 command.go:206:       [31m-[0m[0m created_at              = "2025-06-11T10:04:57Z" [90m-> null[0m[0m
TestRunDefaultExample 2025-06-11T15:36:30+05:30 command.go:206:       [31m-[0m[0m created_by              = "IBMid-695000L3KW" [90m-> null[0m[0m
TestRunDefaultExample 2025-06-11T15:36:30+05:30 command.go:206:       [31m-[0m[0m crn                     = "crn:v1:bluemix:public:secrets-manager:us-south:a/abac0df06b644a9cabc6e44f55b3880e:79c6d411-c18f-4670-b009-b0044a238667:secret:976b7c16-fb09-f63d-2acf-748ff9c3fb67" [90m-> null[0m[0m
TestRunDefaultExample 2025-06-11T15:36:30+05:30 command.go:206:       [31m-[0m[0m custom_metadata         = {
TestRunDefaultExample 2025-06-11T15:36:30+05:30 command.go:206:           [31m-[0m[0m "collection_total" = "1"
TestRunDefaultExample 2025-06-11T15:36:30+05:30 command.go:206:           [31m-[0m[0m "collection_type"  = "application/vnd.ibm.secrets-manager.secret+json"
TestRunDefaultExample 2025-06-11T15:36:30+05:30 command.go:206:         } [90m-> null[0m[0m
TestRunDefaultExample 2025-06-11T15:36:30+05:30 command.go:206:       [31m-[0m[0m description             = "an example private cert" [90m-> null[0m[0m
TestRunDefaultExample 2025-06-11T15:36:30+05:30 command.go:206:       [31m-[0m[0m downloaded              = true [90m-> null[0m[0m
TestRunDefaultExample 2025-06-11T15:36:30+05:30 command.go:206:       [31m-[0m[0m endpoint_type           = "public" [90m-> null[0m[0m
TestRunDefaultExample 2025-06-11T15:36:30+05:30 command.go:206:       [31m-[0m[0m exclude_cn_from_sans    = false [90m-> null[0m[0m
TestRunDefaultExample 2025-06-11T15:36:30+05:30 command.go:206:       [31m-[0m[0m expiration_date         = "2026-06-10T10:05:27Z" [90m-> null[0m[0m
TestRunDefaultExample 2025-06-11T15:36:30+05:30 command.go:206:       [31m-[0m[0m format                  = "pem" [90m-> null[0m[0m
TestRunDefaultExample 2025-06-11T15:36:30+05:30 command.go:206:       [31m-[0m[0m id                      = "us-south/79c6d411-c18f-4670-b009-b0044a238667/976b7c16-fb09-f63d-2acf-748ff9c3fb67" [90m-> null[0m[0m
TestRunDefaultExample 2025-06-11T15:36:30+05:30 command.go:206:       [31m-[0m[0m instance_id             = "79c6d411-c18f-4670-b009-b0044a238667" [90m-> null[0m[0m
TestRunDefaultExample 2025-06-11T15:36:30+05:30 command.go:206:       [31m-[0m[0m issuer                  = "*.cloud.ibm.com" [90m-> null[0m[0m
TestRunDefaultExample 2025-06-11T15:36:30+05:30 command.go:206:       [31m-[0m[0m issuing_ca              = (sensitive value) [90m-> null[0m[0m
TestRunDefaultExample 2025-06-11T15:36:30+05:30 command.go:206:       [31m-[0m[0m key_algorithm           = "RSA2048" [90m-> null[0m[0m
TestRunDefaultExample 2025-06-11T15:36:30+05:30 command.go:206:       [31m-[0m[0m labels                  = [] [90m-> null[0m[0m
TestRunDefaultExample 2025-06-11T15:36:30+05:30 command.go:206:       [31m-[0m[0m locks_total             = 0 [90m-> null[0m[0m
TestRunDefaultExample 2025-06-11T15:36:30+05:30 command.go:206:       [31m-[0m[0m name                    = "sm-private-cert-xaa7kp-example-private-cert" [90m-> null[0m[0m
TestRunDefaultExample 2025-06-11T15:36:30+05:30 command.go:206:       [31m-[0m[0m next_rotation_date      = "2026-06-06T10:04:57Z" [90m-> null[0m[0m
TestRunDefaultExample 2025-06-11T15:36:30+05:30 command.go:206:       [31m-[0m[0m other_sans              = [] [90m-> null[0m[0m
TestRunDefaultExample 2025-06-11T15:36:30+05:30 command.go:206:       [31m-[0m[0m private_key             = (sensitive value) [90m-> null[0m[0m
TestRunDefaultExample 2025-06-11T15:36:30+05:30 command.go:206:       [31m-[0m[0m private_key_format      = "der" [90m-> null[0m[0m
TestRunDefaultExample 2025-06-11T15:36:30+05:30 command.go:206:       [31m-[0m[0m region                  = "us-south" [90m-> null[0m[0m
TestRunDefaultExample 2025-06-11T15:36:30+05:30 command.go:206:       [31m-[0m[0m revocation_time_seconds = 0 [90m-> null[0m[0m
TestRunDefaultExample 2025-06-11T15:36:30+05:30 command.go:206:       [31m-[0m[0m secret_group_id         = "2eef666e-88e0-1c82-b100-23e16a662011" [90m-> null[0m[0m
TestRunDefaultExample 2025-06-11T15:36:30+05:30 command.go:206:       [31m-[0m[0m secret_id               = "976b7c16-fb09-f63d-2acf-748ff9c3fb67" [90m-> null[0m[0m
TestRunDefaultExample 2025-06-11T15:36:30+05:30 command.go:206:       [31m-[0m[0m secret_type             = "private_cert" [90m-> null[0m[0m
TestRunDefaultExample 2025-06-11T15:36:30+05:30 command.go:206:       [31m-[0m[0m serial_number           = "4e:fa:73:51:92:8a:ce:6f:49:10:20:20:32:ed:43:fc:4e:3c:a5:dd" [90m-> null[0m[0m
TestRunDefaultExample 2025-06-11T15:36:30+05:30 command.go:206:       [31m-[0m[0m signing_algorithm       = "SHA256-RSA" [90m-> null[0m[0m
TestRunDefaultExample 2025-06-11T15:36:30+05:30 command.go:206:       [31m-[0m[0m state                   = 1 [90m-> null[0m[0m
TestRunDefaultExample 2025-06-11T15:36:30+05:30 command.go:206:       [31m-[0m[0m state_description       = "active" [90m-> null[0m[0m
TestRunDefaultExample 2025-06-11T15:36:30+05:30 command.go:206:       [31m-[0m[0m ttl                     = "364d" [90m-> null[0m[0m
TestRunDefaultExample 2025-06-11T15:36:30+05:30 command.go:206:       [31m-[0m[0m updated_at              = "2025-06-11T10:05:27Z" [90m-> null[0m[0m
TestRunDefaultExample 2025-06-11T15:36:30+05:30 command.go:206:       [31m-[0m[0m validity                = [
TestRunDefaultExample 2025-06-11T15:36:30+05:30 command.go:206:           [31m-[0m[0m {
TestRunDefaultExample 2025-06-11T15:36:30+05:30 command.go:206:               [31m-[0m[0m not_after  = "2026-06-10T10:05:27.000Z"
TestRunDefaultExample 2025-06-11T15:36:30+05:30 command.go:206:               [31m-[0m[0m not_before = "2025-06-11T10:04:57.000Z"
TestRunDefaultExample 2025-06-11T15:36:30+05:30 command.go:206:             },
TestRunDefaultExample 2025-06-11T15:36:30+05:30 command.go:206:         ] [90m-> null[0m[0m
TestRunDefaultExample 2025-06-11T15:36:30+05:30 command.go:206:       [31m-[0m[0m version_custom_metadata = {} [90m-> null[0m[0m
TestRunDefaultExample 2025-06-11T15:36:30+05:30 command.go:206:       [31m-[0m[0m versions_total          = 1 [90m-> null[0m[0m
TestRunDefaultExample 2025-06-11T15:36:30+05:30 command.go:206:         [90m# (1 unchanged attribute hidden)[0m[0m
TestRunDefaultExample 2025-06-11T15:36:30+05:30 command.go:206: 
TestRunDefaultExample 2025-06-11T15:36:30+05:30 command.go:206:       [31m-[0m[0m rotation {
TestRunDefaultExample 2025-06-11T15:36:30+05:30 command.go:206:           [31m-[0m[0m auto_rotate = true [90m-> null[0m[0m
TestRunDefaultExample 2025-06-11T15:36:30+05:30 command.go:206:           [31m-[0m[0m interval    = 12 [90m-> null[0m[0m
TestRunDefaultExample 2025-06-11T15:36:30+05:30 command.go:206:           [31m-[0m[0m unit        = "month" [90m-> null[0m[0m
TestRunDefaultExample 2025-06-11T15:36:30+05:30 command.go:206:         }
TestRunDefaultExample 2025-06-11T15:36:30+05:30 command.go:206:     }
TestRunDefaultExample 2025-06-11T15:36:30+05:30 command.go:206: 
TestRunDefaultExample 2025-06-11T15:36:30+05:30 command.go:206: [1mPlan:[0m 0 to add, 0 to change, 6 to destroy.
TestRunDefaultExample 2025-06-11T15:36:30+05:30 command.go:206: [0m
TestRunDefaultExample 2025-06-11T15:36:30+05:30 command.go:206: Changes to Outputs:
TestRunDefaultExample 2025-06-11T15:36:30+05:30 command.go:206:   [31m-[0m[0m secret_crn = "crn:v1:bluemix:public:secrets-manager:us-south:a/abac0df06b644a9cabc6e44f55b3880e:79c6d411-c18f-4670-b009-b0044a238667:secret:976b7c16-fb09-f63d-2acf-748ff9c3fb67" [90m-> null[0m[0m
TestRunDefaultExample 2025-06-11T15:36:30+05:30 command.go:206:   [31m-[0m[0m secret_id  = "976b7c16-fb09-f63d-2acf-748ff9c3fb67" [90m-> null[0m[0m
TestRunDefaultExample 2025-06-11T15:36:31+05:30 command.go:206: [0m[1mmodule.secrets_manager.ibm_iam_authorization_policy.iam_identity_policy[0]: Destroying... [id=4fa53017-7262-4500-aa86-936c00fdeb50][0m[0m
TestRunDefaultExample 2025-06-11T15:36:31+05:30 command.go:206: [0m[1mmodule.secrets_manager.ibm_iam_authorization_policy.iam_groups_policy[0]: Destroying... [id=8832fe37-f53d-48ad-a257-7cb7659c3f3e][0m[0m
TestRunDefaultExample 2025-06-11T15:36:31+05:30 command.go:206: [0m[1mmodule.secrets_manager_private_certificate.ibm_sm_private_certificate.secrets_manager_private_certificate: Destroying... [id=us-south/79c6d411-c18f-4670-b009-b0044a238667/976b7c16-fb09-f63d-2acf-748ff9c3fb67][0m[0m
TestRunDefaultExample 2025-06-11T15:36:33+05:30 command.go:206: [0m[1mmodule.secrets_manager.ibm_iam_authorization_policy.iam_identity_policy[0]: Destruction complete after 2s[0m
TestRunDefaultExample 2025-06-11T15:36:33+05:30 command.go:206: [0m[1mmodule.secrets_manager.ibm_iam_authorization_policy.iam_groups_policy[0]: Destruction complete after 2s[0m
TestRunDefaultExample 2025-06-11T15:36:34+05:30 command.go:206: [0m[1mmodule.secrets_manager_private_certificate.ibm_sm_private_certificate.secrets_manager_private_certificate: Destruction complete after 2s[0m
TestRunDefaultExample 2025-06-11T15:36:34+05:30 command.go:206: [0m[1mibm_sm_secret_group.secret_group: Destroying... [id=us-south/79c6d411-c18f-4670-b009-b0044a238667/2eef666e-88e0-1c82-b100-23e16a662011][0m[0m
TestRunUpgradeExample 2025-06-11T15:36:34+05:30 logger.go:67: [0m[1mmodule.secrets_manager.ibm_resource_instance.secrets_manager_instance[0]: Still creating... [09m00s elapsed][0m[0m
    schematics.go:557: [SCHEMATICS] ... still waiting for job APPLY to complete: 7 minutes
TestRunDefaultExample 2025-06-11T15:36:36+05:30 command.go:206: [0m[1mibm_sm_secret_group.secret_group: Destruction complete after 2s[0m
TestRunDefaultExample 2025-06-11T15:36:36+05:30 command.go:206: [0m[1mmodule.secrets_manager.ibm_resource_instance.secrets_manager_instance[0]: Destroying... [id=crn:v1:bluemix:public:secrets-manager:br-sao:a/abac0df06b644a9cabc6e44f55b3880e:67c42a83-e8ab-4fc3-a1cf-fad03471fbec::][0m[0m
TestRunUpgradeExample 2025-06-11T15:36:44+05:30 logger.go:67: [0m[1mmodule.secrets_manager.ibm_resource_instance.secrets_manager_instance[0]: Still creating... [09m10s elapsed][0m[0m
TestRunDefaultExample 2025-06-11T15:36:46+05:30 command.go:206: [0m[1mmodule.secrets_manager.ibm_resource_instance.secrets_manager_instance[0]: Still destroying... [id=crn:v1:bluemix:public:secrets-manager:b...67c42a83-e8ab-4fc3-a1cf-fad03471fbec::, 00m10s elapsed][0m[0m
TestRunDefaultExample 2025-06-11T15:36:48+05:30 command.go:206: [0m[1mmodule.secrets_manager.ibm_resource_instance.secrets_manager_instance[0]: Destruction complete after 12s[0m
TestRunDefaultExample 2025-06-11T15:36:48+05:30 command.go:206: [0m[1mmodule.secrets_manager.time_sleep.wait_for_authorization_policy[0]: Destroying... [id=2025-06-11T09:57:31Z][0m[0m
TestRunDefaultExample 2025-06-11T15:36:48+05:30 command.go:206: [0m[1mmodule.secrets_manager.time_sleep.wait_for_authorization_policy[0]: Destruction complete after 0s[0m
TestRunDefaultExample 2025-06-11T15:36:48+05:30 command.go:206: [0m[1m[32m
TestRunDefaultExample 2025-06-11T15:36:48+05:30 command.go:206: Destroy complete! Resources: 6 destroyed.
TestRunDefaultExample 2025-06-11T15:36:48+05:30 command.go:206: [0m
TestRunDefaultExample 2025-06-11T15:36:48+05:30 tests.go:261: [0m[1mmodule.resource_group.data.ibm_resource_group.existing_resource_group[0]: Reading...[0m[0m
[0m[1mmodule.resource_group.data.ibm_resource_group.existing_resource_group[0]: Read complete after 2s [id=292170bc79c94f5e9019e46fb48f245a][0m
[0m[1mmodule.secrets_manager.time_sleep.wait_for_authorization_policy[0]: Refreshing state... [id=2025-06-11T09:57:31Z][0m
[0m[1mmodule.secrets_manager.ibm_resource_instance.secrets_manager_instance[0]: Refreshing state... [id=crn:v1:bluemix:public:secrets-manager:br-sao:a/abac0df06b644a9cabc6e44f55b3880e:67c42a83-e8ab-4fc3-a1cf-fad03471fbec::][0m
[0m[1mmodule.secrets_manager.module.secrets.data.ibm_sm_secret_groups.existing_secret_groups: Reading...[0m[0m
[0m[1mibm_sm_secret_group.secret_group: Refreshing state... [id=us-south/79c6d411-c18f-4670-b009-b0044a238667/2eef666e-88e0-1c82-b100-23e16a662011][0m
[0m[1mmodule.secrets_manager.ibm_iam_authorization_policy.iam_identity_policy[0]: Refreshing state... [id=4fa53017-7262-4500-aa86-936c00fdeb50][0m
[0m[1mmodule.secrets_manager.ibm_iam_authorization_policy.iam_groups_policy[0]: Refreshing state... [id=8832fe37-f53d-48ad-a257-7cb7659c3f3e][0m
[0m[1mmodule.secrets_manager_private_certificate.ibm_sm_private_certificate.secrets_manager_private_certificate: Refreshing state... [id=us-south/79c6d411-c18f-4670-b009-b0044a238667/976b7c16-fb09-f63d-2acf-748ff9c3fb67][0m
[0m[1mmodule.secrets_manager.module.secrets.data.ibm_sm_secret_groups.existing_secret_groups: Read complete after 2s [id=br-sao/67c42a83-e8ab-4fc3-a1cf-fad03471fbec][0m

Terraform used the selected providers to generate the following execution
plan. Resource actions are indicated with the following symbols:
  [31m-[0m destroy[0m

Terraform will perform the following actions:

[1m  # ibm_sm_secret_group.secret_group[0m will be [1m[31mdestroyed[0m
[0m  [31m-[0m[0m resource "ibm_sm_secret_group" "secret_group" {
      [31m-[0m[0m created_at      = "2025-06-11T10:05:26Z" [90m-> null[0m[0m
      [31m-[0m[0m description     = "secret group used for private certificates" [90m-> null[0m[0m
      [31m-[0m[0m id              = "us-south/79c6d411-c18f-4670-b009-b0044a238667/2eef666e-88e0-1c82-b100-23e16a662011" [90m-> null[0m[0m
      [31m-[0m[0m instance_id     = "79c6d411-c18f-4670-b009-b0044a238667" [90m-> null[0m[0m
      [31m-[0m[0m name            = "sm-private-cert-xaa7kp-certificates-secret-group" [90m-> null[0m[0m
      [31m-[0m[0m region          = "us-south" [90m-> null[0m[0m
      [31m-[0m[0m secret_group_id = "2eef666e-88e0-1c82-b100-23e16a662011" [90m-> null[0m[0m
      [31m-[0m[0m updated_at      = "2025-06-11T10:05:26Z" [90m-> null[0m[0m
    }

[1m  # module.secrets_manager.ibm_iam_authorization_policy.iam_groups_policy[0][0m will be [1m[31mdestroyed[0m
[0m  [31m-[0m[0m resource "ibm_iam_authorization_policy" "iam_groups_policy" {
      [31m-[0m[0m description                 = "Allows Secrets Manager instance 67c42a83-e8ab-4fc3-a1cf-fad03471fbec `Groups Service Member Manage` access to the IAM Groups service to enable creating IAM credentials." [90m-> null[0m[0m
      [31m-[0m[0m id                          = "8832fe37-f53d-48ad-a257-7cb7659c3f3e" [90m-> null[0m[0m
      [31m-[0m[0m roles                       = [
          [31m-[0m[0m "Groups Service Member Manage",
        ] [90m-> null[0m[0m
      [31m-[0m[0m source_resource_instance_id = "67c42a83-e8ab-4fc3-a1cf-fad03471fbec" [90m-> null[0m[0m
      [31m-[0m[0m source_service_account      = "abac0df06b644a9cabc6e44f55b3880e" [90m-> null[0m[0m
      [31m-[0m[0m source_service_name         = "secrets-manager" [90m-> null[0m[0m
      [31m-[0m[0m target_service_name         = "iam-groups" [90m-> null[0m[0m
      [31m-[0m[0m transaction_id              = "8316f60ed2f64413881d62928e617686" [90m-> null[0m[0m
        [90m# (5 unchanged attributes hidden)[0m[0m

      [31m-[0m[0m resource_attributes {
          [31m-[0m[0m name     = "accountId" [90m-> null[0m[0m
          [31m-[0m[0m operator = "stringEquals" [90m-> null[0m[0m
          [31m-[0m[0m value    = "abac0df06b644a9cabc6e44f55b3880e" [90m-> null[0m[0m
        }
      [31m-[0m[0m resource_attributes {
          [31m-[0m[0m name     = "serviceName" [90m-> null[0m[0m
          [31m-[0m[0m operator = "stringEquals" [90m-> null[0m[0m
          [31m-[0m[0m value    = "iam-groups" [90m-> null[0m[0m
        }
    }

[1m  # module.secrets_manager.ibm_iam_authorization_policy.iam_identity_policy[0][0m will be [1m[31mdestroyed[0m
[0m  [31m-[0m[0m resource "ibm_iam_authorization_policy" "iam_identity_policy" {
      [31m-[0m[0m description                 = "Allows Secrets Manager instance 67c42a83-e8ab-4fc3-a1cf-fad03471fbec `Operator` access to the IAM Identity service to enable creating IAM credentials." [90m-> null[0m[0m
      [31m-[0m[0m id                          = "4fa53017-7262-4500-aa86-936c00fdeb50" [90m-> null[0m[0m
      [31m-[0m[0m roles                       = [
          [31m-[0m[0m "Operator",
        ] [90m-> null[0m[0m
      [31m-[0m[0m source_resource_instance_id = "67c42a83-e8ab-4fc3-a1cf-fad03471fbec" [90m-> null[0m[0m
      [31m-[0m[0m source_service_account      = "abac0df06b644a9cabc6e44f55b3880e" [90m-> null[0m[0m
      [31m-[0m[0m source_service_name         = "secrets-manager" [90m-> null[0m[0m
      [31m-[0m[0m target_service_name         = "iam-identity" [90m-> null[0m[0m
      [31m-[0m[0m transaction_id              = "63934b248ed947f19a3ae6aaa8eb4109" [90m-> null[0m[0m
        [90m# (5 unchanged attributes hidden)[0m[0m

      [31m-[0m[0m resource_attributes {
          [31m-[0m[0m name     = "accountId" [90m-> null[0m[0m
          [31m-[0m[0m operator = "stringEquals" [90m-> null[0m[0m
          [31m-[0m[0m value    = "abac0df06b644a9cabc6e44f55b3880e" [90m-> null[0m[0m
        }
      [31m-[0m[0m resource_attributes {
          [31m-[0m[0m name     = "serviceName" [90m-> null[0m[0m
          [31m-[0m[0m operator = "stringEquals" [90m-> null[0m[0m
          [31m-[0m[0m value    = "iam-identity" [90m-> null[0m[0m
        }
    }

[1m  # module.secrets_manager.ibm_resource_instance.secrets_manager_instance[0][0m will be [1m[31mdestroyed[0m
[0m  [31m-[0m[0m resource "ibm_resource_instance" "secrets_manager_instance" {
      [31m-[0m[0m account_id              = "abac0df06b644a9cabc6e44f55b3880e" [90m-> null[0m[0m
      [31m-[0m[0m allow_cleanup           = false [90m-> null[0m[0m
      [31m-[0m[0m created_at              = "2025-06-11T09:57:34.627Z" [90m-> null[0m[0m
      [31m-[0m[0m created_by              = "IBMid-695000L3KW" [90m-> null[0m[0m
      [31m-[0m[0m crn                     = "crn:v1:bluemix:public:secrets-manager:br-sao:a/abac0df06b644a9cabc6e44f55b3880e:67c42a83-e8ab-4fc3-a1cf-fad03471fbec::" [90m-> null[0m[0m
      [31m-[0m[0m dashboard_url           = "https://67c42a83-e8ab-4fc3-a1cf-fad03471fbec.private.br-sao.secrets-manager.appdomain.cloud/ui" [90m-> null[0m[0m
      [31m-[0m[0m extensions              = {
          [31m-[0m[0m "virtual_private_endpoints.dns_domain"             = "private.br-sao.secrets-manager.appdomain.cloud"
          [31m-[0m[0m "virtual_private_endpoints.dns_hosts.#"            = "1"
          [31m-[0m[0m "virtual_private_endpoints.dns_hosts.0"            = "67c42a83-e8ab-4fc3-a1cf-fad03471fbec"
          [31m-[0m[0m "virtual_private_endpoints.endpoints.#"            = "3"
          [31m-[0m[0m "virtual_private_endpoints.endpoints.0.ip_address" = "166.9.246.73"
          [31m-[0m[0m "virtual_private_endpoints.endpoints.0.zone"       = "sao01"
          [31m-[0m[0m "virtual_private_endpoints.endpoints.1.ip_address" = "166.9.246.102"
          [31m-[0m[0m "virtual_private_endpoints.endpoints.1.zone"       = "sao04"
          [31m-[0m[0m "virtual_private_endpoints.endpoints.2.ip_address" = "166.9.246.158"
          [31m-[0m[0m "virtual_private_endpoints.endpoints.2.zone"       = "sao05"
          [31m-[0m[0m "virtual_private_endpoints.origin_type"            = "cse"
          [31m-[0m[0m "virtual_private_endpoints.ports.#"                = "1"
          [31m-[0m[0m "virtual_private_endpoints.ports.0.port_max"       = "443"
          [31m-[0m[0m "virtual_private_endpoints.ports.0.port_min"       = "443"
        } [90m-> null[0m[0m
      [31m-[0m[0m guid                    = "67c42a83-e8ab-4fc3-a1cf-fad03471fbec" [90m-> null[0m[0m
      [31m-[0m[0m id                      = "crn:v1:bluemix:public:secrets-manager:br-sao:a/abac0df06b644a9cabc6e44f55b3880e:67c42a83-e8ab-4fc3-a1cf-fad03471fbec::" [90m-> null[0m[0m
      [31m-[0m[0m last_operation          = {
          [31m-[0m[0m "async"       = "true"
          [31m-[0m[0m "cancelable"  = "false"
          [31m-[0m[0m "description" = "Provisioning vault with version 7."
          [31m-[0m[0m "poll"        = "true"
          [31m-[0m[0m "state"       = "succeeded"
          [31m-[0m[0m "type"        = "create"
        } [90m-> null[0m[0m
      [31m-[0m[0m location                = "br-sao" [90m-> null[0m[0m
      [31m-[0m[0m locked                  = false [90m-> null[0m[0m
      [31m-[0m[0m name                    = "sm-private-cert-xaa7kp-secrets-manager" [90m-> null[0m[0m
      [31m-[0m[0m onetime_credentials     = false [90m-> null[0m[0m
      [31m-[0m[0m parameters              = {
          [31m-[0m[0m "allowed_network" = "public-and-private"
        } [90m-> null[0m[0m
      [31m-[0m[0m plan                    = "trial" [90m-> null[0m[0m
      [31m-[0m[0m plan_history            = [
          [31m-[0m[0m {
              [31m-[0m[0m resource_plan_id = "869c191a-3c2a-4faf-98be-18d48f95ba1f"
              [31m-[0m[0m start_date       = "2025-06-11T09:57:34.627Z"
            },
        ] [90m-> null[0m[0m
      [31m-[0m[0m resource_aliases_url    = "/v2/resource_instances/67c42a83-e8ab-4fc3-a1cf-fad03471fbec/resource_aliases" [90m-> null[0m[0m
      [31m-[0m[0m resource_bindings_url   = "/v2/resource_instances/67c42a83-e8ab-4fc3-a1cf-fad03471fbec/resource_bindings" [90m-> null[0m[0m
      [31m-[0m[0m resource_controller_url = "https://cloud.ibm.com/services/" [90m-> null[0m[0m
      [31m-[0m[0m resource_crn            = "crn:v1:bluemix:public:secrets-manager:br-sao:a/abac0df06b644a9cabc6e44f55b3880e:67c42a83-e8ab-4fc3-a1cf-fad03471fbec::" [90m-> null[0m[0m
      [31m-[0m[0m resource_group_crn      = "crn:v1:bluemix:public:resource-controller::a/abac0df06b644a9cabc6e44f55b3880e::resource-group:292170bc79c94f5e9019e46fb48f245a" [90m-> null[0m[0m
      [31m-[0m[0m resource_group_id       = "292170bc79c94f5e9019e46fb48f245a" [90m-> null[0m[0m
      [31m-[0m[0m resource_group_name     = "crn:v1:bluemix:public:resource-controller::a/abac0df06b644a9cabc6e44f55b3880e::resource-group:292170bc79c94f5e9019e46fb48f245a" [90m-> null[0m[0m
      [31m-[0m[0m resource_id             = "ebc0cdb0-af2a-11ea-98c7-29e5db822649" [90m-> null[0m[0m
      [31m-[0m[0m resource_keys_url       = "/v2/resource_instances/67c42a83-e8ab-4fc3-a1cf-fad03471fbec/resource_keys" [90m-> null[0m[0m
      [31m-[0m[0m resource_name           = "sm-private-cert-xaa7kp-secrets-manager" [90m-> null[0m[0m
      [31m-[0m[0m resource_plan_id        = "869c191a-3c2a-4faf-98be-18d48f95ba1f" [90m-> null[0m[0m
      [31m-[0m[0m resource_status         = "active" [90m-> null[0m[0m
      [31m-[0m[0m service                 = "secrets-manager" [90m-> null[0m[0m
      [31m-[0m[0m state                   = "active" [90m-> null[0m[0m
      [31m-[0m[0m status                  = "active" [90m-> null[0m[0m
      [31m-[0m[0m tags                    = [] [90m-> null[0m[0m
      [31m-[0m[0m target_crn              = "crn:v1:bluemix:public:globalcatalog::::deployment:869c191a-3c2a-4faf-98be-18d48f95ba1f%3A7647a42f" [90m-> null[0m[0m
      [31m-[0m[0m type                    = "service_instance" [90m-> null[0m[0m
      [31m-[0m[0m update_at               = "2025-06-11T10:05:14.176Z" [90m-> null[0m[0m
        [90m# (5 unchanged attributes hidden)[0m[0m

      [31m-[0m[0m timeouts {
          [31m-[0m[0m create = "30m" [90m-> null[0m[0m
        }
    }

[1m  # module.secrets_manager.time_sleep.wait_for_authorization_policy[0][0m will be [1m[31mdestroyed[0m
[0m  [31m-[0m[0m resource "time_sleep" "wait_for_authorization_policy" {
      [31m-[0m[0m create_duration = "30s" [90m-> null[0m[0m
      [31m-[0m[0m id              = "2025-06-11T09:57:31Z" [90m-> null[0m[0m
    }

[1m  # module.secrets_manager_private_certificate.ibm_sm_private_certificate.secrets_manager_private_certificate[0m will be [1m[31mdestroyed[0m
[0m  [31m-[0m[0m resource "ibm_sm_private_certificate" "secrets_manager_private_certificate" {
      [31m-[0m[0m alt_names               = [
          [31m-[0m[0m "terraform-modules.ibm.com",
        ] [90m-> null[0m[0m
      [31m-[0m[0m ca_chain                = (sensitive value) [90m-> null[0m[0m
      [31m-[0m[0m certificate             = (sensitive value) [90m-> null[0m[0m
      [31m-[0m[0m certificate_authority   = "geretain-intermediate-ca" [90m-> null[0m[0m
      [31m-[0m[0m certificate_template    = "geretain-cert-template" [90m-> null[0m[0m
      [31m-[0m[0m common_name             = "terraform-modules.ibm.com" [90m-> null[0m[0m
      [31m-[0m[0m created_at              = "2025-06-11T10:04:57Z" [90m-> null[0m[0m
      [31m-[0m[0m created_by              = "IBMid-695000L3KW" [90m-> null[0m[0m
      [31m-[0m[0m crn                     = "crn:v1:bluemix:public:secrets-manager:us-south:a/abac0df06b644a9cabc6e44f55b3880e:79c6d411-c18f-4670-b009-b0044a238667:secret:976b7c16-fb09-f63d-2acf-748ff9c3fb67" [90m-> null[0m[0m
      [31m-[0m[0m custom_metadata         = {
          [31m-[0m[0m "collection_total" = "1"
          [31m-[0m[0m "collection_type"  = "application/vnd.ibm.secrets-manager.secret+json"
        } [90m-> null[0m[0m
      [31m-[0m[0m description             = "an example private cert" [90m-> null[0m[0m
      [31m-[0m[0m downloaded              = true [90m-> null[0m[0m
      [31m-[0m[0m endpoint_type           = "public" [90m-> null[0m[0m
      [31m-[0m[0m exclude_cn_from_sans    = false [90m-> null[0m[0m
      [31m-[0m[0m expiration_date         = "2026-06-10T10:05:27Z" [90m-> null[0m[0m
      [31m-[0m[0m format                  = "pem" [90m-> null[0m[0m
      [31m-[0m[0m id                      = "us-south/79c6d411-c18f-4670-b009-b0044a238667/976b7c16-fb09-f63d-2acf-748ff9c3fb67" [90m-> null[0m[0m
      [31m-[0m[0m instance_id             = "79c6d411-c18f-4670-b009-b0044a238667" [90m-> null[0m[0m
      [31m-[0m[0m issuer                  = "*.cloud.ibm.com" [90m-> null[0m[0m
      [31m-[0m[0m issuing_ca              = (sensitive value) [90m-> null[0m[0m
      [31m-[0m[0m key_algorithm           = "RSA2048" [90m-> null[0m[0m
      [31m-[0m[0m labels                  = [] [90m-> null[0m[0m
      [31m-[0m[0m locks_total             = 0 [90m-> null[0m[0m
      [31m-[0m[0m name                    = "sm-private-cert-xaa7kp-example-private-cert" [90m-> null[0m[0m
      [31m-[0m[0m next_rotation_date      = "2026-06-06T10:04:57Z" [90m-> null[0m[0m
      [31m-[0m[0m other_sans              = [] [90m-> null[0m[0m
      [31m-[0m[0m private_key             = (sensitive value) [90m-> null[0m[0m
      [31m-[0m[0m private_key_format      = "der" [90m-> null[0m[0m
      [31m-[0m[0m region                  = "us-south" [90m-> null[0m[0m
      [31m-[0m[0m revocation_time_seconds = 0 [90m-> null[0m[0m
      [31m-[0m[0m secret_group_id         = "2eef666e-88e0-1c82-b100-23e16a662011" [90m-> null[0m[0m
      [31m-[0m[0m secret_id               = "976b7c16-fb09-f63d-2acf-748ff9c3fb67" [90m-> null[0m[0m
      [31m-[0m[0m secret_type             = "private_cert" [90m-> null[0m[0m
      [31m-[0m[0m serial_number           = "4e:fa:73:51:92:8a:ce:6f:49:10:20:20:32:ed:43:fc:4e:3c:a5:dd" [90m-> null[0m[0m
      [31m-[0m[0m signing_algorithm       = "SHA256-RSA" [90m-> null[0m[0m
      [31m-[0m[0m state                   = 1 [90m-> null[0m[0m
      [31m-[0m[0m state_description       = "active" [90m-> null[0m[0m
      [31m-[0m[0m ttl                     = "364d" [90m-> null[0m[0m
      [31m-[0m[0m updated_at              = "2025-06-11T10:05:27Z" [90m-> null[0m[0m
      [31m-[0m[0m validity                = [
          [31m-[0m[0m {
              [31m-[0m[0m not_after  = "2026-06-10T10:05:27.000Z"
              [31m-[0m[0m not_before = "2025-06-11T10:04:57.000Z"
            },
        ] [90m-> null[0m[0m
      [31m-[0m[0m version_custom_metadata = {} [90m-> null[0m[0m
      [31m-[0m[0m versions_total          = 1 [90m-> null[0m[0m
        [90m# (1 unchanged attribute hidden)[0m[0m

      [31m-[0m[0m rotation {
          [31m-[0m[0m auto_rotate = true [90m-> null[0m[0m
          [31m-[0m[0m interval    = 12 [90m-> null[0m[0m
          [31m-[0m[0m unit        = "month" [90m-> null[0m[0m
        }
    }

[1mPlan:[0m 0 to add, 0 to change, 6 to destroy.
[0m
Changes to Outputs:
  [31m-[0m[0m secret_crn = "crn:v1:bluemix:public:secrets-manager:us-south:a/abac0df06b644a9cabc6e44f55b3880e:79c6d411-c18f-4670-b009-b0044a238667:secret:976b7c16-fb09-f63d-2acf-748ff9c3fb67" [90m-> null[0m[0m
  [31m-[0m[0m secret_id  = "976b7c16-fb09-f63d-2acf-748ff9c3fb67" [90m-> null[0m[0m
[0m[1mmodule.secrets_manager.ibm_iam_authorization_policy.iam_identity_policy[0]: Destroying... [id=4fa53017-7262-4500-aa86-936c00fdeb50][0m[0m
[0m[1mmodule.secrets_manager.ibm_iam_authorization_policy.iam_groups_policy[0]: Destroying... [id=8832fe37-f53d-48ad-a257-7cb7659c3f3e][0m[0m
[0m[1mmodule.secrets_manager_private_certificate.ibm_sm_private_certificate.secrets_manager_private_certificate: Destroying... [id=us-south/79c6d411-c18f-4670-b009-b0044a238667/976b7c16-fb09-f63d-2acf-748ff9c3fb67][0m[0m
[0m[1mmodule.secrets_manager.ibm_iam_authorization_policy.iam_identity_policy[0]: Destruction complete after 2s[0m
[0m[1mmodule.secrets_manager.ibm_iam_authorization_policy.iam_groups_policy[0]: Destruction complete after 2s[0m
[0m[1mmodule.secrets_manager_private_certificate.ibm_sm_private_certificate.secrets_manager_private_certificate: Destruction complete after 2s[0m
[0m[1mibm_sm_secret_group.secret_group: Destroying... [id=us-south/79c6d411-c18f-4670-b009-b0044a238667/2eef666e-88e0-1c82-b100-23e16a662011][0m[0m
[0m[1mibm_sm_secret_group.secret_group: Destruction complete after 2s[0m
[0m[1mmodule.secrets_manager.ibm_resource_instance.secrets_manager_instance[0]: Destroying... [id=crn:v1:bluemix:public:secrets-manager:br-sao:a/abac0df06b644a9cabc6e44f55b3880e:67c42a83-e8ab-4fc3-a1cf-fad03471fbec::][0m[0m
[0m[1mmodule.secrets_manager.ibm_resource_instance.secrets_manager_instance[0]: Still destroying... [id=crn:v1:bluemix:public:secrets-manager:b...67c42a83-e8ab-4fc3-a1cf-fad03471fbec::, 00m10s elapsed][0m[0m
[0m[1mmodule.secrets_manager.ibm_resource_instance.secrets_manager_instance[0]: Destruction complete after 12s[0m
[0m[1mmodule.secrets_manager.time_sleep.wait_for_authorization_policy[0]: Destroying... [id=2025-06-11T09:57:31Z][0m[0m
[0m[1mmodule.secrets_manager.time_sleep.wait_for_authorization_policy[0]: Destruction complete after 0s[0m
[0m[1m[32m
Destroy complete! Resources: 6 destroyed.
[0m
TestRunDefaultExample 2025-06-11T15:36:48+05:30 tests.go:266: END: Destroy
--- PASS: TestRunDefaultExample (661.97s)
TestRunUpgradeExample 2025-06-11T15:36:54+05:30 logger.go:67: [0m[1mmodule.secrets_manager.ibm_resource_instance.secrets_manager_instance[0]: Still creating... [09m20s elapsed][0m[0m
TestRunUpgradeExample 2025-06-11T15:37:04+05:30 logger.go:67: [0m[1mmodule.secrets_manager.ibm_resource_instance.secrets_manager_instance[0]: Still creating... [09m30s elapsed][0m[0m
TestRunUpgradeExample 2025-06-11T15:37:14+05:30 logger.go:67: [0m[1mmodule.secrets_manager.ibm_resource_instance.secrets_manager_instance[0]: Still creating... [09m40s elapsed][0m[0m
TestRunUpgradeExample 2025-06-11T15:37:23+05:30 logger.go:67: [0m[1mmodule.secrets_manager.ibm_resource_instance.secrets_manager_instance[0]: Creation complete after 9m48s [id=crn:v1:bluemix:public:secrets-manager:br-sao:a/abac0df06b644a9cabc6e44f55b3880e:baed06e8-99da-4120-8792-976331830db9::][0m
TestRunUpgradeExample 2025-06-11T15:37:23+05:30 logger.go:67: [0m[1mmodule.secrets_manager.module.secrets.data.ibm_sm_secret_groups.existing_secret_groups: Reading...[0m[0m
TestRunUpgradeExample 2025-06-11T15:37:23+05:30 logger.go:67: [0m[1mibm_sm_secret_group.secret_group: Creating...[0m[0m
TestRunUpgradeExample 2025-06-11T15:37:23+05:30 logger.go:67: [0m[1mmodule.secrets_manager.ibm_iam_authorization_policy.iam_groups_policy[0]: Creating...[0m[0m
TestRunUpgradeExample 2025-06-11T15:37:23+05:30 logger.go:67: [0m[1mmodule.secrets_manager.ibm_iam_authorization_policy.iam_identity_policy[0]: Creating...[0m[0m
TestRunUpgradeExample 2025-06-11T15:37:25+05:30 logger.go:67: [0m[1mibm_sm_secret_group.secret_group: Creation complete after 2s [id=us-south/79c6d411-c18f-4670-b009-b0044a238667/4c9d77cf-c184-8670-8237-abbb27b9ce4c][0m
TestRunUpgradeExample 2025-06-11T15:37:25+05:30 logger.go:67: [0m[1mmodule.secrets_manager_private_certificate.ibm_sm_private_certificate.secrets_manager_private_certificate: Creating...[0m[0m
TestRunUpgradeExample 2025-06-11T15:37:25+05:30 logger.go:67: [0m[1mmodule.secrets_manager.module.secrets.data.ibm_sm_secret_groups.existing_secret_groups: Read complete after 3s [id=br-sao/baed06e8-99da-4120-8792-976331830db9][0m
TestRunUpgradeExample 2025-06-11T15:37:26+05:30 logger.go:67: [0m[1mmodule.secrets_manager.ibm_iam_authorization_policy.iam_identity_policy[0]: Creation complete after 3s [id=9f6c3bb2-2a8b-46bc-b3f8-2025b6fae486][0m
TestRunUpgradeExample 2025-06-11T15:37:27+05:30 logger.go:67: [0m[1mmodule.secrets_manager.ibm_iam_authorization_policy.iam_groups_policy[0]: Creation complete after 4s [id=5633596d-3705-411c-8250-29c94ab31791][0m
TestRunUpgradeExample 2025-06-11T15:37:28+05:30 logger.go:67: [0m[1mmodule.secrets_manager_private_certificate.ibm_sm_private_certificate.secrets_manager_private_certificate: Creation complete after 3s [id=us-south/79c6d411-c18f-4670-b009-b0044a238667/8becc282-f944-2e0f-94a0-ef65d3516c5c][0m
TestRunUpgradeExample 2025-06-11T15:37:28+05:30 logger.go:67: [0m[1m[32m
TestRunUpgradeExample 2025-06-11T15:37:28+05:30 logger.go:67: Apply complete! Resources: 6 added, 0 changed, 0 destroyed.
TestRunUpgradeExample 2025-06-11T15:37:28+05:30 logger.go:67: [0m[0m[1m[32m
TestRunUpgradeExample 2025-06-11T15:37:28+05:30 logger.go:67: Outputs:
TestRunUpgradeExample 2025-06-11T15:37:28+05:30 logger.go:67: 
TestRunUpgradeExample 2025-06-11T15:37:28+05:30 logger.go:67: [0msecret_crn = "crn:v1:bluemix:public:secrets-manager:us-south:a/abac0df06b644a9cabc6e44f55b3880e:79c6d411-c18f-4670-b009-b0044a238667:secret:8becc282-f944-2e0f-94a0-ef65d3516c5c"
TestRunUpgradeExample 2025-06-11T15:37:28+05:30 logger.go:67: secret_id = "8becc282-f944-2e0f-94a0-ef65d3516c5c"
TestRunUpgradeExample 2025-06-11T15:37:28+05:30 retry.go:91: terraform [output -no-color -json]
TestRunUpgradeExample 2025-06-11T15:37:28+05:30 tests.go:521: State file copied to PR branch dir: /var/folders/_b/0hby4j6x32l97kzlgrdw27140000gn/T/terraform-pr-sm-private-cert-upg-xaa7kp4213799810/examples/default/terraform.tfstate
TestRunUpgradeExample 2025-06-11T15:37:28+05:30 tests.go:524: Init / Plan on PR Branch: issue-13958
TestRunUpgradeExample 2025-06-11T15:37:28+05:30 tests.go:525: Init / Plan on PR Branch dir: /var/folders/_b/0hby4j6x32l97kzlgrdw27140000gn/T/terraform-pr-sm-private-cert-upg-xaa7kp4213799810/examples/default
TestRunUpgradeExample 2025-06-11T15:37:28+05:30 tests.go:618: START: Init / Plan / Show w/Struct
TestRunUpgradeExample 2025-06-11T15:37:28+05:30 retry.go:91: terraform [init -upgrade=true]
=== NAME  TestPrivateInSchematics
    schematics.go:557: [SCHEMATICS] ... still waiting for job APPLY to complete: 8 minutes
TestRunUpgradeExample 2025-06-11T15:38:11+05:30 retry.go:91: terraform [plan -input=false -lock=false -var certificate_template_name=geretain-cert-template -var existing_sm_instance_guid=79c6d411-c18f-4670-b009-b0044a238667 -var existing_sm_instance_region=us-south -var prefix=sm-private-cert-upg-xaa7kp -var region=br-sao -var resource_group=geretain-test-resources -var resource_tags=[] -lock=false -out=/var/folders/_b/0hby4j6x32l97kzlgrdw27140000gn/T/terraform-pr-sm-private-cert-upg-xaa7kp4213799810/examples/default/terratest-plan-file-3771651067]
TestRunUpgradeExample 2025-06-11T15:38:20+05:30 retry.go:91: terraform [show -no-color -json /var/folders/_b/0hby4j6x32l97kzlgrdw27140000gn/T/terraform-pr-sm-private-cert-upg-xaa7kp4213799810/examples/default/terratest-plan-file-3771651067]
TestRunUpgradeExample 2025-06-11T15:38:21+05:30 tests.go:636: FINISHED: Init / Plan / Show w/Struct
TestRunUpgradeExample 2025-06-11T15:38:21+05:30 tests.go:540: Parsing plan output to determine if any resources identified for destroy (PR branch)...
TestRunUpgradeExample 2025-06-11T15:38:21+05:30 retry.go:91: terraform [plan -input=false -lock=false -var resource_tags=[] -var certificate_template_name=geretain-cert-template -var existing_sm_instance_guid=79c6d411-c18f-4670-b009-b0044a238667 -var existing_sm_instance_region=us-south -var prefix=sm-private-cert-upg-xaa7kp -var region=br-sao -var resource_group=geretain-test-resources -lock=false -out=/var/folders/_b/0hby4j6x32l97kzlgrdw27140000gn/T/terraform-pr-sm-private-cert-upg-xaa7kp4213799810/examples/default/terratest-plan-file-3771651067]
TestRunUpgradeExample 2025-06-11T15:38:21+05:30 command.go:121: Running command terraform with args [plan -input=false -lock=false -var resource_tags=[] -var certificate_template_name=geretain-cert-template -var existing_sm_instance_guid=79c6d411-c18f-4670-b009-b0044a238667 -var existing_sm_instance_region=us-south -var prefix=sm-private-cert-upg-xaa7kp -var region=br-sao -var resource_group=geretain-test-resources -lock=false -out=/var/folders/_b/0hby4j6x32l97kzlgrdw27140000gn/T/terraform-pr-sm-private-cert-upg-xaa7kp4213799810/examples/default/terratest-plan-file-3771651067]
TestRunUpgradeExample 2025-06-11T15:38:22+05:30 command.go:206: [0m[1mmodule.resource_group.data.ibm_resource_group.existing_resource_group[0]: Reading...[0m[0m
TestRunUpgradeExample 2025-06-11T15:38:24+05:30 command.go:206: [0m[1mmodule.resource_group.data.ibm_resource_group.existing_resource_group[0]: Read complete after 1s [id=292170bc79c94f5e9019e46fb48f245a][0m
TestRunUpgradeExample 2025-06-11T15:38:24+05:30 command.go:206: [0m[1mmodule.secrets_manager.time_sleep.wait_for_authorization_policy[0]: Refreshing state... [id=2025-06-11T09:57:34Z][0m
TestRunUpgradeExample 2025-06-11T15:38:24+05:30 command.go:206: [0m[1mmodule.secrets_manager.ibm_resource_instance.secrets_manager_instance[0]: Refreshing state... [id=crn:v1:bluemix:public:secrets-manager:br-sao:a/abac0df06b644a9cabc6e44f55b3880e:baed06e8-99da-4120-8792-976331830db9::][0m
TestRunUpgradeExample 2025-06-11T15:38:26+05:30 command.go:206: [0m[1mmodule.secrets_manager.module.secrets.data.ibm_sm_secret_groups.existing_secret_groups: Reading...[0m[0m
TestRunUpgradeExample 2025-06-11T15:38:26+05:30 command.go:206: [0m[1mibm_sm_secret_group.secret_group: Refreshing state... [id=us-south/79c6d411-c18f-4670-b009-b0044a238667/4c9d77cf-c184-8670-8237-abbb27b9ce4c][0m
TestRunUpgradeExample 2025-06-11T15:38:26+05:30 command.go:206: [0m[1mmodule.secrets_manager.ibm_iam_authorization_policy.iam_identity_policy[0]: Refreshing state... [id=9f6c3bb2-2a8b-46bc-b3f8-2025b6fae486][0m
TestRunUpgradeExample 2025-06-11T15:38:26+05:30 command.go:206: [0m[1mmodule.secrets_manager.ibm_iam_authorization_policy.iam_groups_policy[0]: Refreshing state... [id=5633596d-3705-411c-8250-29c94ab31791][0m
TestRunUpgradeExample 2025-06-11T15:38:27+05:30 command.go:206: [0m[1mmodule.secrets_manager_private_certificate.ibm_sm_private_certificate.secrets_manager_private_certificate: Refreshing state... [id=us-south/79c6d411-c18f-4670-b009-b0044a238667/8becc282-f944-2e0f-94a0-ef65d3516c5c][0m
TestRunUpgradeExample 2025-06-11T15:38:28+05:30 command.go:206: [0m[1mmodule.secrets_manager.module.secrets.data.ibm_sm_secret_groups.existing_secret_groups: Read complete after 2s [id=br-sao/baed06e8-99da-4120-8792-976331830db9][0m
TestRunUpgradeExample 2025-06-11T15:38:28+05:30 command.go:206: 
TestRunUpgradeExample 2025-06-11T15:38:28+05:30 command.go:206: [0m[1m[32mNo changes.[0m[1m Your infrastructure matches the configuration.[0m
TestRunUpgradeExample 2025-06-11T15:38:28+05:30 command.go:206: 
TestRunUpgradeExample 2025-06-11T15:38:28+05:30 command.go:206: [0mTerraform has compared your real infrastructure against your configuration
TestRunUpgradeExample 2025-06-11T15:38:28+05:30 command.go:206: and found no differences, so no changes are needed.
TestRunUpgradeExample 2025-06-11T15:38:28+05:30 retry.go:91: terraform [output -no-color -json]
TestRunUpgradeExample 2025-06-11T15:38:28+05:30 tests.go:196: START: Destroy
TestRunUpgradeExample 2025-06-11T15:38:28+05:30 retry.go:91: terraform [destroy -auto-approve -input=false -var existing_sm_instance_region=us-south -var prefix=sm-private-cert-upg-xaa7kp -var region=br-sao -var resource_group=geretain-test-resources -var resource_tags=[] -var certificate_template_name=geretain-cert-template -var existing_sm_instance_guid=79c6d411-c18f-4670-b009-b0044a238667 -lock=false]
TestRunUpgradeExample 2025-06-11T15:38:28+05:30 command.go:121: Running command terraform with args [destroy -auto-approve -input=false -var existing_sm_instance_region=us-south -var prefix=sm-private-cert-upg-xaa7kp -var region=br-sao -var resource_group=geretain-test-resources -var resource_tags=[] -var certificate_template_name=geretain-cert-template -var existing_sm_instance_guid=79c6d411-c18f-4670-b009-b0044a238667 -lock=false]
TestRunUpgradeExample 2025-06-11T15:38:30+05:30 command.go:206: [0m[1mmodule.resource_group.data.ibm_resource_group.existing_resource_group[0]: Reading...[0m[0m
TestRunUpgradeExample 2025-06-11T15:38:31+05:30 command.go:206: [0m[1mmodule.resource_group.data.ibm_resource_group.existing_resource_group[0]: Read complete after 1s [id=292170bc79c94f5e9019e46fb48f245a][0m
TestRunUpgradeExample 2025-06-11T15:38:31+05:30 command.go:206: [0m[1mmodule.secrets_manager.time_sleep.wait_for_authorization_policy[0]: Refreshing state... [id=2025-06-11T09:57:34Z][0m
TestRunUpgradeExample 2025-06-11T15:38:31+05:30 command.go:206: [0m[1mmodule.secrets_manager.ibm_resource_instance.secrets_manager_instance[0]: Refreshing state... [id=crn:v1:bluemix:public:secrets-manager:br-sao:a/abac0df06b644a9cabc6e44f55b3880e:baed06e8-99da-4120-8792-976331830db9::][0m
TestRunUpgradeExample 2025-06-11T15:38:33+05:30 command.go:206: [0m[1mibm_sm_secret_group.secret_group: Refreshing state... [id=us-south/79c6d411-c18f-4670-b009-b0044a238667/4c9d77cf-c184-8670-8237-abbb27b9ce4c][0m
TestRunUpgradeExample 2025-06-11T15:38:33+05:30 command.go:206: [0m[1mmodule.secrets_manager.ibm_iam_authorization_policy.iam_groups_policy[0]: Refreshing state... [id=5633596d-3705-411c-8250-29c94ab31791][0m
TestRunUpgradeExample 2025-06-11T15:38:33+05:30 command.go:206: [0m[1mmodule.secrets_manager.ibm_iam_authorization_policy.iam_identity_policy[0]: Refreshing state... [id=9f6c3bb2-2a8b-46bc-b3f8-2025b6fae486][0m
TestRunUpgradeExample 2025-06-11T15:38:33+05:30 command.go:206: [0m[1mmodule.secrets_manager.module.secrets.data.ibm_sm_secret_groups.existing_secret_groups: Reading...[0m[0m
TestRunUpgradeExample 2025-06-11T15:38:34+05:30 command.go:206: [0m[1mmodule.secrets_manager_private_certificate.ibm_sm_private_certificate.secrets_manager_private_certificate: Refreshing state... [id=us-south/79c6d411-c18f-4670-b009-b0044a238667/8becc282-f944-2e0f-94a0-ef65d3516c5c][0m
TestRunUpgradeExample 2025-06-11T15:38:34+05:30 command.go:206: [0m[1mmodule.secrets_manager.module.secrets.data.ibm_sm_secret_groups.existing_secret_groups: Read complete after 1s [id=br-sao/baed06e8-99da-4120-8792-976331830db9][0m
    schematics.go:557: [SCHEMATICS] ... still waiting for job APPLY to complete: 9 minutes
TestRunUpgradeExample 2025-06-11T15:38:37+05:30 command.go:206: 
TestRunUpgradeExample 2025-06-11T15:38:37+05:30 command.go:206: Terraform used the selected providers to generate the following execution
TestRunUpgradeExample 2025-06-11T15:38:37+05:30 command.go:206: plan. Resource actions are indicated with the following symbols:
TestRunUpgradeExample 2025-06-11T15:38:37+05:30 command.go:206:   [31m-[0m destroy[0m
TestRunUpgradeExample 2025-06-11T15:38:37+05:30 command.go:206: 
TestRunUpgradeExample 2025-06-11T15:38:37+05:30 command.go:206: Terraform will perform the following actions:
TestRunUpgradeExample 2025-06-11T15:38:37+05:30 command.go:206: 
TestRunUpgradeExample 2025-06-11T15:38:37+05:30 command.go:206: [1m  # ibm_sm_secret_group.secret_group[0m will be [1m[31mdestroyed[0m
TestRunUpgradeExample 2025-06-11T15:38:37+05:30 command.go:206: [0m  [31m-[0m[0m resource "ibm_sm_secret_group" "secret_group" {
TestRunUpgradeExample 2025-06-11T15:38:37+05:30 command.go:206:       [31m-[0m[0m created_at      = "2025-06-11T10:07:24Z" [90m-> null[0m[0m
TestRunUpgradeExample 2025-06-11T15:38:37+05:30 command.go:206:       [31m-[0m[0m description     = "secret group used for private certificates" [90m-> null[0m[0m
TestRunUpgradeExample 2025-06-11T15:38:37+05:30 command.go:206:       [31m-[0m[0m id              = "us-south/79c6d411-c18f-4670-b009-b0044a238667/4c9d77cf-c184-8670-8237-abbb27b9ce4c" [90m-> null[0m[0m
TestRunUpgradeExample 2025-06-11T15:38:37+05:30 command.go:206:       [31m-[0m[0m instance_id     = "79c6d411-c18f-4670-b009-b0044a238667" [90m-> null[0m[0m
TestRunUpgradeExample 2025-06-11T15:38:37+05:30 command.go:206:       [31m-[0m[0m name            = "sm-private-cert-upg-xaa7kp-certificates-secret-group" [90m-> null[0m[0m
TestRunUpgradeExample 2025-06-11T15:38:37+05:30 command.go:206:       [31m-[0m[0m region          = "us-south" [90m-> null[0m[0m
TestRunUpgradeExample 2025-06-11T15:38:37+05:30 command.go:206:       [31m-[0m[0m secret_group_id = "4c9d77cf-c184-8670-8237-abbb27b9ce4c" [90m-> null[0m[0m
TestRunUpgradeExample 2025-06-11T15:38:37+05:30 command.go:206:       [31m-[0m[0m updated_at      = "2025-06-11T10:07:24Z" [90m-> null[0m[0m
TestRunUpgradeExample 2025-06-11T15:38:37+05:30 command.go:206:     }
TestRunUpgradeExample 2025-06-11T15:38:37+05:30 command.go:206: 
TestRunUpgradeExample 2025-06-11T15:38:37+05:30 command.go:206: [1m  # module.secrets_manager.ibm_iam_authorization_policy.iam_groups_policy[0][0m will be [1m[31mdestroyed[0m
TestRunUpgradeExample 2025-06-11T15:38:37+05:30 command.go:206: [0m  [31m-[0m[0m resource "ibm_iam_authorization_policy" "iam_groups_policy" {
TestRunUpgradeExample 2025-06-11T15:38:37+05:30 command.go:206:       [31m-[0m[0m description                 = "Allows Secrets Manager instance baed06e8-99da-4120-8792-976331830db9 `Groups Service Member Manage` access to the IAM Groups service to enable creating IAM credentials." [90m-> null[0m[0m
TestRunUpgradeExample 2025-06-11T15:38:37+05:30 command.go:206:       [31m-[0m[0m id                          = "5633596d-3705-411c-8250-29c94ab31791" [90m-> null[0m[0m
TestRunUpgradeExample 2025-06-11T15:38:37+05:30 command.go:206:       [31m-[0m[0m roles                       = [
TestRunUpgradeExample 2025-06-11T15:38:37+05:30 command.go:206:           [31m-[0m[0m "Groups Service Member Manage",
TestRunUpgradeExample 2025-06-11T15:38:37+05:30 command.go:206:         ] [90m-> null[0m[0m
TestRunUpgradeExample 2025-06-11T15:38:37+05:30 command.go:206:       [31m-[0m[0m source_resource_instance_id = "baed06e8-99da-4120-8792-976331830db9" [90m-> null[0m[0m
TestRunUpgradeExample 2025-06-11T15:38:37+05:30 command.go:206:       [31m-[0m[0m source_service_account      = "abac0df06b644a9cabc6e44f55b3880e" [90m-> null[0m[0m
TestRunUpgradeExample 2025-06-11T15:38:37+05:30 command.go:206:       [31m-[0m[0m source_service_name         = "secrets-manager" [90m-> null[0m[0m
TestRunUpgradeExample 2025-06-11T15:38:37+05:30 command.go:206:       [31m-[0m[0m target_service_name         = "iam-groups" [90m-> null[0m[0m
TestRunUpgradeExample 2025-06-11T15:38:37+05:30 command.go:206:       [31m-[0m[0m transaction_id              = "cc03c64968f54953a2e9519c62d438d7" [90m-> null[0m[0m
TestRunUpgradeExample 2025-06-11T15:38:37+05:30 command.go:206:         [90m# (5 unchanged attributes hidden)[0m[0m
TestRunUpgradeExample 2025-06-11T15:38:37+05:30 command.go:206: 
TestRunUpgradeExample 2025-06-11T15:38:37+05:30 command.go:206:       [31m-[0m[0m resource_attributes {
TestRunUpgradeExample 2025-06-11T15:38:37+05:30 command.go:206:           [31m-[0m[0m name     = "accountId" [90m-> null[0m[0m
TestRunUpgradeExample 2025-06-11T15:38:37+05:30 command.go:206:           [31m-[0m[0m operator = "stringEquals" [90m-> null[0m[0m
TestRunUpgradeExample 2025-06-11T15:38:37+05:30 command.go:206:           [31m-[0m[0m value    = "abac0df06b644a9cabc6e44f55b3880e" [90m-> null[0m[0m
TestRunUpgradeExample 2025-06-11T15:38:37+05:30 command.go:206:         }
TestRunUpgradeExample 2025-06-11T15:38:37+05:30 command.go:206:       [31m-[0m[0m resource_attributes {
TestRunUpgradeExample 2025-06-11T15:38:37+05:30 command.go:206:           [31m-[0m[0m name     = "serviceName" [90m-> null[0m[0m
TestRunUpgradeExample 2025-06-11T15:38:37+05:30 command.go:206:           [31m-[0m[0m operator = "stringEquals" [90m-> null[0m[0m
TestRunUpgradeExample 2025-06-11T15:38:37+05:30 command.go:206:           [31m-[0m[0m value    = "iam-groups" [90m-> null[0m[0m
TestRunUpgradeExample 2025-06-11T15:38:37+05:30 command.go:206:         }
TestRunUpgradeExample 2025-06-11T15:38:37+05:30 command.go:206:     }
TestRunUpgradeExample 2025-06-11T15:38:37+05:30 command.go:206: 
TestRunUpgradeExample 2025-06-11T15:38:37+05:30 command.go:206: [1m  # module.secrets_manager.ibm_iam_authorization_policy.iam_identity_policy[0][0m will be [1m[31mdestroyed[0m
TestRunUpgradeExample 2025-06-11T15:38:37+05:30 command.go:206: [0m  [31m-[0m[0m resource "ibm_iam_authorization_policy" "iam_identity_policy" {
TestRunUpgradeExample 2025-06-11T15:38:37+05:30 command.go:206:       [31m-[0m[0m description                 = "Allows Secrets Manager instance baed06e8-99da-4120-8792-976331830db9 `Operator` access to the IAM Identity service to enable creating IAM credentials." [90m-> null[0m[0m
TestRunUpgradeExample 2025-06-11T15:38:37+05:30 command.go:206:       [31m-[0m[0m id                          = "9f6c3bb2-2a8b-46bc-b3f8-2025b6fae486" [90m-> null[0m[0m
TestRunUpgradeExample 2025-06-11T15:38:37+05:30 command.go:206:       [31m-[0m[0m roles                       = [
TestRunUpgradeExample 2025-06-11T15:38:37+05:30 command.go:206:           [31m-[0m[0m "Operator",
TestRunUpgradeExample 2025-06-11T15:38:37+05:30 command.go:206:         ] [90m-> null[0m[0m
TestRunUpgradeExample 2025-06-11T15:38:37+05:30 command.go:206:       [31m-[0m[0m source_resource_instance_id = "baed06e8-99da-4120-8792-976331830db9" [90m-> null[0m[0m
TestRunUpgradeExample 2025-06-11T15:38:37+05:30 command.go:206:       [31m-[0m[0m source_service_account      = "abac0df06b644a9cabc6e44f55b3880e" [90m-> null[0m[0m
TestRunUpgradeExample 2025-06-11T15:38:37+05:30 command.go:206:       [31m-[0m[0m source_service_name         = "secrets-manager" [90m-> null[0m[0m
TestRunUpgradeExample 2025-06-11T15:38:37+05:30 command.go:206:       [31m-[0m[0m target_service_name         = "iam-identity" [90m-> null[0m[0m
TestRunUpgradeExample 2025-06-11T15:38:37+05:30 command.go:206:       [31m-[0m[0m transaction_id              = "3bf63cf2364e48f58afe1b20ab7fedfc" [90m-> null[0m[0m
TestRunUpgradeExample 2025-06-11T15:38:37+05:30 command.go:206:         [90m# (5 unchanged attributes hidden)[0m[0m
TestRunUpgradeExample 2025-06-11T15:38:37+05:30 command.go:206: 
TestRunUpgradeExample 2025-06-11T15:38:37+05:30 command.go:206:       [31m-[0m[0m resource_attributes {
TestRunUpgradeExample 2025-06-11T15:38:37+05:30 command.go:206:           [31m-[0m[0m name     = "accountId" [90m-> null[0m[0m
TestRunUpgradeExample 2025-06-11T15:38:37+05:30 command.go:206:           [31m-[0m[0m operator = "stringEquals" [90m-> null[0m[0m
TestRunUpgradeExample 2025-06-11T15:38:37+05:30 command.go:206:           [31m-[0m[0m value    = "abac0df06b644a9cabc6e44f55b3880e" [90m-> null[0m[0m
TestRunUpgradeExample 2025-06-11T15:38:37+05:30 command.go:206:         }
TestRunUpgradeExample 2025-06-11T15:38:37+05:30 command.go:206:       [31m-[0m[0m resource_attributes {
TestRunUpgradeExample 2025-06-11T15:38:37+05:30 command.go:206:           [31m-[0m[0m name     = "serviceName" [90m-> null[0m[0m
TestRunUpgradeExample 2025-06-11T15:38:37+05:30 command.go:206:           [31m-[0m[0m operator = "stringEquals" [90m-> null[0m[0m
TestRunUpgradeExample 2025-06-11T15:38:37+05:30 command.go:206:           [31m-[0m[0m value    = "iam-identity" [90m-> null[0m[0m
TestRunUpgradeExample 2025-06-11T15:38:37+05:30 command.go:206:         }
TestRunUpgradeExample 2025-06-11T15:38:37+05:30 command.go:206:     }
TestRunUpgradeExample 2025-06-11T15:38:37+05:30 command.go:206: 
TestRunUpgradeExample 2025-06-11T15:38:37+05:30 command.go:206: [1m  # module.secrets_manager.ibm_resource_instance.secrets_manager_instance[0][0m will be [1m[31mdestroyed[0m
TestRunUpgradeExample 2025-06-11T15:38:37+05:30 command.go:206: [0m  [31m-[0m[0m resource "ibm_resource_instance" "secrets_manager_instance" {
TestRunUpgradeExample 2025-06-11T15:38:37+05:30 command.go:206:       [31m-[0m[0m account_id              = "abac0df06b644a9cabc6e44f55b3880e" [90m-> null[0m[0m
TestRunUpgradeExample 2025-06-11T15:38:37+05:30 command.go:206:       [31m-[0m[0m allow_cleanup           = false [90m-> null[0m[0m
TestRunUpgradeExample 2025-06-11T15:38:37+05:30 command.go:206:       [31m-[0m[0m created_at              = "2025-06-11T09:57:37.754Z" [90m-> null[0m[0m
TestRunUpgradeExample 2025-06-11T15:38:37+05:30 command.go:206:       [31m-[0m[0m created_by              = "IBMid-695000L3KW" [90m-> null[0m[0m
TestRunUpgradeExample 2025-06-11T15:38:37+05:30 command.go:206:       [31m-[0m[0m crn                     = "crn:v1:bluemix:public:secrets-manager:br-sao:a/abac0df06b644a9cabc6e44f55b3880e:baed06e8-99da-4120-8792-976331830db9::" [90m-> null[0m[0m
TestRunUpgradeExample 2025-06-11T15:38:37+05:30 command.go:206:       [31m-[0m[0m dashboard_url           = "https://baed06e8-99da-4120-8792-976331830db9.private.br-sao.secrets-manager.appdomain.cloud/ui" [90m-> null[0m[0m
TestRunUpgradeExample 2025-06-11T15:38:37+05:30 command.go:206:       [31m-[0m[0m extensions              = {
TestRunUpgradeExample 2025-06-11T15:38:37+05:30 command.go:206:           [31m-[0m[0m "virtual_private_endpoints.dns_domain"             = "private.br-sao.secrets-manager.appdomain.cloud"
TestRunUpgradeExample 2025-06-11T15:38:37+05:30 command.go:206:           [31m-[0m[0m "virtual_private_endpoints.dns_hosts.#"            = "1"
TestRunUpgradeExample 2025-06-11T15:38:37+05:30 command.go:206:           [31m-[0m[0m "virtual_private_endpoints.dns_hosts.0"            = "baed06e8-99da-4120-8792-976331830db9"
TestRunUpgradeExample 2025-06-11T15:38:37+05:30 command.go:206:           [31m-[0m[0m "virtual_private_endpoints.endpoints.#"            = "3"
TestRunUpgradeExample 2025-06-11T15:38:37+05:30 command.go:206:           [31m-[0m[0m "virtual_private_endpoints.endpoints.0.ip_address" = "166.9.246.73"
TestRunUpgradeExample 2025-06-11T15:38:37+05:30 command.go:206:           [31m-[0m[0m "virtual_private_endpoints.endpoints.0.zone"       = "sao01"
TestRunUpgradeExample 2025-06-11T15:38:37+05:30 command.go:206:           [31m-[0m[0m "virtual_private_endpoints.endpoints.1.ip_address" = "166.9.246.102"
TestRunUpgradeExample 2025-06-11T15:38:37+05:30 command.go:206:           [31m-[0m[0m "virtual_private_endpoints.endpoints.1.zone"       = "sao04"
TestRunUpgradeExample 2025-06-11T15:38:37+05:30 command.go:206:           [31m-[0m[0m "virtual_private_endpoints.endpoints.2.ip_address" = "166.9.246.158"
TestRunUpgradeExample 2025-06-11T15:38:37+05:30 command.go:206:           [31m-[0m[0m "virtual_private_endpoints.endpoints.2.zone"       = "sao05"
TestRunUpgradeExample 2025-06-11T15:38:37+05:30 command.go:206:           [31m-[0m[0m "virtual_private_endpoints.origin_type"            = "cse"
TestRunUpgradeExample 2025-06-11T15:38:37+05:30 command.go:206:           [31m-[0m[0m "virtual_private_endpoints.ports.#"                = "1"
TestRunUpgradeExample 2025-06-11T15:38:37+05:30 command.go:206:           [31m-[0m[0m "virtual_private_endpoints.ports.0.port_max"       = "443"
TestRunUpgradeExample 2025-06-11T15:38:37+05:30 command.go:206:           [31m-[0m[0m "virtual_private_endpoints.ports.0.port_min"       = "443"
TestRunUpgradeExample 2025-06-11T15:38:37+05:30 command.go:206:         } [90m-> null[0m[0m
TestRunUpgradeExample 2025-06-11T15:38:37+05:30 command.go:206:       [31m-[0m[0m guid                    = "baed06e8-99da-4120-8792-976331830db9" [90m-> null[0m[0m
TestRunUpgradeExample 2025-06-11T15:38:37+05:30 command.go:206:       [31m-[0m[0m id                      = "crn:v1:bluemix:public:secrets-manager:br-sao:a/abac0df06b644a9cabc6e44f55b3880e:baed06e8-99da-4120-8792-976331830db9::" [90m-> null[0m[0m
TestRunUpgradeExample 2025-06-11T15:38:37+05:30 command.go:206:       [31m-[0m[0m last_operation          = {
TestRunUpgradeExample 2025-06-11T15:38:37+05:30 command.go:206:           [31m-[0m[0m "async"       = "true"
TestRunUpgradeExample 2025-06-11T15:38:37+05:30 command.go:206:           [31m-[0m[0m "cancelable"  = "false"
TestRunUpgradeExample 2025-06-11T15:38:37+05:30 command.go:206:           [31m-[0m[0m "description" = "Provisioning vault with version 7."
TestRunUpgradeExample 2025-06-11T15:38:37+05:30 command.go:206:           [31m-[0m[0m "poll"        = "true"
TestRunUpgradeExample 2025-06-11T15:38:37+05:30 command.go:206:           [31m-[0m[0m "state"       = "succeeded"
TestRunUpgradeExample 2025-06-11T15:38:37+05:30 command.go:206:           [31m-[0m[0m "type"        = "create"
TestRunUpgradeExample 2025-06-11T15:38:37+05:30 command.go:206:         } [90m-> null[0m[0m
TestRunUpgradeExample 2025-06-11T15:38:37+05:30 command.go:206:       [31m-[0m[0m location                = "br-sao" [90m-> null[0m[0m
TestRunUpgradeExample 2025-06-11T15:38:37+05:30 command.go:206:       [31m-[0m[0m locked                  = false [90m-> null[0m[0m
TestRunUpgradeExample 2025-06-11T15:38:37+05:30 command.go:206:       [31m-[0m[0m name                    = "sm-private-cert-upg-xaa7kp-secrets-manager" [90m-> null[0m[0m
TestRunUpgradeExample 2025-06-11T15:38:37+05:30 command.go:206:       [31m-[0m[0m onetime_credentials     = false [90m-> null[0m[0m
TestRunUpgradeExample 2025-06-11T15:38:37+05:30 command.go:206:       [31m-[0m[0m parameters              = {
TestRunUpgradeExample 2025-06-11T15:38:37+05:30 command.go:206:           [31m-[0m[0m "allowed_network" = "public-and-private"
TestRunUpgradeExample 2025-06-11T15:38:37+05:30 command.go:206:         } [90m-> null[0m[0m
TestRunUpgradeExample 2025-06-11T15:38:37+05:30 command.go:206:       [31m-[0m[0m plan                    = "trial" [90m-> null[0m[0m
TestRunUpgradeExample 2025-06-11T15:38:37+05:30 command.go:206:       [31m-[0m[0m plan_history            = [
TestRunUpgradeExample 2025-06-11T15:38:37+05:30 command.go:206:           [31m-[0m[0m {
TestRunUpgradeExample 2025-06-11T15:38:37+05:30 command.go:206:               [31m-[0m[0m resource_plan_id = "869c191a-3c2a-4faf-98be-18d48f95ba1f"
TestRunUpgradeExample 2025-06-11T15:38:37+05:30 command.go:206:               [31m-[0m[0m start_date       = "2025-06-11T09:57:37.754Z"
TestRunUpgradeExample 2025-06-11T15:38:37+05:30 command.go:206:             },
TestRunUpgradeExample 2025-06-11T15:38:37+05:30 command.go:206:         ] [90m-> null[0m[0m
TestRunUpgradeExample 2025-06-11T15:38:37+05:30 command.go:206:       [31m-[0m[0m resource_aliases_url    = "/v2/resource_instances/baed06e8-99da-4120-8792-976331830db9/resource_aliases" [90m-> null[0m[0m
TestRunUpgradeExample 2025-06-11T15:38:37+05:30 command.go:206:       [31m-[0m[0m resource_bindings_url   = "/v2/resource_instances/baed06e8-99da-4120-8792-976331830db9/resource_bindings" [90m-> null[0m[0m
TestRunUpgradeExample 2025-06-11T15:38:37+05:30 command.go:206:       [31m-[0m[0m resource_controller_url = "https://cloud.ibm.com/services/" [90m-> null[0m[0m
TestRunUpgradeExample 2025-06-11T15:38:37+05:30 command.go:206:       [31m-[0m[0m resource_crn            = "crn:v1:bluemix:public:secrets-manager:br-sao:a/abac0df06b644a9cabc6e44f55b3880e:baed06e8-99da-4120-8792-976331830db9::" [90m-> null[0m[0m
TestRunUpgradeExample 2025-06-11T15:38:37+05:30 command.go:206:       [31m-[0m[0m resource_group_crn      = "crn:v1:bluemix:public:resource-controller::a/abac0df06b644a9cabc6e44f55b3880e::resource-group:292170bc79c94f5e9019e46fb48f245a" [90m-> null[0m[0m
TestRunUpgradeExample 2025-06-11T15:38:37+05:30 command.go:206:       [31m-[0m[0m resource_group_id       = "292170bc79c94f5e9019e46fb48f245a" [90m-> null[0m[0m
TestRunUpgradeExample 2025-06-11T15:38:37+05:30 command.go:206:       [31m-[0m[0m resource_group_name     = "crn:v1:bluemix:public:resource-controller::a/abac0df06b644a9cabc6e44f55b3880e::resource-group:292170bc79c94f5e9019e46fb48f245a" [90m-> null[0m[0m
TestRunUpgradeExample 2025-06-11T15:38:37+05:30 command.go:206:       [31m-[0m[0m resource_id             = "ebc0cdb0-af2a-11ea-98c7-29e5db822649" [90m-> null[0m[0m
TestRunUpgradeExample 2025-06-11T15:38:37+05:30 command.go:206:       [31m-[0m[0m resource_keys_url       = "/v2/resource_instances/baed06e8-99da-4120-8792-976331830db9/resource_keys" [90m-> null[0m[0m
TestRunUpgradeExample 2025-06-11T15:38:37+05:30 command.go:206:       [31m-[0m[0m resource_name           = "sm-private-cert-upg-xaa7kp-secrets-manager" [90m-> null[0m[0m
TestRunUpgradeExample 2025-06-11T15:38:37+05:30 command.go:206:       [31m-[0m[0m resource_plan_id        = "869c191a-3c2a-4faf-98be-18d48f95ba1f" [90m-> null[0m[0m
TestRunUpgradeExample 2025-06-11T15:38:37+05:30 command.go:206:       [31m-[0m[0m resource_status         = "active" [90m-> null[0m[0m
TestRunUpgradeExample 2025-06-11T15:38:37+05:30 command.go:206:       [31m-[0m[0m service                 = "secrets-manager" [90m-> null[0m[0m
TestRunUpgradeExample 2025-06-11T15:38:37+05:30 command.go:206:       [31m-[0m[0m state                   = "active" [90m-> null[0m[0m
TestRunUpgradeExample 2025-06-11T15:38:37+05:30 command.go:206:       [31m-[0m[0m status                  = "active" [90m-> null[0m[0m
TestRunUpgradeExample 2025-06-11T15:38:37+05:30 command.go:206:       [31m-[0m[0m tags                    = [] [90m-> null[0m[0m
TestRunUpgradeExample 2025-06-11T15:38:37+05:30 command.go:206:       [31m-[0m[0m target_crn              = "crn:v1:bluemix:public:globalcatalog::::deployment:869c191a-3c2a-4faf-98be-18d48f95ba1f%3A7647a42f" [90m-> null[0m[0m
TestRunUpgradeExample 2025-06-11T15:38:37+05:30 command.go:206:       [31m-[0m[0m type                    = "service_instance" [90m-> null[0m[0m
TestRunUpgradeExample 2025-06-11T15:38:37+05:30 command.go:206:       [31m-[0m[0m update_at               = "2025-06-11T10:07:17.002Z" [90m-> null[0m[0m
TestRunUpgradeExample 2025-06-11T15:38:37+05:30 command.go:206:         [90m# (5 unchanged attributes hidden)[0m[0m
TestRunUpgradeExample 2025-06-11T15:38:37+05:30 command.go:206: 
TestRunUpgradeExample 2025-06-11T15:38:37+05:30 command.go:206:       [31m-[0m[0m timeouts {
TestRunUpgradeExample 2025-06-11T15:38:37+05:30 command.go:206:           [31m-[0m[0m create = "30m" [90m-> null[0m[0m
TestRunUpgradeExample 2025-06-11T15:38:37+05:30 command.go:206:         }
TestRunUpgradeExample 2025-06-11T15:38:37+05:30 command.go:206:     }
TestRunUpgradeExample 2025-06-11T15:38:37+05:30 command.go:206: 
TestRunUpgradeExample 2025-06-11T15:38:37+05:30 command.go:206: [1m  # module.secrets_manager.time_sleep.wait_for_authorization_policy[0][0m will be [1m[31mdestroyed[0m
TestRunUpgradeExample 2025-06-11T15:38:37+05:30 command.go:206: [0m  [31m-[0m[0m resource "time_sleep" "wait_for_authorization_policy" {
TestRunUpgradeExample 2025-06-11T15:38:37+05:30 command.go:206:       [31m-[0m[0m create_duration = "30s" [90m-> null[0m[0m
TestRunUpgradeExample 2025-06-11T15:38:37+05:30 command.go:206:       [31m-[0m[0m id              = "2025-06-11T09:57:34Z" [90m-> null[0m[0m
TestRunUpgradeExample 2025-06-11T15:38:37+05:30 command.go:206:     }
TestRunUpgradeExample 2025-06-11T15:38:37+05:30 command.go:206: 
TestRunUpgradeExample 2025-06-11T15:38:37+05:30 command.go:206: [1m  # module.secrets_manager_private_certificate.ibm_sm_private_certificate.secrets_manager_private_certificate[0m will be [1m[31mdestroyed[0m
TestRunUpgradeExample 2025-06-11T15:38:37+05:30 command.go:206: [0m  [31m-[0m[0m resource "ibm_sm_private_certificate" "secrets_manager_private_certificate" {
TestRunUpgradeExample 2025-06-11T15:38:37+05:30 command.go:206:       [31m-[0m[0m alt_names               = [
TestRunUpgradeExample 2025-06-11T15:38:37+05:30 command.go:206:           [31m-[0m[0m "terraform-modules.ibm.com",
TestRunUpgradeExample 2025-06-11T15:38:37+05:30 command.go:206:         ] [90m-> null[0m[0m
TestRunUpgradeExample 2025-06-11T15:38:37+05:30 command.go:206:       [31m-[0m[0m ca_chain                = (sensitive value) [90m-> null[0m[0m
TestRunUpgradeExample 2025-06-11T15:38:37+05:30 command.go:206:       [31m-[0m[0m certificate             = (sensitive value) [90m-> null[0m[0m
TestRunUpgradeExample 2025-06-11T15:38:37+05:30 command.go:206:       [31m-[0m[0m certificate_authority   = "geretain-intermediate-ca" [90m-> null[0m[0m
TestRunUpgradeExample 2025-06-11T15:38:37+05:30 command.go:206:       [31m-[0m[0m certificate_template    = "geretain-cert-template" [90m-> null[0m[0m
TestRunUpgradeExample 2025-06-11T15:38:37+05:30 command.go:206:       [31m-[0m[0m common_name             = "terraform-modules.ibm.com" [90m-> null[0m[0m
TestRunUpgradeExample 2025-06-11T15:38:37+05:30 command.go:206:       [31m-[0m[0m created_at              = "2025-06-11T10:06:55Z" [90m-> null[0m[0m
TestRunUpgradeExample 2025-06-11T15:38:37+05:30 command.go:206:       [31m-[0m[0m created_by              = "IBMid-695000L3KW" [90m-> null[0m[0m
TestRunUpgradeExample 2025-06-11T15:38:37+05:30 command.go:206:       [31m-[0m[0m crn                     = "crn:v1:bluemix:public:secrets-manager:us-south:a/abac0df06b644a9cabc6e44f55b3880e:79c6d411-c18f-4670-b009-b0044a238667:secret:8becc282-f944-2e0f-94a0-ef65d3516c5c" [90m-> null[0m[0m
TestRunUpgradeExample 2025-06-11T15:38:37+05:30 command.go:206:       [31m-[0m[0m custom_metadata         = {
TestRunUpgradeExample 2025-06-11T15:38:37+05:30 command.go:206:           [31m-[0m[0m "collection_total" = "1"
TestRunUpgradeExample 2025-06-11T15:38:37+05:30 command.go:206:           [31m-[0m[0m "collection_type"  = "application/vnd.ibm.secrets-manager.secret+json"
TestRunUpgradeExample 2025-06-11T15:38:37+05:30 command.go:206:         } [90m-> null[0m[0m
TestRunUpgradeExample 2025-06-11T15:38:37+05:30 command.go:206:       [31m-[0m[0m description             = "an example private cert" [90m-> null[0m[0m
TestRunUpgradeExample 2025-06-11T15:38:37+05:30 command.go:206:       [31m-[0m[0m downloaded              = true [90m-> null[0m[0m
TestRunUpgradeExample 2025-06-11T15:38:37+05:30 command.go:206:       [31m-[0m[0m endpoint_type           = "public" [90m-> null[0m[0m
TestRunUpgradeExample 2025-06-11T15:38:37+05:30 command.go:206:       [31m-[0m[0m exclude_cn_from_sans    = false [90m-> null[0m[0m
TestRunUpgradeExample 2025-06-11T15:38:37+05:30 command.go:206:       [31m-[0m[0m expiration_date         = "2026-06-10T10:07:25Z" [90m-> null[0m[0m
TestRunUpgradeExample 2025-06-11T15:38:37+05:30 command.go:206:       [31m-[0m[0m format                  = "pem" [90m-> null[0m[0m
TestRunUpgradeExample 2025-06-11T15:38:37+05:30 command.go:206:       [31m-[0m[0m id                      = "us-south/79c6d411-c18f-4670-b009-b0044a238667/8becc282-f944-2e0f-94a0-ef65d3516c5c" [90m-> null[0m[0m
TestRunUpgradeExample 2025-06-11T15:38:37+05:30 command.go:206:       [31m-[0m[0m instance_id             = "79c6d411-c18f-4670-b009-b0044a238667" [90m-> null[0m[0m
TestRunUpgradeExample 2025-06-11T15:38:37+05:30 command.go:206:       [31m-[0m[0m issuer                  = "*.cloud.ibm.com" [90m-> null[0m[0m
TestRunUpgradeExample 2025-06-11T15:38:37+05:30 command.go:206:       [31m-[0m[0m issuing_ca              = (sensitive value) [90m-> null[0m[0m
TestRunUpgradeExample 2025-06-11T15:38:37+05:30 command.go:206:       [31m-[0m[0m key_algorithm           = "RSA2048" [90m-> null[0m[0m
TestRunUpgradeExample 2025-06-11T15:38:37+05:30 command.go:206:       [31m-[0m[0m labels                  = [] [90m-> null[0m[0m
TestRunUpgradeExample 2025-06-11T15:38:37+05:30 command.go:206:       [31m-[0m[0m locks_total             = 0 [90m-> null[0m[0m
TestRunUpgradeExample 2025-06-11T15:38:37+05:30 command.go:206:       [31m-[0m[0m name                    = "sm-private-cert-upg-xaa7kp-example-private-cert" [90m-> null[0m[0m
TestRunUpgradeExample 2025-06-11T15:38:37+05:30 command.go:206:       [31m-[0m[0m next_rotation_date      = "2026-06-06T10:06:55Z" [90m-> null[0m[0m
TestRunUpgradeExample 2025-06-11T15:38:37+05:30 command.go:206:       [31m-[0m[0m other_sans              = [] [90m-> null[0m[0m
TestRunUpgradeExample 2025-06-11T15:38:37+05:30 command.go:206:       [31m-[0m[0m private_key             = (sensitive value) [90m-> null[0m[0m
TestRunUpgradeExample 2025-06-11T15:38:37+05:30 command.go:206:       [31m-[0m[0m private_key_format      = "der" [90m-> null[0m[0m
TestRunUpgradeExample 2025-06-11T15:38:37+05:30 command.go:206:       [31m-[0m[0m region                  = "us-south" [90m-> null[0m[0m
TestRunUpgradeExample 2025-06-11T15:38:37+05:30 command.go:206:       [31m-[0m[0m revocation_time_seconds = 0 [90m-> null[0m[0m
TestRunUpgradeExample 2025-06-11T15:38:37+05:30 command.go:206:       [31m-[0m[0m secret_group_id         = "4c9d77cf-c184-8670-8237-abbb27b9ce4c" [90m-> null[0m[0m
TestRunUpgradeExample 2025-06-11T15:38:37+05:30 command.go:206:       [31m-[0m[0m secret_id               = "8becc282-f944-2e0f-94a0-ef65d3516c5c" [90m-> null[0m[0m
TestRunUpgradeExample 2025-06-11T15:38:37+05:30 command.go:206:       [31m-[0m[0m secret_type             = "private_cert" [90m-> null[0m[0m
TestRunUpgradeExample 2025-06-11T15:38:37+05:30 command.go:206:       [31m-[0m[0m serial_number           = "4c:be:d0:d9:e2:05:6b:8f:63:f7:95:6c:af:8d:68:f9:29:e8:b6:e3" [90m-> null[0m[0m
TestRunUpgradeExample 2025-06-11T15:38:37+05:30 command.go:206:       [31m-[0m[0m signing_algorithm       = "SHA256-RSA" [90m-> null[0m[0m
TestRunUpgradeExample 2025-06-11T15:38:37+05:30 command.go:206:       [31m-[0m[0m state                   = 1 [90m-> null[0m[0m
TestRunUpgradeExample 2025-06-11T15:38:37+05:30 command.go:206:       [31m-[0m[0m state_description       = "active" [90m-> null[0m[0m
TestRunUpgradeExample 2025-06-11T15:38:37+05:30 command.go:206:       [31m-[0m[0m ttl                     = "364d" [90m-> null[0m[0m
TestRunUpgradeExample 2025-06-11T15:38:37+05:30 command.go:206:       [31m-[0m[0m updated_at              = "2025-06-11T10:07:25Z" [90m-> null[0m[0m
TestRunUpgradeExample 2025-06-11T15:38:37+05:30 command.go:206:       [31m-[0m[0m validity                = [
TestRunUpgradeExample 2025-06-11T15:38:37+05:30 command.go:206:           [31m-[0m[0m {
TestRunUpgradeExample 2025-06-11T15:38:37+05:30 command.go:206:               [31m-[0m[0m not_after  = "2026-06-10T10:07:25.000Z"
TestRunUpgradeExample 2025-06-11T15:38:37+05:30 command.go:206:               [31m-[0m[0m not_before = "2025-06-11T10:06:55.000Z"
TestRunUpgradeExample 2025-06-11T15:38:37+05:30 command.go:206:             },
TestRunUpgradeExample 2025-06-11T15:38:37+05:30 command.go:206:         ] [90m-> null[0m[0m
TestRunUpgradeExample 2025-06-11T15:38:37+05:30 command.go:206:       [31m-[0m[0m version_custom_metadata = {} [90m-> null[0m[0m
TestRunUpgradeExample 2025-06-11T15:38:37+05:30 command.go:206:       [31m-[0m[0m versions_total          = 1 [90m-> null[0m[0m
TestRunUpgradeExample 2025-06-11T15:38:37+05:30 command.go:206:         [90m# (1 unchanged attribute hidden)[0m[0m
TestRunUpgradeExample 2025-06-11T15:38:37+05:30 command.go:206: 
TestRunUpgradeExample 2025-06-11T15:38:37+05:30 command.go:206:       [31m-[0m[0m rotation {
TestRunUpgradeExample 2025-06-11T15:38:37+05:30 command.go:206:           [31m-[0m[0m auto_rotate = true [90m-> null[0m[0m
TestRunUpgradeExample 2025-06-11T15:38:37+05:30 command.go:206:           [31m-[0m[0m interval    = 12 [90m-> null[0m[0m
TestRunUpgradeExample 2025-06-11T15:38:37+05:30 command.go:206:           [31m-[0m[0m unit        = "month" [90m-> null[0m[0m
TestRunUpgradeExample 2025-06-11T15:38:37+05:30 command.go:206:         }
TestRunUpgradeExample 2025-06-11T15:38:37+05:30 command.go:206:     }
TestRunUpgradeExample 2025-06-11T15:38:37+05:30 command.go:206: 
TestRunUpgradeExample 2025-06-11T15:38:37+05:30 command.go:206: [1mPlan:[0m 0 to add, 0 to change, 6 to destroy.
TestRunUpgradeExample 2025-06-11T15:38:37+05:30 command.go:206: [0m
TestRunUpgradeExample 2025-06-11T15:38:37+05:30 command.go:206: Changes to Outputs:
TestRunUpgradeExample 2025-06-11T15:38:37+05:30 command.go:206:   [31m-[0m[0m secret_crn = "crn:v1:bluemix:public:secrets-manager:us-south:a/abac0df06b644a9cabc6e44f55b3880e:79c6d411-c18f-4670-b009-b0044a238667:secret:8becc282-f944-2e0f-94a0-ef65d3516c5c" [90m-> null[0m[0m
TestRunUpgradeExample 2025-06-11T15:38:37+05:30 command.go:206:   [31m-[0m[0m secret_id  = "8becc282-f944-2e0f-94a0-ef65d3516c5c" [90m-> null[0m[0m
TestRunUpgradeExample 2025-06-11T15:38:38+05:30 command.go:206: [0m[1mmodule.secrets_manager.ibm_iam_authorization_policy.iam_groups_policy[0]: Destroying... [id=5633596d-3705-411c-8250-29c94ab31791][0m[0m
TestRunUpgradeExample 2025-06-11T15:38:38+05:30 command.go:206: [0m[1mmodule.secrets_manager.ibm_iam_authorization_policy.iam_identity_policy[0]: Destroying... [id=9f6c3bb2-2a8b-46bc-b3f8-2025b6fae486][0m[0m
TestRunUpgradeExample 2025-06-11T15:38:38+05:30 command.go:206: [0m[1mmodule.secrets_manager_private_certificate.ibm_sm_private_certificate.secrets_manager_private_certificate: Destroying... [id=us-south/79c6d411-c18f-4670-b009-b0044a238667/8becc282-f944-2e0f-94a0-ef65d3516c5c][0m[0m
TestRunUpgradeExample 2025-06-11T15:38:39+05:30 command.go:206: [0m[1mmodule.secrets_manager.ibm_iam_authorization_policy.iam_groups_policy[0]: Destruction complete after 1s[0m
TestRunUpgradeExample 2025-06-11T15:38:39+05:30 command.go:206: [0m[1mmodule.secrets_manager.ibm_iam_authorization_policy.iam_identity_policy[0]: Destruction complete after 1s[0m
TestRunUpgradeExample 2025-06-11T15:38:40+05:30 command.go:206: [0m[1mmodule.secrets_manager_private_certificate.ibm_sm_private_certificate.secrets_manager_private_certificate: Destruction complete after 2s[0m
TestRunUpgradeExample 2025-06-11T15:38:40+05:30 command.go:206: [0m[1mibm_sm_secret_group.secret_group: Destroying... [id=us-south/79c6d411-c18f-4670-b009-b0044a238667/4c9d77cf-c184-8670-8237-abbb27b9ce4c][0m[0m
TestRunUpgradeExample 2025-06-11T15:38:42+05:30 command.go:206: [0m[1mibm_sm_secret_group.secret_group: Destruction complete after 2s[0m
TestRunUpgradeExample 2025-06-11T15:38:42+05:30 command.go:206: [0m[1mmodule.secrets_manager.ibm_resource_instance.secrets_manager_instance[0]: Destroying... [id=crn:v1:bluemix:public:secrets-manager:br-sao:a/abac0df06b644a9cabc6e44f55b3880e:baed06e8-99da-4120-8792-976331830db9::][0m[0m
TestRunUpgradeExample 2025-06-11T15:38:52+05:30 command.go:206: [0m[1mmodule.secrets_manager.ibm_resource_instance.secrets_manager_instance[0]: Still destroying... [id=crn:v1:bluemix:public:secrets-manager:b...baed06e8-99da-4120-8792-976331830db9::, 00m10s elapsed][0m[0m
TestRunUpgradeExample 2025-06-11T15:38:54+05:30 command.go:206: [0m[1mmodule.secrets_manager.ibm_resource_instance.secrets_manager_instance[0]: Destruction complete after 13s[0m
TestRunUpgradeExample 2025-06-11T15:38:54+05:30 command.go:206: [0m[1mmodule.secrets_manager.time_sleep.wait_for_authorization_policy[0]: Destroying... [id=2025-06-11T09:57:34Z][0m[0m
TestRunUpgradeExample 2025-06-11T15:38:54+05:30 command.go:206: [0m[1mmodule.secrets_manager.time_sleep.wait_for_authorization_policy[0]: Destruction complete after 0s[0m
TestRunUpgradeExample 2025-06-11T15:38:54+05:30 command.go:206: [0m[1m[32m
TestRunUpgradeExample 2025-06-11T15:38:54+05:30 command.go:206: Destroy complete! Resources: 6 destroyed.
TestRunUpgradeExample 2025-06-11T15:38:54+05:30 command.go:206: [0m
TestRunUpgradeExample 2025-06-11T15:38:54+05:30 tests.go:261: [0m[1mmodule.resource_group.data.ibm_resource_group.existing_resource_group[0]: Reading...[0m[0m
[0m[1mmodule.resource_group.data.ibm_resource_group.existing_resource_group[0]: Read complete after 1s [id=292170bc79c94f5e9019e46fb48f245a][0m
[0m[1mmodule.secrets_manager.time_sleep.wait_for_authorization_policy[0]: Refreshing state... [id=2025-06-11T09:57:34Z][0m
[0m[1mmodule.secrets_manager.ibm_resource_instance.secrets_manager_instance[0]: Refreshing state... [id=crn:v1:bluemix:public:secrets-manager:br-sao:a/abac0df06b644a9cabc6e44f55b3880e:baed06e8-99da-4120-8792-976331830db9::][0m
[0m[1mibm_sm_secret_group.secret_group: Refreshing state... [id=us-south/79c6d411-c18f-4670-b009-b0044a238667/4c9d77cf-c184-8670-8237-abbb27b9ce4c][0m
[0m[1mmodule.secrets_manager.ibm_iam_authorization_policy.iam_groups_policy[0]: Refreshing state... [id=5633596d-3705-411c-8250-29c94ab31791][0m
[0m[1mmodule.secrets_manager.ibm_iam_authorization_policy.iam_identity_policy[0]: Refreshing state... [id=9f6c3bb2-2a8b-46bc-b3f8-2025b6fae486][0m
[0m[1mmodule.secrets_manager.module.secrets.data.ibm_sm_secret_groups.existing_secret_groups: Reading...[0m[0m
[0m[1mmodule.secrets_manager_private_certificate.ibm_sm_private_certificate.secrets_manager_private_certificate: Refreshing state... [id=us-south/79c6d411-c18f-4670-b009-b0044a238667/8becc282-f944-2e0f-94a0-ef65d3516c5c][0m
[0m[1mmodule.secrets_manager.module.secrets.data.ibm_sm_secret_groups.existing_secret_groups: Read complete after 1s [id=br-sao/baed06e8-99da-4120-8792-976331830db9][0m

Terraform used the selected providers to generate the following execution
plan. Resource actions are indicated with the following symbols:
  [31m-[0m destroy[0m

Terraform will perform the following actions:

[1m  # ibm_sm_secret_group.secret_group[0m will be [1m[31mdestroyed[0m
[0m  [31m-[0m[0m resource "ibm_sm_secret_group" "secret_group" {
      [31m-[0m[0m created_at      = "2025-06-11T10:07:24Z" [90m-> null[0m[0m
      [31m-[0m[0m description     = "secret group used for private certificates" [90m-> null[0m[0m
      [31m-[0m[0m id              = "us-south/79c6d411-c18f-4670-b009-b0044a238667/4c9d77cf-c184-8670-8237-abbb27b9ce4c" [90m-> null[0m[0m
      [31m-[0m[0m instance_id     = "79c6d411-c18f-4670-b009-b0044a238667" [90m-> null[0m[0m
      [31m-[0m[0m name            = "sm-private-cert-upg-xaa7kp-certificates-secret-group" [90m-> null[0m[0m
      [31m-[0m[0m region          = "us-south" [90m-> null[0m[0m
      [31m-[0m[0m secret_group_id = "4c9d77cf-c184-8670-8237-abbb27b9ce4c" [90m-> null[0m[0m
      [31m-[0m[0m updated_at      = "2025-06-11T10:07:24Z" [90m-> null[0m[0m
    }

[1m  # module.secrets_manager.ibm_iam_authorization_policy.iam_groups_policy[0][0m will be [1m[31mdestroyed[0m
[0m  [31m-[0m[0m resource "ibm_iam_authorization_policy" "iam_groups_policy" {
      [31m-[0m[0m description                 = "Allows Secrets Manager instance baed06e8-99da-4120-8792-976331830db9 `Groups Service Member Manage` access to the IAM Groups service to enable creating IAM credentials." [90m-> null[0m[0m
      [31m-[0m[0m id                          = "5633596d-3705-411c-8250-29c94ab31791" [90m-> null[0m[0m
      [31m-[0m[0m roles                       = [
          [31m-[0m[0m "Groups Service Member Manage",
        ] [90m-> null[0m[0m
      [31m-[0m[0m source_resource_instance_id = "baed06e8-99da-4120-8792-976331830db9" [90m-> null[0m[0m
      [31m-[0m[0m source_service_account      = "abac0df06b644a9cabc6e44f55b3880e" [90m-> null[0m[0m
      [31m-[0m[0m source_service_name         = "secrets-manager" [90m-> null[0m[0m
      [31m-[0m[0m target_service_name         = "iam-groups" [90m-> null[0m[0m
      [31m-[0m[0m transaction_id              = "cc03c64968f54953a2e9519c62d438d7" [90m-> null[0m[0m
        [90m# (5 unchanged attributes hidden)[0m[0m

      [31m-[0m[0m resource_attributes {
          [31m-[0m[0m name     = "accountId" [90m-> null[0m[0m
          [31m-[0m[0m operator = "stringEquals" [90m-> null[0m[0m
          [31m-[0m[0m value    = "abac0df06b644a9cabc6e44f55b3880e" [90m-> null[0m[0m
        }
      [31m-[0m[0m resource_attributes {
          [31m-[0m[0m name     = "serviceName" [90m-> null[0m[0m
          [31m-[0m[0m operator = "stringEquals" [90m-> null[0m[0m
          [31m-[0m[0m value    = "iam-groups" [90m-> null[0m[0m
        }
    }

[1m  # module.secrets_manager.ibm_iam_authorization_policy.iam_identity_policy[0][0m will be [1m[31mdestroyed[0m
[0m  [31m-[0m[0m resource "ibm_iam_authorization_policy" "iam_identity_policy" {
      [31m-[0m[0m description                 = "Allows Secrets Manager instance baed06e8-99da-4120-8792-976331830db9 `Operator` access to the IAM Identity service to enable creating IAM credentials." [90m-> null[0m[0m
      [31m-[0m[0m id                          = "9f6c3bb2-2a8b-46bc-b3f8-2025b6fae486" [90m-> null[0m[0m
      [31m-[0m[0m roles                       = [
          [31m-[0m[0m "Operator",
        ] [90m-> null[0m[0m
      [31m-[0m[0m source_resource_instance_id = "baed06e8-99da-4120-8792-976331830db9" [90m-> null[0m[0m
      [31m-[0m[0m source_service_account      = "abac0df06b644a9cabc6e44f55b3880e" [90m-> null[0m[0m
      [31m-[0m[0m source_service_name         = "secrets-manager" [90m-> null[0m[0m
      [31m-[0m[0m target_service_name         = "iam-identity" [90m-> null[0m[0m
      [31m-[0m[0m transaction_id              = "3bf63cf2364e48f58afe1b20ab7fedfc" [90m-> null[0m[0m
        [90m# (5 unchanged attributes hidden)[0m[0m

      [31m-[0m[0m resource_attributes {
          [31m-[0m[0m name     = "accountId" [90m-> null[0m[0m
          [31m-[0m[0m operator = "stringEquals" [90m-> null[0m[0m
          [31m-[0m[0m value    = "abac0df06b644a9cabc6e44f55b3880e" [90m-> null[0m[0m
        }
      [31m-[0m[0m resource_attributes {
          [31m-[0m[0m name     = "serviceName" [90m-> null[0m[0m
          [31m-[0m[0m operator = "stringEquals" [90m-> null[0m[0m
          [31m-[0m[0m value    = "iam-identity" [90m-> null[0m[0m
        }
    }

[1m  # module.secrets_manager.ibm_resource_instance.secrets_manager_instance[0][0m will be [1m[31mdestroyed[0m
[0m  [31m-[0m[0m resource "ibm_resource_instance" "secrets_manager_instance" {
      [31m-[0m[0m account_id              = "abac0df06b644a9cabc6e44f55b3880e" [90m-> null[0m[0m
      [31m-[0m[0m allow_cleanup           = false [90m-> null[0m[0m
      [31m-[0m[0m created_at              = "2025-06-11T09:57:37.754Z" [90m-> null[0m[0m
      [31m-[0m[0m created_by              = "IBMid-695000L3KW" [90m-> null[0m[0m
      [31m-[0m[0m crn                     = "crn:v1:bluemix:public:secrets-manager:br-sao:a/abac0df06b644a9cabc6e44f55b3880e:baed06e8-99da-4120-8792-976331830db9::" [90m-> null[0m[0m
      [31m-[0m[0m dashboard_url           = "https://baed06e8-99da-4120-8792-976331830db9.private.br-sao.secrets-manager.appdomain.cloud/ui" [90m-> null[0m[0m
      [31m-[0m[0m extensions              = {
          [31m-[0m[0m "virtual_private_endpoints.dns_domain"             = "private.br-sao.secrets-manager.appdomain.cloud"
          [31m-[0m[0m "virtual_private_endpoints.dns_hosts.#"            = "1"
          [31m-[0m[0m "virtual_private_endpoints.dns_hosts.0"            = "baed06e8-99da-4120-8792-976331830db9"
          [31m-[0m[0m "virtual_private_endpoints.endpoints.#"            = "3"
          [31m-[0m[0m "virtual_private_endpoints.endpoints.0.ip_address" = "166.9.246.73"
          [31m-[0m[0m "virtual_private_endpoints.endpoints.0.zone"       = "sao01"
          [31m-[0m[0m "virtual_private_endpoints.endpoints.1.ip_address" = "166.9.246.102"
          [31m-[0m[0m "virtual_private_endpoints.endpoints.1.zone"       = "sao04"
          [31m-[0m[0m "virtual_private_endpoints.endpoints.2.ip_address" = "166.9.246.158"
          [31m-[0m[0m "virtual_private_endpoints.endpoints.2.zone"       = "sao05"
          [31m-[0m[0m "virtual_private_endpoints.origin_type"            = "cse"
          [31m-[0m[0m "virtual_private_endpoints.ports.#"                = "1"
          [31m-[0m[0m "virtual_private_endpoints.ports.0.port_max"       = "443"
          [31m-[0m[0m "virtual_private_endpoints.ports.0.port_min"       = "443"
        } [90m-> null[0m[0m
      [31m-[0m[0m guid                    = "baed06e8-99da-4120-8792-976331830db9" [90m-> null[0m[0m
      [31m-[0m[0m id                      = "crn:v1:bluemix:public:secrets-manager:br-sao:a/abac0df06b644a9cabc6e44f55b3880e:baed06e8-99da-4120-8792-976331830db9::" [90m-> null[0m[0m
      [31m-[0m[0m last_operation          = {
          [31m-[0m[0m "async"       = "true"
          [31m-[0m[0m "cancelable"  = "false"
          [31m-[0m[0m "description" = "Provisioning vault with version 7."
          [31m-[0m[0m "poll"        = "true"
          [31m-[0m[0m "state"       = "succeeded"
          [31m-[0m[0m "type"        = "create"
        } [90m-> null[0m[0m
      [31m-[0m[0m location                = "br-sao" [90m-> null[0m[0m
      [31m-[0m[0m locked                  = false [90m-> null[0m[0m
      [31m-[0m[0m name                    = "sm-private-cert-upg-xaa7kp-secrets-manager" [90m-> null[0m[0m
      [31m-[0m[0m onetime_credentials     = false [90m-> null[0m[0m
      [31m-[0m[0m parameters              = {
          [31m-[0m[0m "allowed_network" = "public-and-private"
        } [90m-> null[0m[0m
      [31m-[0m[0m plan                    = "trial" [90m-> null[0m[0m
      [31m-[0m[0m plan_history            = [
          [31m-[0m[0m {
              [31m-[0m[0m resource_plan_id = "869c191a-3c2a-4faf-98be-18d48f95ba1f"
              [31m-[0m[0m start_date       = "2025-06-11T09:57:37.754Z"
            },
        ] [90m-> null[0m[0m
      [31m-[0m[0m resource_aliases_url    = "/v2/resource_instances/baed06e8-99da-4120-8792-976331830db9/resource_aliases" [90m-> null[0m[0m
      [31m-[0m[0m resource_bindings_url   = "/v2/resource_instances/baed06e8-99da-4120-8792-976331830db9/resource_bindings" [90m-> null[0m[0m
      [31m-[0m[0m resource_controller_url = "https://cloud.ibm.com/services/" [90m-> null[0m[0m
      [31m-[0m[0m resource_crn            = "crn:v1:bluemix:public:secrets-manager:br-sao:a/abac0df06b644a9cabc6e44f55b3880e:baed06e8-99da-4120-8792-976331830db9::" [90m-> null[0m[0m
      [31m-[0m[0m resource_group_crn      = "crn:v1:bluemix:public:resource-controller::a/abac0df06b644a9cabc6e44f55b3880e::resource-group:292170bc79c94f5e9019e46fb48f245a" [90m-> null[0m[0m
      [31m-[0m[0m resource_group_id       = "292170bc79c94f5e9019e46fb48f245a" [90m-> null[0m[0m
      [31m-[0m[0m resource_group_name     = "crn:v1:bluemix:public:resource-controller::a/abac0df06b644a9cabc6e44f55b3880e::resource-group:292170bc79c94f5e9019e46fb48f245a" [90m-> null[0m[0m
      [31m-[0m[0m resource_id             = "ebc0cdb0-af2a-11ea-98c7-29e5db822649" [90m-> null[0m[0m
      [31m-[0m[0m resource_keys_url       = "/v2/resource_instances/baed06e8-99da-4120-8792-976331830db9/resource_keys" [90m-> null[0m[0m
      [31m-[0m[0m resource_name           = "sm-private-cert-upg-xaa7kp-secrets-manager" [90m-> null[0m[0m
      [31m-[0m[0m resource_plan_id        = "869c191a-3c2a-4faf-98be-18d48f95ba1f" [90m-> null[0m[0m
      [31m-[0m[0m resource_status         = "active" [90m-> null[0m[0m
      [31m-[0m[0m service                 = "secrets-manager" [90m-> null[0m[0m
      [31m-[0m[0m state                   = "active" [90m-> null[0m[0m
      [31m-[0m[0m status                  = "active" [90m-> null[0m[0m
      [31m-[0m[0m tags                    = [] [90m-> null[0m[0m
      [31m-[0m[0m target_crn              = "crn:v1:bluemix:public:globalcatalog::::deployment:869c191a-3c2a-4faf-98be-18d48f95ba1f%3A7647a42f" [90m-> null[0m[0m
      [31m-[0m[0m type                    = "service_instance" [90m-> null[0m[0m
      [31m-[0m[0m update_at               = "2025-06-11T10:07:17.002Z" [90m-> null[0m[0m
        [90m# (5 unchanged attributes hidden)[0m[0m

      [31m-[0m[0m timeouts {
          [31m-[0m[0m create = "30m" [90m-> null[0m[0m
        }
    }

[1m  # module.secrets_manager.time_sleep.wait_for_authorization_policy[0][0m will be [1m[31mdestroyed[0m
[0m  [31m-[0m[0m resource "time_sleep" "wait_for_authorization_policy" {
      [31m-[0m[0m create_duration = "30s" [90m-> null[0m[0m
      [31m-[0m[0m id              = "2025-06-11T09:57:34Z" [90m-> null[0m[0m
    }

[1m  # module.secrets_manager_private_certificate.ibm_sm_private_certificate.secrets_manager_private_certificate[0m will be [1m[31mdestroyed[0m
[0m  [31m-[0m[0m resource "ibm_sm_private_certificate" "secrets_manager_private_certificate" {
      [31m-[0m[0m alt_names               = [
          [31m-[0m[0m "terraform-modules.ibm.com",
        ] [90m-> null[0m[0m
      [31m-[0m[0m ca_chain                = (sensitive value) [90m-> null[0m[0m
      [31m-[0m[0m certificate             = (sensitive value) [90m-> null[0m[0m
      [31m-[0m[0m certificate_authority   = "geretain-intermediate-ca" [90m-> null[0m[0m
      [31m-[0m[0m certificate_template    = "geretain-cert-template" [90m-> null[0m[0m
      [31m-[0m[0m common_name             = "terraform-modules.ibm.com" [90m-> null[0m[0m
      [31m-[0m[0m created_at              = "2025-06-11T10:06:55Z" [90m-> null[0m[0m
      [31m-[0m[0m created_by              = "IBMid-695000L3KW" [90m-> null[0m[0m
      [31m-[0m[0m crn                     = "crn:v1:bluemix:public:secrets-manager:us-south:a/abac0df06b644a9cabc6e44f55b3880e:79c6d411-c18f-4670-b009-b0044a238667:secret:8becc282-f944-2e0f-94a0-ef65d3516c5c" [90m-> null[0m[0m
      [31m-[0m[0m custom_metadata         = {
          [31m-[0m[0m "collection_total" = "1"
          [31m-[0m[0m "collection_type"  = "application/vnd.ibm.secrets-manager.secret+json"
        } [90m-> null[0m[0m
      [31m-[0m[0m description             = "an example private cert" [90m-> null[0m[0m
      [31m-[0m[0m downloaded              = true [90m-> null[0m[0m
      [31m-[0m[0m endpoint_type           = "public" [90m-> null[0m[0m
      [31m-[0m[0m exclude_cn_from_sans    = false [90m-> null[0m[0m
      [31m-[0m[0m expiration_date         = "2026-06-10T10:07:25Z" [90m-> null[0m[0m
      [31m-[0m[0m format                  = "pem" [90m-> null[0m[0m
      [31m-[0m[0m id                      = "us-south/79c6d411-c18f-4670-b009-b0044a238667/8becc282-f944-2e0f-94a0-ef65d3516c5c" [90m-> null[0m[0m
      [31m-[0m[0m instance_id             = "79c6d411-c18f-4670-b009-b0044a238667" [90m-> null[0m[0m
      [31m-[0m[0m issuer                  = "*.cloud.ibm.com" [90m-> null[0m[0m
      [31m-[0m[0m issuing_ca              = (sensitive value) [90m-> null[0m[0m
      [31m-[0m[0m key_algorithm           = "RSA2048" [90m-> null[0m[0m
      [31m-[0m[0m labels                  = [] [90m-> null[0m[0m
      [31m-[0m[0m locks_total             = 0 [90m-> null[0m[0m
      [31m-[0m[0m name                    = "sm-private-cert-upg-xaa7kp-example-private-cert" [90m-> null[0m[0m
      [31m-[0m[0m next_rotation_date      = "2026-06-06T10:06:55Z" [90m-> null[0m[0m
      [31m-[0m[0m other_sans              = [] [90m-> null[0m[0m
      [31m-[0m[0m private_key             = (sensitive value) [90m-> null[0m[0m
      [31m-[0m[0m private_key_format      = "der" [90m-> null[0m[0m
      [31m-[0m[0m region                  = "us-south" [90m-> null[0m[0m
      [31m-[0m[0m revocation_time_seconds = 0 [90m-> null[0m[0m
      [31m-[0m[0m secret_group_id         = "4c9d77cf-c184-8670-8237-abbb27b9ce4c" [90m-> null[0m[0m
      [31m-[0m[0m secret_id               = "8becc282-f944-2e0f-94a0-ef65d3516c5c" [90m-> null[0m[0m
      [31m-[0m[0m secret_type             = "private_cert" [90m-> null[0m[0m
      [31m-[0m[0m serial_number           = "4c:be:d0:d9:e2:05:6b:8f:63:f7:95:6c:af:8d:68:f9:29:e8:b6:e3" [90m-> null[0m[0m
      [31m-[0m[0m signing_algorithm       = "SHA256-RSA" [90m-> null[0m[0m
      [31m-[0m[0m state                   = 1 [90m-> null[0m[0m
      [31m-[0m[0m state_description       = "active" [90m-> null[0m[0m
      [31m-[0m[0m ttl                     = "364d" [90m-> null[0m[0m
      [31m-[0m[0m updated_at              = "2025-06-11T10:07:25Z" [90m-> null[0m[0m
      [31m-[0m[0m validity                = [
          [31m-[0m[0m {
              [31m-[0m[0m not_after  = "2026-06-10T10:07:25.000Z"
              [31m-[0m[0m not_before = "2025-06-11T10:06:55.000Z"
            },
        ] [90m-> null[0m[0m
      [31m-[0m[0m version_custom_metadata = {} [90m-> null[0m[0m
      [31m-[0m[0m versions_total          = 1 [90m-> null[0m[0m
        [90m# (1 unchanged attribute hidden)[0m[0m

      [31m-[0m[0m rotation {
          [31m-[0m[0m auto_rotate = true [90m-> null[0m[0m
          [31m-[0m[0m interval    = 12 [90m-> null[0m[0m
          [31m-[0m[0m unit        = "month" [90m-> null[0m[0m
        }
    }

[1mPlan:[0m 0 to add, 0 to change, 6 to destroy.
[0m
Changes to Outputs:
  [31m-[0m[0m secret_crn = "crn:v1:bluemix:public:secrets-manager:us-south:a/abac0df06b644a9cabc6e44f55b3880e:79c6d411-c18f-4670-b009-b0044a238667:secret:8becc282-f944-2e0f-94a0-ef65d3516c5c" [90m-> null[0m[0m
  [31m-[0m[0m secret_id  = "8becc282-f944-2e0f-94a0-ef65d3516c5c" [90m-> null[0m[0m
[0m[1mmodule.secrets_manager.ibm_iam_authorization_policy.iam_groups_policy[0]: Destroying... [id=5633596d-3705-411c-8250-29c94ab31791][0m[0m
[0m[1mmodule.secrets_manager.ibm_iam_authorization_policy.iam_identity_policy[0]: Destroying... [id=9f6c3bb2-2a8b-46bc-b3f8-2025b6fae486][0m[0m
[0m[1mmodule.secrets_manager_private_certificate.ibm_sm_private_certificate.secrets_manager_private_certificate: Destroying... [id=us-south/79c6d411-c18f-4670-b009-b0044a238667/8becc282-f944-2e0f-94a0-ef65d3516c5c][0m[0m
[0m[1mmodule.secrets_manager.ibm_iam_authorization_policy.iam_groups_policy[0]: Destruction complete after 1s[0m
[0m[1mmodule.secrets_manager.ibm_iam_authorization_policy.iam_identity_policy[0]: Destruction complete after 1s[0m
[0m[1mmodule.secrets_manager_private_certificate.ibm_sm_private_certificate.secrets_manager_private_certificate: Destruction complete after 2s[0m
[0m[1mibm_sm_secret_group.secret_group: Destroying... [id=us-south/79c6d411-c18f-4670-b009-b0044a238667/4c9d77cf-c184-8670-8237-abbb27b9ce4c][0m[0m
[0m[1mibm_sm_secret_group.secret_group: Destruction complete after 2s[0m
[0m[1mmodule.secrets_manager.ibm_resource_instance.secrets_manager_instance[0]: Destroying... [id=crn:v1:bluemix:public:secrets-manager:br-sao:a/abac0df06b644a9cabc6e44f55b3880e:baed06e8-99da-4120-8792-976331830db9::][0m[0m
[0m[1mmodule.secrets_manager.ibm_resource_instance.secrets_manager_instance[0]: Still destroying... [id=crn:v1:bluemix:public:secrets-manager:b...baed06e8-99da-4120-8792-976331830db9::, 00m10s elapsed][0m[0m
[0m[1mmodule.secrets_manager.ibm_resource_instance.secrets_manager_instance[0]: Destruction complete after 13s[0m
[0m[1mmodule.secrets_manager.time_sleep.wait_for_authorization_policy[0]: Destroying... [id=2025-06-11T09:57:34Z][0m[0m
[0m[1mmodule.secrets_manager.time_sleep.wait_for_authorization_policy[0]: Destruction complete after 0s[0m
[0m[1m[32m
Destroy complete! Resources: 6 destroyed.
[0m
TestRunUpgradeExample 2025-06-11T15:38:54+05:30 tests.go:266: END: Destroy
TestRunUpgradeExample 2025-06-11T15:38:54+05:30 tests.go:384: Restoring UseTerraformWorkspace and WorkspacePath to original values: false 
--- PASS: TestRunUpgradeExample (788.39s)
=== NAME  TestPrivateInSchematics
    schematics.go:557: [SCHEMATICS] ... still waiting for job APPLY to complete: 10 minutes
    schematics.go:566: [SCHEMATICS] The status of job APPLY is: COMPLETED
    tests.go:245: [SCHEMATICS] Starting CONSISTENCY PLAN job ...
    schematics.go:557: [SCHEMATICS] ... still waiting for job PLAN to complete: 1 minutes
    schematics.go:557: [SCHEMATICS] ... still waiting for job PLAN to complete: 2 minutes
    schematics.go:566: [SCHEMATICS] The status of job PLAN is: COMPLETED
    tests.go:430: [SCHEMATICS] Starting DESTROY job ...
    schematics.go:557: [SCHEMATICS] ... still waiting for job DESTROY to complete: 1 minutes
    schematics.go:557: [SCHEMATICS] ... still waiting for job DESTROY to complete: 2 minutes
    schematics.go:566: [SCHEMATICS] The status of job DESTROY is: COMPLETED
    tests.go:457: [SCHEMATICS] Deleting Workspace
--- PASS: TestPrivateInSchematics (1089.85s)
FAIL
exit status 1
FAIL	github.com/terraform-ibm-modules/terraform-ibm-secrets-manager-private-cert	1090.465s
